PODS:
  - GTAppLinks (1.0.3)
  - MBProgressHUD (1.0.0)
  - OpenSSL-Universal (1.0.1.20)

DEPENDENCIES:
  - GTAppLinks (from `https://github.com/ecnepsnai/GTAppLinks.git`, branch `master`)
  - MBProgressHUD
  - OpenSSL-Universal (= 1.0.1.20)

EXTERNAL SOURCES:
  GTAppLinks:
    :branch: master
    :git: https://github.com/ecnepsnai/GTAppLinks.git

CHECKOUT OPTIONS:
  GTAppLinks:
    :commit: 7eac120bd8cdcc497c058e9504e4d1e7d26b9e61
    :git: https://github.com/ecnepsnai/GTAppLinks.git

SPEC CHECKSUMS:
  GTAppLinks: 240d3988c027f2aebfefccb031b34c64cfd17b4a
  MBProgressHUD: 4890f671c94e8a0f3cf959aa731e9de2f036d71a
  OpenSSL-Universal: 71f2c4b2ae758e2218090f905e95ca0ac5c01be7

PODFILE CHECKSUM: 6b1c3eea930c6ca589eac49c74f90f7405131473

COCOAPODS: 1.2.0
