PODS:
  - MBProgressHUD (1.0.0)
  - OpenSSL-Universal (1.0.1.18)

DEPENDENCIES:
  - MBProgressHUD
  - OpenSSL-Universal (= 1.0.1.18)

SPEC CHECKSUMS:
  MBProgressHUD: 4890f671c94e8a0f3cf959aa731e9de2f036d71a
  OpenSSL-Universal: 79fd751a7b4db41f5b430e767c9bbf681b5c8330

PODFILE CHECKSUM: f1faa1e6fe1d81ae0f201842b43fabd100ca1388

COCOAPODS: 1.2.0.beta.3
