PODS:
  - OpenSSL-Universal (1.0.1.18)
  - SSKeychain (1.4.0)

DEPENDENCIES:
  - OpenSSL-Universal
  - SSKeychain

SPEC CHECKSUMS:
  OpenSSL-Universal: 79fd751a7b4db41f5b430e767c9bbf681b5c8330
  SSKeychain: c71293fa57216a40ab06c23f4085387583293de4

PODFILE CHECKSUM: 2ab22306b1c53ed47c3b4d028b4f8b1d3ef8a62d

COCOAPODS: 1.0.1
