// !$*UTF8*$!
{
	archiveVersion = 1;
	classes = {
	};
	objectVersion = 77;
	objects = {

/* Begin PBXBuildFile section */
		3C4E8A1F2EBA7B9D00433307 /* Localization in Frameworks */ = {isa = PBXBuildFile; productRef = 3C4E8A1E2EBA7B9D00433307 /* Localization */; };
		3C4E8A212EBA7BA500433307 /* Localization in Frameworks */ = {isa = PBXBuildFile; productRef = 3C4E8A202EBA7BA500433307 /* Localization */; };
		3C8742E22EB4524200154664 /* UniformTypeIdentifiers.framework in Frameworks */ = {isa = PBXBuildFile; fileRef = 3C8742E12EB4524200154664 /* UniformTypeIdentifiers.framework */; };
		3C8742EE2EB4524200154664 /* inspect-website.appex in Embed Foundation Extensions */ = {isa = PBXBuildFile; fileRef = 3C8742E02EB4524200154664 /* inspect-website.appex */; settings = {ATTRIBUTES = (RemoveHeadersOnCopy, ); }; };
		3C8744E32EB46EA100154664 /* TLSUI in Frameworks */ = {isa = PBXBuildFile; productRef = 3C8744E22EB46EA100154664 /* TLSUI */; };
		3C8745E12EB55EAC00154664 /* TLSKit in Frameworks */ = {isa = PBXBuildFile; productRef = 3C8745E02EB55EAC00154664 /* TLSKit */; };
		3C8745E32EB55EAC00154664 /* TLSUI in Frameworks */ = {isa = PBXBuildFile; productRef = 3C8745E22EB55EAC00154664 /* TLSUI */; };
		3CC954572CA9EC6200C3AEF8 /* TLSKit in Frameworks */ = {isa = PBXBuildFile; productRef = 3CC954562CA9EC6200C3AEF8 /* TLSKit */; };
/* End PBXBuildFile section */

/* Begin PBXContainerItemProxy section */
		3C8742EC2EB4524200154664 /* PBXContainerItemProxy */ = {
			isa = PBXContainerItemProxy;
			containerPortal = 3CC9543C2CA9EC4200C3AEF8 /* Project object */;
			proxyType = 1;
			remoteGlobalIDString = 3C8742DF2EB4524200154664;
			remoteInfo = "inspect-website";
		};
/* End PBXContainerItemProxy section */

/* Begin PBXCopyFilesBuildPhase section */
		3C6272F32E75228F00EAB12D /* Embed Foundation Extensions */ = {
			isa = PBXCopyFilesBuildPhase;
			buildActionMask = 2147483647;
			dstPath = "";
			dstSubfolderSpec = 13;
			files = (
				3C8742EE2EB4524200154664 /* inspect-website.appex in Embed Foundation Extensions */,
			);
			name = "Embed Foundation Extensions";
			runOnlyForDeploymentPostprocessing = 0;
		};
/* End PBXCopyFilesBuildPhase section */

/* Begin PBXFileReference section */
		3C0485542E724E0400DCA9F4 /* libresolv.9.tbd */ = {isa = PBXFileReference; lastKnownFileType = "sourcecode.text-based-dylib-definition"; name = libresolv.9.tbd; path = usr/lib/libresolv.9.tbd; sourceTree = SDKROOT; };
		3C8742E02EB4524200154664 /* inspect-website.appex */ = {isa = PBXFileReference; explicitFileType = "wrapper.app-extension"; includeInIndex = 0; path = "inspect-website.appex"; sourceTree = BUILT_PRODUCTS_DIR; };
		3C8742E12EB4524200154664 /* UniformTypeIdentifiers.framework */ = {isa = PBXFileReference; lastKnownFileType = wrapper.framework; name = UniformTypeIdentifiers.framework; path = System/Library/Frameworks/UniformTypeIdentifiers.framework; sourceTree = SDKROOT; };
		3CC954442CA9EC4200C3AEF8 /* tls-inspector.app */ = {isa = PBXFileReference; explicitFileType = wrapper.application; includeInIndex = 0; path = "tls-inspector.app"; sourceTree = BUILT_PRODUCTS_DIR; };
/* End PBXFileReference section */

/* Begin PBXFileSystemSynchronizedBuildFileExceptionSet section */
		3C8742F22EB4524200154664 /* Exceptions for "inspect-website" folder in "inspect-website" target */ = {
			isa = PBXFileSystemSynchronizedBuildFileExceptionSet;
			membershipExceptions = (
				Info.plist,
			);
			target = 3C8742DF2EB4524200154664 /* inspect-website */;
		};
		3CFEA3B32EFF3B550065BBCA /* Exceptions for "tls-inspector" folder in "tls-inspector" target */ = {
			isa = PBXFileSystemSynchronizedBuildFileExceptionSet;
			membershipExceptions = (
				Info.plist,
			);
			target = 3CC954432CA9EC4200C3AEF8 /* tls-inspector */;
		};
/* End PBXFileSystemSynchronizedBuildFileExceptionSet section */

/* Begin PBXFileSystemSynchronizedRootGroup section */
		3C8742E32EB4524200154664 /* inspect-website */ = {
			isa = PBXFileSystemSynchronizedRootGroup;
			exceptions = (
				3C8742F22EB4524200154664 /* Exceptions for "inspect-website" folder in "inspect-website" target */,
			);
			path = "inspect-website";
			sourceTree = "<group>";
		};
		3CC954462CA9EC4200C3AEF8 /* tls-inspector */ = {
			isa = PBXFileSystemSynchronizedRootGroup;
			exceptions = (
				3CFEA3B32EFF3B550065BBCA /* Exceptions for "tls-inspector" folder in "tls-inspector" target */,
			);
			path = "tls-inspector";
			sourceTree = "<group>";
		};
/* End PBXFileSystemSynchronizedRootGroup section */

/* Begin PBXFrameworksBuildPhase section */
		3C8742DD2EB4524200154664 /* Frameworks */ = {
			isa = PBXFrameworksBuildPhase;
			buildActionMask = 2147483647;
			files = (
				3C8745E32EB55EAC00154664 /* TLSUI in Frameworks */,
				3C4E8A212EBA7BA500433307 /* Localization in Frameworks */,
				3C8742E22EB4524200154664 /* UniformTypeIdentifiers.framework in Frameworks */,
				3C8745E12EB55EAC00154664 /* TLSKit in Frameworks */,
			);
			runOnlyForDeploymentPostprocessing = 0;
		};
		3CC954412CA9EC4200C3AEF8 /* Frameworks */ = {
			isa = PBXFrameworksBuildPhase;
			buildActionMask = 2147483647;
			files = (
				3C8744E32EB46EA100154664 /* TLSUI in Frameworks */,
				3CC954572CA9EC6200C3AEF8 /* TLSKit in Frameworks */,
				3C4E8A1F2EBA7B9D00433307 /* Localization in Frameworks */,
			);
			runOnlyForDeploymentPostprocessing = 0;
		};
/* End PBXFrameworksBuildPhase section */

/* Begin PBXGroup section */
		3C2CE6402CAA28F00075B2BA /* Frameworks */ = {
			isa = PBXGroup;
			children = (
				3C0485542E724E0400DCA9F4 /* libresolv.9.tbd */,
				3C8742E12EB4524200154664 /* UniformTypeIdentifiers.framework */,
			);
			name = Frameworks;
			sourceTree = "<group>";
		};
		3CC9543B2CA9EC4200C3AEF8 = {
			isa = PBXGroup;
			children = (
				3CC954462CA9EC4200C3AEF8 /* tls-inspector */,
				3C8742E32EB4524200154664 /* inspect-website */,
				3C2CE6402CAA28F00075B2BA /* Frameworks */,
				3CC954452CA9EC4200C3AEF8 /* Products */,
			);
			sourceTree = "<group>";
		};
		3CC954452CA9EC4200C3AEF8 /* Products */ = {
			isa = PBXGroup;
			children = (
				3CC954442CA9EC4200C3AEF8 /* tls-inspector.app */,
				3C8742E02EB4524200154664 /* inspect-website.appex */,
			);
			name = Products;
			sourceTree = "<group>";
		};
/* End PBXGroup section */

/* Begin PBXNativeTarget section */
		3C8742DF2EB4524200154664 /* inspect-website */ = {
			isa = PBXNativeTarget;
			buildConfigurationList = 3C8742EF2EB4524200154664 /* Build configuration list for PBXNativeTarget "inspect-website" */;
			buildPhases = (
				3C8742DC2EB4524200154664 /* Sources */,
				3C8742DD2EB4524200154664 /* Frameworks */,
				3C8742DE2EB4524200154664 /* Resources */,
			);
			buildRules = (
			);
			dependencies = (
			);
			fileSystemSynchronizedGroups = (
				3C8742E32EB4524200154664 /* inspect-website */,
			);
			name = "inspect-website";
			packageProductDependencies = (
				3C8745E02EB55EAC00154664 /* TLSKit */,
				3C8745E22EB55EAC00154664 /* TLSUI */,
				3C4E8A202EBA7BA500433307 /* Localization */,
			);
			productName = "inspect-website";
			productReference = 3C8742E02EB4524200154664 /* inspect-website.appex */;
			productType = "com.apple.product-type.app-extension";
		};
		3CC954432CA9EC4200C3AEF8 /* tls-inspector */ = {
			isa = PBXNativeTarget;
			buildConfigurationList = 3CC954522CA9EC4300C3AEF8 /* Build configuration list for PBXNativeTarget "tls-inspector" */;
			buildPhases = (
				3C5941DF2CC9B02900056AC3 /* SwiftLint */,
				3CC954402CA9EC4200C3AEF8 /* Sources */,
				3CC954412CA9EC4200C3AEF8 /* Frameworks */,
				3CC954422CA9EC4200C3AEF8 /* Resources */,
				3C6272F32E75228F00EAB12D /* Embed Foundation Extensions */,
			);
			buildRules = (
			);
			dependencies = (
				3C8742ED2EB4524200154664 /* PBXTargetDependency */,
			);
			fileSystemSynchronizedGroups = (
				3CC954462CA9EC4200C3AEF8 /* tls-inspector */,
			);
			name = "tls-inspector";
			packageProductDependencies = (
				3CC954562CA9EC6200C3AEF8 /* TLSKit */,
				3C8744E22EB46EA100154664 /* TLSUI */,
				3C4E8A1E2EBA7B9D00433307 /* Localization */,
			);
			productName = "tls-inspector";
			productReference = 3CC954442CA9EC4200C3AEF8 /* tls-inspector.app */;
			productType = "com.apple.product-type.application";
		};
/* End PBXNativeTarget section */

/* Begin PBXProject section */
		3CC9543C2CA9EC4200C3AEF8 /* Project object */ = {
			isa = PBXProject;
			attributes = {
				BuildIndependentTargetsInParallel = 1;
				LastSwiftUpdateCheck = 2600;
				LastUpgradeCheck = 2630;
				TargetAttributes = {
					3C8742DF2EB4524200154664 = {
						CreatedOnToolsVersion = 26.0;
					};
					3CC954432CA9EC4200C3AEF8 = {
						CreatedOnToolsVersion = 16.0;
					};
				};
			};
			buildConfigurationList = 3CC9543F2CA9EC4200C3AEF8 /* Build configuration list for PBXProject "tls-inspector" */;
			developmentRegion = en;
			hasScannedForEncodings = 0;
			knownRegions = (
				en,
				Base,
			);
			mainGroup = 3CC9543B2CA9EC4200C3AEF8;
			minimizedProjectReferenceProxies = 1;
			packageReferences = (
				3CC954552CA9EC6200C3AEF8 /* XCLocalSwiftPackageReference "tlskit" */,
				3C8744412EB46BFD00154664 /* XCLocalSwiftPackageReference "tlsui" */,
			);
			preferredProjectObjectVersion = 77;
			productRefGroup = 3CC954452CA9EC4200C3AEF8 /* Products */;
			projectDirPath = "";
			projectRoot = "";
			targets = (
				3CC954432CA9EC4200C3AEF8 /* tls-inspector */,
				3C8742DF2EB4524200154664 /* inspect-website */,
			);
		};
/* End PBXProject section */

/* Begin PBXResourcesBuildPhase section */
		3C8742DE2EB4524200154664 /* Resources */ = {
			isa = PBXResourcesBuildPhase;
			buildActionMask = 2147483647;
			files = (
			);
			runOnlyForDeploymentPostprocessing = 0;
		};
		3CC954422CA9EC4200C3AEF8 /* Resources */ = {
			isa = PBXResourcesBuildPhase;
			buildActionMask = 2147483647;
			files = (
			);
			runOnlyForDeploymentPostprocessing = 0;
		};
/* End PBXResourcesBuildPhase section */

/* Begin PBXShellScriptBuildPhase section */
		3C5941DF2CC9B02900056AC3 /* SwiftLint */ = {
			isa = PBXShellScriptBuildPhase;
			alwaysOutOfDate = 1;
			buildActionMask = 2147483647;
			files = (
			);
			inputFileListPaths = (
			);
			inputPaths = (
			);
			name = SwiftLint;
			outputFileListPaths = (
			);
			outputPaths = (
			);
			runOnlyForDeploymentPostprocessing = 0;
			shellPath = /bin/sh;
			shellScript = "export PATH=\"$PATH:/opt/homebrew/bin\"\nif which swiftlint > /dev/null; then\n  swiftlint\nelse\n  echo \"warning: SwiftLint not installed, download from https://github.com/realm/SwiftLint\"\nfi\n";
		};
/* End PBXShellScriptBuildPhase section */

/* Begin PBXSourcesBuildPhase section */
		3C8742DC2EB4524200154664 /* Sources */ = {
			isa = PBXSourcesBuildPhase;
			buildActionMask = 2147483647;
			files = (
			);
			runOnlyForDeploymentPostprocessing = 0;
		};
		3CC954402CA9EC4200C3AEF8 /* Sources */ = {
			isa = PBXSourcesBuildPhase;
			buildActionMask = 2147483647;
			files = (
			);
			runOnlyForDeploymentPostprocessing = 0;
		};
/* End PBXSourcesBuildPhase section */

/* Begin PBXTargetDependency section */
		3C8742ED2EB4524200154664 /* PBXTargetDependency */ = {
			isa = PBXTargetDependency;
			target = 3C8742DF2EB4524200154664 /* inspect-website */;
			targetProxy = 3C8742EC2EB4524200154664 /* PBXContainerItemProxy */;
		};
/* End PBXTargetDependency section */

/* Begin XCBuildConfiguration section */
		3C8742F02EB4524200154664 /* Debug */ = {
			isa = XCBuildConfiguration;
			buildSettings = {
				ASSETCATALOG_COMPILER_APPICON_NAME = AppIcon;
				CODE_SIGN_ENTITLEMENTS = "inspect-website/inspect-website.entitlements";
				"CODE_SIGN_IDENTITY[sdk=iphoneos*]" = "iPhone Developer";
				CODE_SIGN_STYLE = Manual;
				CURRENT_PROJECT_VERSION = 149;
				DEVELOPMENT_TEAM = "";
				"DEVELOPMENT_TEAM[sdk=iphoneos*]" = WCW84NC7Y8;
				ENABLE_USER_SCRIPT_SANDBOXING = YES;
				GENERATE_INFOPLIST_FILE = YES;
				INFOPLIST_FILE = "inspect-website/Info.plist";
				INFOPLIST_KEY_CFBundleDisplayName = "View Certificate";
				INFOPLIST_KEY_NSHumanReadableCopyright = "";
				IPHONEOS_DEPLOYMENT_TARGET = 15.0;
				LD_RUNPATH_SEARCH_PATHS = (
					"$(inherited)",
					"@executable_path/Frameworks",
					"@executable_path/../../Frameworks",
				);
				MARKETING_VERSION = 3.0.0;
				PRODUCT_BUNDLE_IDENTIFIER = "com.ecnepsnai.Certificate-Inspector.Inspect-Website";
				PRODUCT_NAME = "$(TARGET_NAME)";
				PROVISIONING_PROFILE_SPECIFIER = "";
				"PROVISIONING_PROFILE_SPECIFIER[sdk=iphoneos*]" = "Inspect Website (Development)";
				SKIP_INSTALL = YES;
				STRING_CATALOG_GENERATE_SYMBOLS = YES;
				SUPPORTED_PLATFORMS = "iphoneos iphonesimulator";
				SUPPORTS_MACCATALYST = NO;
				SUPPORTS_XR_DESIGNED_FOR_IPHONE_IPAD = NO;
				SWIFT_APPROACHABLE_CONCURRENCY = YES;
				SWIFT_EMIT_LOC_STRINGS = YES;
				SWIFT_UPCOMING_FEATURE_MEMBER_IMPORT_VISIBILITY = YES;
				SWIFT_VERSION = 5.0;
				TARGETED_DEVICE_FAMILY = "1,2";
			};
			name = Debug;
		};
		3C8742F12EB4524200154664 /* Release */ = {
			isa = XCBuildConfiguration;
			buildSettings = {
				ASSETCATALOG_COMPILER_APPICON_NAME = AppIcon;
				CODE_SIGN_ENTITLEMENTS = "inspect-website/inspect-website.entitlements";
				"CODE_SIGN_IDENTITY[sdk=iphoneos*]" = "iPhone Distribution";
				CODE_SIGN_STYLE = Manual;
				CURRENT_PROJECT_VERSION = 149;
				DEVELOPMENT_TEAM = "";
				"DEVELOPMENT_TEAM[sdk=iphoneos*]" = WCW84NC7Y8;
				ENABLE_USER_SCRIPT_SANDBOXING = YES;
				GENERATE_INFOPLIST_FILE = YES;
				INFOPLIST_FILE = "inspect-website/Info.plist";
				INFOPLIST_KEY_CFBundleDisplayName = "View Certificate";
				INFOPLIST_KEY_NSHumanReadableCopyright = "";
				IPHONEOS_DEPLOYMENT_TARGET = 15.0;
				LD_RUNPATH_SEARCH_PATHS = (
					"$(inherited)",
					"@executable_path/Frameworks",
					"@executable_path/../../Frameworks",
				);
				MARKETING_VERSION = 3.0.0;
				PRODUCT_BUNDLE_IDENTIFIER = "com.ecnepsnai.Certificate-Inspector.Inspect-Website";
				PRODUCT_NAME = "$(TARGET_NAME)";
				PROVISIONING_PROFILE_SPECIFIER = "";
				"PROVISIONING_PROFILE_SPECIFIER[sdk=iphoneos*]" = "Inspect Website (Distribution)";
				SKIP_INSTALL = YES;
				STRING_CATALOG_GENERATE_SYMBOLS = YES;
				SUPPORTED_PLATFORMS = "iphoneos iphonesimulator";
				SUPPORTS_MACCATALYST = NO;
				SUPPORTS_XR_DESIGNED_FOR_IPHONE_IPAD = NO;
				SWIFT_APPROACHABLE_CONCURRENCY = YES;
				SWIFT_EMIT_LOC_STRINGS = YES;
				SWIFT_UPCOMING_FEATURE_MEMBER_IMPORT_VISIBILITY = YES;
				SWIFT_VERSION = 5.0;
				TARGETED_DEVICE_FAMILY = "1,2";
			};
			name = Release;
		};
		3CC954502CA9EC4300C3AEF8 /* Debug */ = {
			isa = XCBuildConfiguration;
			buildSettings = {
				ALWAYS_SEARCH_USER_PATHS = NO;
				ASSETCATALOG_COMPILER_GENERATE_SWIFT_ASSET_SYMBOL_EXTENSIONS = YES;
				CLANG_ANALYZER_NONNULL = YES;
				CLANG_ANALYZER_NUMBER_OBJECT_CONVERSION = YES_AGGRESSIVE;
				CLANG_CXX_LANGUAGE_STANDARD = "gnu++20";
				CLANG_ENABLE_MODULES = YES;
				CLANG_ENABLE_OBJC_ARC = YES;
				CLANG_ENABLE_OBJC_WEAK = YES;
				CLANG_WARN_BLOCK_CAPTURE_AUTORELEASING = YES;
				CLANG_WARN_BOOL_CONVERSION = YES;
				CLANG_WARN_COMMA = YES;
				CLANG_WARN_CONSTANT_CONVERSION = YES;
				CLANG_WARN_DEPRECATED_OBJC_IMPLEMENTATIONS = YES;
				CLANG_WARN_DIRECT_OBJC_ISA_USAGE = YES_ERROR;
				CLANG_WARN_DOCUMENTATION_COMMENTS = YES;
				CLANG_WARN_EMPTY_BODY = YES;
				CLANG_WARN_ENUM_CONVERSION = YES;
				CLANG_WARN_INFINITE_RECURSION = YES;
				CLANG_WARN_INT_CONVERSION = YES;
				CLANG_WARN_NON_LITERAL_NULL_CONVERSION = YES;
				CLANG_WARN_OBJC_IMPLICIT_RETAIN_SELF = YES;
				CLANG_WARN_OBJC_LITERAL_CONVERSION = YES;
				CLANG_WARN_OBJC_ROOT_CLASS = YES_ERROR;
				CLANG_WARN_QUOTED_INCLUDE_IN_FRAMEWORK_HEADER = YES;
				CLANG_WARN_RANGE_LOOP_ANALYSIS = YES;
				CLANG_WARN_STRICT_PROTOTYPES = YES;
				CLANG_WARN_SUSPICIOUS_MOVE = YES;
				CLANG_WARN_UNGUARDED_AVAILABILITY = YES_AGGRESSIVE;
				CLANG_WARN_UNREACHABLE_CODE = YES;
				CLANG_WARN__DUPLICATE_METHOD_MATCH = YES;
				COPY_PHASE_STRIP = NO;
				DEBUG_INFORMATION_FORMAT = dwarf;
				DEVELOPMENT_TEAM = WCW84NC7Y8;
				ENABLE_STRICT_OBJC_MSGSEND = YES;
				ENABLE_TESTABILITY = YES;
				ENABLE_USER_SCRIPT_SANDBOXING = NO;
				GCC_C_LANGUAGE_STANDARD = gnu17;
				GCC_DYNAMIC_NO_PIC = NO;
				GCC_NO_COMMON_BLOCKS = YES;
				GCC_OPTIMIZATION_LEVEL = 0;
				GCC_PREPROCESSOR_DEFINITIONS = (
					"DEBUG=1",
					"$(inherited)",
				);
				GCC_WARN_64_TO_32_BIT_CONVERSION = YES;
				GCC_WARN_ABOUT_RETURN_TYPE = YES_ERROR;
				GCC_WARN_UNDECLARED_SELECTOR = YES;
				GCC_WARN_UNINITIALIZED_AUTOS = YES_AGGRESSIVE;
				GCC_WARN_UNUSED_FUNCTION = YES;
				GCC_WARN_UNUSED_VARIABLE = YES;
				IPHONEOS_DEPLOYMENT_TARGET = 18.0;
				LOCALIZATION_PREFERS_STRING_CATALOGS = YES;
				MTL_ENABLE_DEBUG_INFO = INCLUDE_SOURCE;
				MTL_FAST_MATH = YES;
				ONLY_ACTIVE_ARCH = YES;
				SDKROOT = iphoneos;
				STRING_CATALOG_GENERATE_SYMBOLS = YES;
				SWIFT_ACTIVE_COMPILATION_CONDITIONS = "DEBUG $(inherited)";
				SWIFT_OPTIMIZATION_LEVEL = "-Onone";
				SWIFT_VERSION = 6.0;
			};
			name = Debug;
		};
		3CC954512CA9EC4300C3AEF8 /* Release */ = {
			isa = XCBuildConfiguration;
			buildSettings = {
				ALWAYS_SEARCH_USER_PATHS = NO;
				ASSETCATALOG_COMPILER_GENERATE_SWIFT_ASSET_SYMBOL_EXTENSIONS = YES;
				CLANG_ANALYZER_NONNULL = YES;
				CLANG_ANALYZER_NUMBER_OBJECT_CONVERSION = YES_AGGRESSIVE;
				CLANG_CXX_LANGUAGE_STANDARD = "gnu++20";
				CLANG_ENABLE_MODULES = YES;
				CLANG_ENABLE_OBJC_ARC = YES;
				CLANG_ENABLE_OBJC_WEAK = YES;
				CLANG_WARN_BLOCK_CAPTURE_AUTORELEASING = YES;
				CLANG_WARN_BOOL_CONVERSION = YES;
				CLANG_WARN_COMMA = YES;
				CLANG_WARN_CONSTANT_CONVERSION = YES;
				CLANG_WARN_DEPRECATED_OBJC_IMPLEMENTATIONS = YES;
				CLANG_WARN_DIRECT_OBJC_ISA_USAGE = YES_ERROR;
				CLANG_WARN_DOCUMENTATION_COMMENTS = YES;
				CLANG_WARN_EMPTY_BODY = YES;
				CLANG_WARN_ENUM_CONVERSION = YES;
				CLANG_WARN_INFINITE_RECURSION = YES;
				CLANG_WARN_INT_CONVERSION = YES;
				CLANG_WARN_NON_LITERAL_NULL_CONVERSION = YES;
				CLANG_WARN_OBJC_IMPLICIT_RETAIN_SELF = YES;
				CLANG_WARN_OBJC_LITERAL_CONVERSION = YES;
				CLANG_WARN_OBJC_ROOT_CLASS = YES_ERROR;
				CLANG_WARN_QUOTED_INCLUDE_IN_FRAMEWORK_HEADER = YES;
				CLANG_WARN_RANGE_LOOP_ANALYSIS = YES;
				CLANG_WARN_STRICT_PROTOTYPES = YES;
				CLANG_WARN_SUSPICIOUS_MOVE = YES;
				CLANG_WARN_UNGUARDED_AVAILABILITY = YES_AGGRESSIVE;
				CLANG_WARN_UNREACHABLE_CODE = YES;
				CLANG_WARN__DUPLICATE_METHOD_MATCH = YES;
				COPY_PHASE_STRIP = NO;
				DEBUG_INFORMATION_FORMAT = "dwarf-with-dsym";
				DEVELOPMENT_TEAM = WCW84NC7Y8;
				ENABLE_NS_ASSERTIONS = NO;
				ENABLE_STRICT_OBJC_MSGSEND = YES;
				ENABLE_USER_SCRIPT_SANDBOXING = NO;
				GCC_C_LANGUAGE_STANDARD = gnu17;
				GCC_NO_COMMON_BLOCKS = YES;
				GCC_WARN_64_TO_32_BIT_CONVERSION = YES;
				GCC_WARN_ABOUT_RETURN_TYPE = YES_ERROR;
				GCC_WARN_UNDECLARED_SELECTOR = YES;
				GCC_WARN_UNINITIALIZED_AUTOS = YES_AGGRESSIVE;
				GCC_WARN_UNUSED_FUNCTION = YES;
				GCC_WARN_UNUSED_VARIABLE = YES;
				IPHONEOS_DEPLOYMENT_TARGET = 18.0;
				LOCALIZATION_PREFERS_STRING_CATALOGS = YES;
				MTL_ENABLE_DEBUG_INFO = NO;
				MTL_FAST_MATH = YES;
				SDKROOT = iphoneos;
				STRING_CATALOG_GENERATE_SYMBOLS = YES;
				SWIFT_COMPILATION_MODE = wholemodule;
				SWIFT_VERSION = 6.0;
				VALIDATE_PRODUCT = YES;
			};
			name = Release;
		};
		3CC954532CA9EC4300C3AEF8 /* Debug */ = {
			isa = XCBuildConfiguration;
			buildSettings = {
				ASSETCATALOG_COMPILER_APPICON_NAME = IconDefault;
				ASSETCATALOG_COMPILER_GLOBAL_ACCENT_COLOR_NAME = AccentColor;
				ASSETCATALOG_COMPILER_INCLUDE_ALL_APPICON_ASSETS = YES;
				CODE_SIGN_ENTITLEMENTS = "tls-inspector/tls-inspector.entitlements";
				"CODE_SIGN_IDENTITY[sdk=iphoneos*]" = "iPhone Developer";
				CODE_SIGN_STYLE = Manual;
				CURRENT_PROJECT_VERSION = 149;
				DEVELOPMENT_TEAM = "";
				"DEVELOPMENT_TEAM[sdk=iphoneos*]" = WCW84NC7Y8;
				ENABLE_PREVIEWS = YES;
				GENERATE_INFOPLIST_FILE = YES;
				INFOPLIST_FILE = "tls-inspector/Info.plist";
				INFOPLIST_KEY_CFBundleDisplayName = "TLS Inspector";
				INFOPLIST_KEY_ITSAppUsesNonExemptEncryption = NO;
				INFOPLIST_KEY_LSApplicationCategoryType = "public.app-category.utilities";
				INFOPLIST_KEY_NSRemindersUsageDescription = "TLS Inspector can add reminders about upcoming certificate expiration dates.";
				INFOPLIST_KEY_UIApplicationSceneManifest_Generation = YES;
				INFOPLIST_KEY_UIApplicationSupportsIndirectInputEvents = YES;
				INFOPLIST_KEY_UILaunchScreen_Generation = YES;
				INFOPLIST_KEY_UISupportedInterfaceOrientations_iPad = "UIInterfaceOrientationPortrait UIInterfaceOrientationPortraitUpsideDown UIInterfaceOrientationLandscapeLeft UIInterfaceOrientationLandscapeRight";
				INFOPLIST_KEY_UISupportedInterfaceOrientations_iPhone = "UIInterfaceOrientationPortrait UIInterfaceOrientationLandscapeLeft UIInterfaceOrientationLandscapeRight";
				IPHONEOS_DEPLOYMENT_TARGET = 15.0;
				LD_RUNPATH_SEARCH_PATHS = (
					"$(inherited)",
					"@executable_path/Frameworks",
				);
				MARKETING_VERSION = 3.0.0;
				PRODUCT_BUNDLE_IDENTIFIER = "com.ecnepsnai.Certificate-Inspector";
				PRODUCT_NAME = "$(TARGET_NAME)";
				PROVISIONING_PROFILE_SPECIFIER = "";
				"PROVISIONING_PROFILE_SPECIFIER[sdk=iphoneos*]" = "TLS Inspector (Development)";
				SUPPORTED_PLATFORMS = "iphoneos iphonesimulator";
				SUPPORTS_MACCATALYST = NO;
				SUPPORTS_XR_DESIGNED_FOR_IPHONE_IPAD = NO;
				SWIFT_EMIT_LOC_STRINGS = YES;
				TARGETED_DEVICE_FAMILY = "1,2";
			};
			name = Debug;
		};
		3CC954542CA9EC4300C3AEF8 /* Release */ = {
			isa = XCBuildConfiguration;
			buildSettings = {
				ASSETCATALOG_COMPILER_APPICON_NAME = IconDefault;
				ASSETCATALOG_COMPILER_GLOBAL_ACCENT_COLOR_NAME = AccentColor;
				ASSETCATALOG_COMPILER_INCLUDE_ALL_APPICON_ASSETS = YES;
				CODE_SIGN_ENTITLEMENTS = "tls-inspector/tls-inspector.entitlements";
				"CODE_SIGN_IDENTITY[sdk=iphoneos*]" = "iPhone Distribution";
				CODE_SIGN_STYLE = Manual;
				CURRENT_PROJECT_VERSION = 149;
				DEVELOPMENT_TEAM = "";
				"DEVELOPMENT_TEAM[sdk=iphoneos*]" = WCW84NC7Y8;
				ENABLE_PREVIEWS = YES;
				GENERATE_INFOPLIST_FILE = YES;
				INFOPLIST_FILE = "tls-inspector/Info.plist";
				INFOPLIST_KEY_CFBundleDisplayName = "TLS Inspector";
				INFOPLIST_KEY_ITSAppUsesNonExemptEncryption = NO;
				INFOPLIST_KEY_LSApplicationCategoryType = "public.app-category.utilities";
				INFOPLIST_KEY_NSRemindersUsageDescription = "TLS Inspector can add reminders about upcoming certificate expiration dates.";
				INFOPLIST_KEY_UIApplicationSceneManifest_Generation = YES;
				INFOPLIST_KEY_UIApplicationSupportsIndirectInputEvents = YES;
				INFOPLIST_KEY_UILaunchScreen_Generation = YES;
				INFOPLIST_KEY_UISupportedInterfaceOrientations_iPad = "UIInterfaceOrientationPortrait UIInterfaceOrientationPortraitUpsideDown UIInterfaceOrientationLandscapeLeft UIInterfaceOrientationLandscapeRight";
				INFOPLIST_KEY_UISupportedInterfaceOrientations_iPhone = "UIInterfaceOrientationPortrait UIInterfaceOrientationLandscapeLeft UIInterfaceOrientationLandscapeRight";
				IPHONEOS_DEPLOYMENT_TARGET = 15.0;
				LD_RUNPATH_SEARCH_PATHS = (
					"$(inherited)",
					"@executable_path/Frameworks",
				);
				MARKETING_VERSION = 3.0.0;
				PRODUCT_BUNDLE_IDENTIFIER = "com.ecnepsnai.Certificate-Inspector";
				PRODUCT_NAME = "$(TARGET_NAME)";
				PROVISIONING_PROFILE_SPECIFIER = "";
				"PROVISIONING_PROFILE_SPECIFIER[sdk=iphoneos*]" = "TLS Inspector (Distribution)";
				SUPPORTED_PLATFORMS = "iphoneos iphonesimulator";
				SUPPORTS_MACCATALYST = NO;
				SUPPORTS_XR_DESIGNED_FOR_IPHONE_IPAD = NO;
				SWIFT_EMIT_LOC_STRINGS = YES;
				TARGETED_DEVICE_FAMILY = "1,2";
			};
			name = Release;
		};
/* End XCBuildConfiguration section */

/* Begin XCConfigurationList section */
		3C8742EF2EB4524200154664 /* Build configuration list for PBXNativeTarget "inspect-website" */ = {
			isa = XCConfigurationList;
			buildConfigurations = (
				3C8742F02EB4524200154664 /* Debug */,
				3C8742F12EB4524200154664 /* Release */,
			);
			defaultConfigurationIsVisible = 0;
			defaultConfigurationName = Release;
		};
		3CC9543F2CA9EC4200C3AEF8 /* Build configuration list for PBXProject "tls-inspector" */ = {
			isa = XCConfigurationList;
			buildConfigurations = (
				3CC954502CA9EC4300C3AEF8 /* Debug */,
				3CC954512CA9EC4300C3AEF8 /* Release */,
			);
			defaultConfigurationIsVisible = 0;
			defaultConfigurationName = Release;
		};
		3CC954522CA9EC4300C3AEF8 /* Build configuration list for PBXNativeTarget "tls-inspector" */ = {
			isa = XCConfigurationList;
			buildConfigurations = (
				3CC954532CA9EC4300C3AEF8 /* Debug */,
				3CC954542CA9EC4300C3AEF8 /* Release */,
			);
			defaultConfigurationIsVisible = 0;
			defaultConfigurationName = Release;
		};
/* End XCConfigurationList section */

/* Begin XCLocalSwiftPackageReference section */
		3C8744412EB46BFD00154664 /* XCLocalSwiftPackageReference "tlsui" */ = {
			isa = XCLocalSwiftPackageReference;
			relativePath = tlsui;
		};
		3CC954552CA9EC6200C3AEF8 /* XCLocalSwiftPackageReference "tlskit" */ = {
			isa = XCLocalSwiftPackageReference;
			relativePath = tlskit;
		};
/* End XCLocalSwiftPackageReference section */

/* Begin XCSwiftPackageProductDependency section */
		3C4E8A1E2EBA7B9D00433307 /* Localization */ = {
			isa = XCSwiftPackageProductDependency;
			package = 3C8744412EB46BFD00154664 /* XCLocalSwiftPackageReference "tlsui" */;
			productName = Localization;
		};
		3C4E8A202EBA7BA500433307 /* Localization */ = {
			isa = XCSwiftPackageProductDependency;
			package = 3C8744412EB46BFD00154664 /* XCLocalSwiftPackageReference "tlsui" */;
			productName = Localization;
		};
		3C8744E22EB46EA100154664 /* TLSUI */ = {
			isa = XCSwiftPackageProductDependency;
			package = 3C8744412EB46BFD00154664 /* XCLocalSwiftPackageReference "tlsui" */;
			productName = TLSUI;
		};
		3C8745E02EB55EAC00154664 /* TLSKit */ = {
			isa = XCSwiftPackageProductDependency;
			package = 3CC954552CA9EC6200C3AEF8 /* XCLocalSwiftPackageReference "tlskit" */;
			productName = TLSKit;
		};
		3C8745E22EB55EAC00154664 /* TLSUI */ = {
			isa = XCSwiftPackageProductDependency;
			package = 3C8744412EB46BFD00154664 /* XCLocalSwiftPackageReference "tlsui" */;
			productName = TLSUI;
		};
		3CC954562CA9EC6200C3AEF8 /* TLSKit */ = {
			isa = XCSwiftPackageProductDependency;
			productName = TLSKit;
		};
/* End XCSwiftPackageProductDependency section */
	};
	rootObject = 3CC9543C2CA9EC4200C3AEF8 /* Project object */;
}
