{
  "name": "spellcheck",
  "lockfileVersion": 3,
  "requires": true,
  "packages": {
    "": {
      "name": "spellcheck",
      "dependencies": {
        "harper.js": "^1.5.1"
      }
    },
    "node_modules/harper.js": {
      "version": "1.5.1",
      "resolved": "https://registry.npmjs.org/harper.js/-/harper.js-1.5.1.tgz",
      "integrity": "sha512-QfDkrIGAMGPQVJODI6QohZlR9s+fwMlWI6LbkWC+rmnKnmZ8URbRVO3o2ccILegwP6yrZrABsg5buAjjRE7rmA==",
      "license": "Apache-2.0"
    }
  }
}
