// !$*UTF8*$!
{
	archiveVersion = 1;
	classes = {
	};
	objectVersion = 46;
	objects = {

/* Begin PBXBuildFile section */
		3C04EE5F1CB4A23900F56B68 /* UIHelper.m in Sources */ = {isa = PBXBuildFile; fileRef = 3C04EE5E1CB4A23900F56B68 /* UIHelper.m */; };
		3C0C6F341E7CCB6400E6FCA2 /* UILang.m in Sources */ = {isa = PBXBuildFile; fileRef = 3C0C6F331E7CCB6400E6FCA2 /* UILang.m */; };
		3C0C6F351E7CCB6400E6FCA2 /* UILang.m in Sources */ = {isa = PBXBuildFile; fileRef = 3C0C6F331E7CCB6400E6FCA2 /* UILang.m */; };
		3C1D28A5200959B800A606BB /* GradientView.m in Sources */ = {isa = PBXBuildFile; fileRef = 3C1D28A4200959B800A606BB /* GradientView.m */; };
		3C1D28AC2009677300A606BB /* CKNameObject.h in Headers */ = {isa = PBXBuildFile; fileRef = 3C1D28AA2009677300A606BB /* CKNameObject.h */; settings = {ATTRIBUTES = (Public, ); }; };
		3C1D28AD2009677300A606BB /* CKNameObject.m in Sources */ = {isa = PBXBuildFile; fileRef = 3C1D28AB2009677300A606BB /* CKNameObject.m */; };
		3C28D0B4204209E8004C260F /* CKRevoked.h in Headers */ = {isa = PBXBuildFile; fileRef = 3C28D0B2204209E8004C260F /* CKRevoked.h */; settings = {ATTRIBUTES = (Public, ); }; };
		3C28D0B5204209E8004C260F /* CKRevoked.m in Sources */ = {isa = PBXBuildFile; fileRef = 3C28D0B3204209E8004C260F /* CKRevoked.m */; };
		3C2A7A531F284DC700AA12B4 /* CKGetter.h in Headers */ = {isa = PBXBuildFile; fileRef = 3C2A7A511F284DC700AA12B4 /* CKGetter.h */; settings = {ATTRIBUTES = (Public, ); }; };
		3C2A7A541F284DC700AA12B4 /* CKGetter.m in Sources */ = {isa = PBXBuildFile; fileRef = 3C2A7A521F284DC700AA12B4 /* CKGetter.m */; };
		3C2A7A571F28561300AA12B4 /* GetterTableViewController.m in Sources */ = {isa = PBXBuildFile; fileRef = 3C2A7A561F28561300AA12B4 /* GetterTableViewController.m */; };
		3C2A7A581F28561700AA12B4 /* GetterTableViewController.m in Sources */ = {isa = PBXBuildFile; fileRef = 3C2A7A561F28561300AA12B4 /* GetterTableViewController.m */; };
		3C2A7A621F28589000AA12B4 /* FAImageView.m in Sources */ = {isa = PBXBuildFile; fileRef = 3C2A7A5B1F28589000AA12B4 /* FAImageView.m */; };
		3C2A7A631F28589000AA12B4 /* NSString+FontAwesome.m in Sources */ = {isa = PBXBuildFile; fileRef = 3C2A7A5D1F28589000AA12B4 /* NSString+FontAwesome.m */; };
		3C2A7A641F28589000AA12B4 /* UIFont+FontAwesome.m in Sources */ = {isa = PBXBuildFile; fileRef = 3C2A7A5F1F28589000AA12B4 /* UIFont+FontAwesome.m */; };
		3C2A7A651F28589000AA12B4 /* UIImage+FontAwesome.m in Sources */ = {isa = PBXBuildFile; fileRef = 3C2A7A611F28589000AA12B4 /* UIImage+FontAwesome.m */; };
		3C2A7A671F285C5F00AA12B4 /* FontAwesome.ttf in Resources */ = {isa = PBXBuildFile; fileRef = 3C2A7A661F2858A100AA12B4 /* FontAwesome.ttf */; };
		3C2B8B881F69877800A54769 /* IconTableViewCell.m in Sources */ = {isa = PBXBuildFile; fileRef = 3C2B8B871F69877800A54769 /* IconTableViewCell.m */; };
		3C2B8B891F69877C00A54769 /* IconTableViewCell.m in Sources */ = {isa = PBXBuildFile; fileRef = 3C2B8B871F69877800A54769 /* IconTableViewCell.m */; };
		3C3104E91D83C02E0093909E /* CertificateListTableViewController.m in Sources */ = {isa = PBXBuildFile; fileRef = 3C5FA7C11CA852DF00C79D2B /* CertificateListTableViewController.m */; };
		3C3104EE1D83C4A40093909E /* Launch Screen.storyboard in Resources */ = {isa = PBXBuildFile; fileRef = 3C5D129D1D05287F004B6E12 /* Launch Screen.storyboard */; };
		3C3104F01D83C4C30093909E /* Extension.storyboard in Resources */ = {isa = PBXBuildFile; fileRef = 3C3104EF1D83C4C30093909E /* Extension.storyboard */; };
		3C3104F41D83C5C70093909E /* InitialViewController.m in Sources */ = {isa = PBXBuildFile; fileRef = 3C3104F31D83C5C70093909E /* InitialViewController.m */; };
		3C36B3B420412564005C66E8 /* CKOCSPResponse.h in Headers */ = {isa = PBXBuildFile; fileRef = 3C36B3B220412564005C66E8 /* CKOCSPResponse.h */; settings = {ATTRIBUTES = (Public, ); }; };
		3C36B3B520412564005C66E8 /* CKOCSPResponse.m in Sources */ = {isa = PBXBuildFile; fileRef = 3C36B3B320412564005C66E8 /* CKOCSPResponse.m */; };
		3C36B3B82041310E005C66E8 /* CKGetterOptions.h in Headers */ = {isa = PBXBuildFile; fileRef = 3C36B3B62041310E005C66E8 /* CKGetterOptions.h */; settings = {ATTRIBUTES = (Public, ); }; };
		3C36B3B92041310E005C66E8 /* CKGetterOptions.m in Sources */ = {isa = PBXBuildFile; fileRef = 3C36B3B72041310E005C66E8 /* CKGetterOptions.m */; };
		3C43EF8D1D7A987F00AE65E9 /* Inspect Website.appex in Embed App Extensions */ = {isa = PBXBuildFile; fileRef = 3C43EF821D7A987F00AE65E9 /* Inspect Website.appex */; settings = {ATTRIBUTES = (RemoveHeadersOnCopy, ); }; };
		3C5096981E7CC9FC00AEAAB2 /* MBProgressHUD.m in Sources */ = {isa = PBXBuildFile; fileRef = 3C5096971E7CC9FC00AEAAB2 /* MBProgressHUD.m */; };
		3C5096991E7CCA1900AEAAB2 /* MBProgressHUD.m in Sources */ = {isa = PBXBuildFile; fileRef = 3C5096971E7CC9FC00AEAAB2 /* MBProgressHUD.m */; };
		3C50969F1E7CCA7600AEAAB2 /* AppLinks.m in Sources */ = {isa = PBXBuildFile; fileRef = 3C50969C1E7CCA7600AEAAB2 /* AppLinks.m */; };
		3C5096A01E7CCA7600AEAAB2 /* UIDevice+PlatformString.m in Sources */ = {isa = PBXBuildFile; fileRef = 3C50969E1E7CCA7600AEAAB2 /* UIDevice+PlatformString.m */; };
		3C5096A11E7CCA7A00AEAAB2 /* UIDevice+PlatformString.m in Sources */ = {isa = PBXBuildFile; fileRef = 3C50969E1E7CCA7600AEAAB2 /* UIDevice+PlatformString.m */; };
		3C5096A21E7CCA7C00AEAAB2 /* AppLinks.m in Sources */ = {isa = PBXBuildFile; fileRef = 3C50969C1E7CCA7600AEAAB2 /* AppLinks.m */; };
		3C5D129E1D05287F004B6E12 /* Launch Screen.storyboard in Resources */ = {isa = PBXBuildFile; fileRef = 3C5D129D1D05287F004B6E12 /* Launch Screen.storyboard */; };
		3C5D12A11D0531BD004B6E12 /* AboutViewController.m in Sources */ = {isa = PBXBuildFile; fileRef = 3C5D12A01D0531BD004B6E12 /* AboutViewController.m */; };
		3C5FA7C21CA852DF00C79D2B /* CertificateListTableViewController.m in Sources */ = {isa = PBXBuildFile; fileRef = 3C5FA7C11CA852DF00C79D2B /* CertificateListTableViewController.m */; };
		3C65C2D81E7482F300D88074 /* DNSResolver.m in Sources */ = {isa = PBXBuildFile; fileRef = 3C65C2D71E7482F300D88074 /* DNSResolver.m */; };
		3C65DADE1E836BE9004AD96D /* CertificateKit.h in Headers */ = {isa = PBXBuildFile; fileRef = 3C65DADC1E836BE9004AD96D /* CertificateKit.h */; settings = {ATTRIBUTES = (Public, ); }; };
		3C65DAE11E836BE9004AD96D /* CertificateKit.framework in Frameworks */ = {isa = PBXBuildFile; fileRef = 3C65DADA1E836BE9004AD96D /* CertificateKit.framework */; };
		3C65DAE21E836BE9004AD96D /* CertificateKit.framework in Embed Frameworks */ = {isa = PBXBuildFile; fileRef = 3C65DADA1E836BE9004AD96D /* CertificateKit.framework */; settings = {ATTRIBUTES = (CodeSignOnCopy, RemoveHeadersOnCopy, ); }; };
		3C65DAF11E836C15004AD96D /* CKCertificate.h in Headers */ = {isa = PBXBuildFile; fileRef = 3C65DAE61E836C15004AD96D /* CKCertificate.h */; settings = {ATTRIBUTES = (Public, ); }; };
		3C65DAF21E836C15004AD96D /* CKCertificate.m in Sources */ = {isa = PBXBuildFile; fileRef = 3C65DAE71E836C15004AD96D /* CKCertificate.m */; };
		3C65DAF31E836C15004AD96D /* CKCertificateChain.h in Headers */ = {isa = PBXBuildFile; fileRef = 3C65DAE81E836C15004AD96D /* CKCertificateChain.h */; settings = {ATTRIBUTES = (Public, ); }; };
		3C65DAF41E836C15004AD96D /* CKCertificateChain.m in Sources */ = {isa = PBXBuildFile; fileRef = 3C65DAE91E836C15004AD96D /* CKCertificateChain.m */; };
		3C65DAF91E836C15004AD96D /* NSDate+ASN1_TIME.h in Headers */ = {isa = PBXBuildFile; fileRef = 3C65DAEE1E836C15004AD96D /* NSDate+ASN1_TIME.h */; };
		3C65DAFA1E836C15004AD96D /* NSDate+ASN1_TIME.m in Sources */ = {isa = PBXBuildFile; fileRef = 3C65DAEF1E836C15004AD96D /* NSDate+ASN1_TIME.m */; };
		3C65DAFB1E836C15004AD96D /* openssl.framework in Frameworks */ = {isa = PBXBuildFile; fileRef = 3C65DAF01E836C15004AD96D /* openssl.framework */; };
		3C70425220100CA900BE941A /* CKOCSPManager.h in Headers */ = {isa = PBXBuildFile; fileRef = 3C70425020100CA900BE941A /* CKOCSPManager.h */; };
		3C70425320100CA900BE941A /* CKOCSPManager.m in Sources */ = {isa = PBXBuildFile; fileRef = 3C70425120100CA900BE941A /* CKOCSPManager.m */; };
		3C7B9F7D1F68F52A00C99092 /* FontAwesome.ttf in Resources */ = {isa = PBXBuildFile; fileRef = 3C2A7A661F2858A100AA12B4 /* FontAwesome.ttf */; };
		3C7C95061D7A9F4100902E18 /* UIHelper.m in Sources */ = {isa = PBXBuildFile; fileRef = 3C04EE5E1CB4A23900F56B68 /* UIHelper.m */; };
		3C7C95091D7AA03500902E18 /* ActionTipTarget.m in Sources */ = {isa = PBXBuildFile; fileRef = 3C7C95081D7AA03500902E18 /* ActionTipTarget.m */; };
		3C7C950A1D7AA07100902E18 /* ActionTipTarget.m in Sources */ = {isa = PBXBuildFile; fileRef = 3C7C95081D7AA03500902E18 /* ActionTipTarget.m */; };
		3C7DE6061EF700FE00DC2AD6 /* CKCertificateChain+EnumValues.h in Headers */ = {isa = PBXBuildFile; fileRef = 3C7DE6041EF700FE00DC2AD6 /* CKCertificateChain+EnumValues.h */; settings = {ATTRIBUTES = (Public, ); }; };
		3C7DE6071EF700FE00DC2AD6 /* CKCertificateChain+EnumValues.m in Sources */ = {isa = PBXBuildFile; fileRef = 3C7DE6051EF700FE00DC2AD6 /* CKCertificateChain+EnumValues.m */; };
		3CB4F157200451C800A9CF51 /* CKServerInfoGetter.m in Sources */ = {isa = PBXBuildFile; fileRef = 67F686EB1FC8FACD00BB7AE8 /* CKServerInfoGetter.m */; };
		3CB4F158200451CD00A9CF51 /* CKCertificateChainGetter.m in Sources */ = {isa = PBXBuildFile; fileRef = 67F686E71FC8FAB800BB7AE8 /* CKCertificateChainGetter.m */; };
		3CB4F159200451D000A9CF51 /* CKGetterTask.m in Sources */ = {isa = PBXBuildFile; fileRef = 67F686E31FC8FAA200BB7AE8 /* CKGetterTask.m */; };
		3CBD8B931E7CE8D600F2A637 /* AppState.m in Sources */ = {isa = PBXBuildFile; fileRef = 3CBD8B921E7CE8D600F2A637 /* AppState.m */; };
		3CBD8B941E7CE8D600F2A637 /* AppState.m in Sources */ = {isa = PBXBuildFile; fileRef = 3CBD8B921E7CE8D600F2A637 /* AppState.m */; };
		3CBD8B971E7CF0F900F2A637 /* SplitViewController.m in Sources */ = {isa = PBXBuildFile; fileRef = 3CBD8B961E7CF0F900F2A637 /* SplitViewController.m */; };
		3CBD8B981E7CF0F900F2A637 /* SplitViewController.m in Sources */ = {isa = PBXBuildFile; fileRef = 3CBD8B961E7CF0F900F2A637 /* SplitViewController.m */; };
		3CC1E9331F035A3400ED9BAA /* curl.framework in Frameworks */ = {isa = PBXBuildFile; fileRef = 3CC1E9321F035A3400ED9BAA /* curl.framework */; };
		3CC1E9361F035AFB00ED9BAA /* CKServerInfo.h in Headers */ = {isa = PBXBuildFile; fileRef = 3CC1E9341F035AFB00ED9BAA /* CKServerInfo.h */; settings = {ATTRIBUTES = (Public, ); }; };
		3CC1E9371F035AFB00ED9BAA /* CKServerInfo.m in Sources */ = {isa = PBXBuildFile; fileRef = 3CC1E9351F035AFB00ED9BAA /* CKServerInfo.m */; };
		3CC6521F1DB06E1A001FB7E1 /* lang.m in Sources */ = {isa = PBXBuildFile; fileRef = 3CC6521E1DB06E1A001FB7E1 /* lang.m */; };
		3CC6523D1DB07035001FB7E1 /* lang.m in Sources */ = {isa = PBXBuildFile; fileRef = 3CC6521E1DB06E1A001FB7E1 /* lang.m */; };
		3CC6523F1DB0710C001FB7E1 /* Main.storyboard in Resources */ = {isa = PBXBuildFile; fileRef = 3CC6523E1DB0710C001FB7E1 /* Main.storyboard */; };
		3CC652401DB0711F001FB7E1 /* Main.storyboard in Resources */ = {isa = PBXBuildFile; fileRef = 3CC6523E1DB0710C001FB7E1 /* Main.storyboard */; };
		3CC652431DB07166001FB7E1 /* en.plist in Resources */ = {isa = PBXBuildFile; fileRef = 3CC652421DB07166001FB7E1 /* en.plist */; };
		3CC652441DB071DF001FB7E1 /* en.plist in Resources */ = {isa = PBXBuildFile; fileRef = 3CC652421DB07166001FB7E1 /* en.plist */; };
		3CE03EB21D88FE210081EF50 /* InspectorListTableViewController.m in Sources */ = {isa = PBXBuildFile; fileRef = 3CE03EB11D88FE210081EF50 /* InspectorListTableViewController.m */; };
		3CE03EB31D88FE210081EF50 /* InspectorListTableViewController.m in Sources */ = {isa = PBXBuildFile; fileRef = 3CE03EB11D88FE210081EF50 /* InspectorListTableViewController.m */; };
		3CE5D2A91E199FE9009500E5 /* CertificateReminderManager.m in Sources */ = {isa = PBXBuildFile; fileRef = 3CE5D2A81E199FE9009500E5 /* CertificateReminderManager.m */; };
		3CE5D2AB1E19A4A6009500E5 /* CertificateReminderManager.m in Sources */ = {isa = PBXBuildFile; fileRef = 3CE5D2A81E199FE9009500E5 /* CertificateReminderManager.m */; };
		3CEAA5071D83CCD10011A706 /* Assets.xcassets in Resources */ = {isa = PBXBuildFile; fileRef = 3CEAA5061D83CCD10011A706 /* Assets.xcassets */; };
		3CF29A071D2CBC9C00FD9603 /* RecentDomains.m in Sources */ = {isa = PBXBuildFile; fileRef = 3CF29A061D2CBC9C00FD9603 /* RecentDomains.m */; };
		3CF397441EB50E0900E8DBF4 /* CertificateKitTests.m in Sources */ = {isa = PBXBuildFile; fileRef = 3CF397431EB50E0900E8DBF4 /* CertificateKitTests.m */; };
		3CF3974B1EB50E2000E8DBF4 /* CertificateKit.framework in Frameworks */ = {isa = PBXBuildFile; fileRef = 3C65DADA1E836BE9004AD96D /* CertificateKit.framework */; };
		3CF3974C1EB510FE00E8DBF4 /* DomainList.plist in Resources */ = {isa = PBXBuildFile; fileRef = A15CB48B1EB11DAC002EE845 /* DomainList.plist */; };
		3CF6772A2046335D00A3B4C1 /* CKCRLManager.h in Headers */ = {isa = PBXBuildFile; fileRef = 3CF677282046335D00A3B4C1 /* CKCRLManager.h */; };
		3CF6772B2046335D00A3B4C1 /* CKCRLManager.m in Sources */ = {isa = PBXBuildFile; fileRef = 3CF677292046335D00A3B4C1 /* CKCRLManager.m */; };
		3CF6772E2046338900A3B4C1 /* CKCRLResponse.h in Headers */ = {isa = PBXBuildFile; fileRef = 3CF6772C2046338900A3B4C1 /* CKCRLResponse.h */; settings = {ATTRIBUTES = (Public, ); }; };
		3CF6772F2046338900A3B4C1 /* CKCRLResponse.m in Sources */ = {isa = PBXBuildFile; fileRef = 3CF6772D2046338900A3B4C1 /* CKCRLResponse.m */; };
		3CF67732204643CB00A3B4C1 /* UserOptions.m in Sources */ = {isa = PBXBuildFile; fileRef = 3CF67731204643CB00A3B4C1 /* UserOptions.m */; };
		3CF67733204643CB00A3B4C1 /* UserOptions.m in Sources */ = {isa = PBXBuildFile; fileRef = 3CF67731204643CB00A3B4C1 /* UserOptions.m */; };
		3CF7E33B1F78900900EEEE21 /* FAImageView.m in Sources */ = {isa = PBXBuildFile; fileRef = 3C2A7A5B1F28589000AA12B4 /* FAImageView.m */; };
		3CF7E33C1F78900900EEEE21 /* NSString+FontAwesome.m in Sources */ = {isa = PBXBuildFile; fileRef = 3C2A7A5D1F28589000AA12B4 /* NSString+FontAwesome.m */; };
		3CF7E33D1F78900900EEEE21 /* UIFont+FontAwesome.m in Sources */ = {isa = PBXBuildFile; fileRef = 3C2A7A5F1F28589000AA12B4 /* UIFont+FontAwesome.m */; };
		3CF7E3451F789E9800EEEE21 /* NSAtomicNumber.m in Sources */ = {isa = PBXBuildFile; fileRef = 3CF7E3441F789E9800EEEE21 /* NSAtomicNumber.m */; };
		3CF7E3461F789E9800EEEE21 /* NSAtomicNumber.m in Sources */ = {isa = PBXBuildFile; fileRef = 3CF7E3441F789E9800EEEE21 /* NSAtomicNumber.m */; };
		3CFAE6DB1CA8440400CD946B /* main.m in Sources */ = {isa = PBXBuildFile; fileRef = 3CFAE6DA1CA8440400CD946B /* main.m */; };
		3CFAE6DE1CA8440400CD946B /* AppDelegate.m in Sources */ = {isa = PBXBuildFile; fileRef = 3CFAE6DD1CA8440400CD946B /* AppDelegate.m */; };
		3CFAE6E61CA8440400CD946B /* Assets.xcassets in Resources */ = {isa = PBXBuildFile; fileRef = 3CFAE6E51CA8440400CD946B /* Assets.xcassets */; };
		3CFAE6F21CA8463900CD946B /* InputTableViewController.m in Sources */ = {isa = PBXBuildFile; fileRef = 3CFAE6F11CA8463900CD946B /* InputTableViewController.m */; };
		3CFF7E7020098FD900478E0A /* CertificateTableViewController.m in Sources */ = {isa = PBXBuildFile; fileRef = 3CFF7E6F20098FD900478E0A /* CertificateTableViewController.m */; };
		3CFF7E732009900F00478E0A /* CertificateTableRowItem.m in Sources */ = {isa = PBXBuildFile; fileRef = 3CFF7E722009900F00478E0A /* CertificateTableRowItem.m */; };
		3CFF7E762009907200478E0A /* CertificateTableRowSection.m in Sources */ = {isa = PBXBuildFile; fileRef = 3CFF7E752009907200478E0A /* CertificateTableRowSection.m */; };
		3CFF7E772009958A00478E0A /* CertificateTableViewController.m in Sources */ = {isa = PBXBuildFile; fileRef = 3CFF7E6F20098FD900478E0A /* CertificateTableViewController.m */; };
		3CFF7E782009962C00478E0A /* CertificateTableRowSection.m in Sources */ = {isa = PBXBuildFile; fileRef = 3CFF7E752009907200478E0A /* CertificateTableRowSection.m */; };
		3CFF7E792009962F00478E0A /* CertificateTableRowItem.m in Sources */ = {isa = PBXBuildFile; fileRef = 3CFF7E722009900F00478E0A /* CertificateTableRowItem.m */; };
		67D03D7E1F82EC7900981806 /* MoreTableViewController.m in Sources */ = {isa = PBXBuildFile; fileRef = 67D03D7D1F82EC7900981806 /* MoreTableViewController.m */; };
		67D03D811F82EF3700981806 /* OptionsTableViewController.m in Sources */ = {isa = PBXBuildFile; fileRef = 67D03D801F82EF3700981806 /* OptionsTableViewController.m */; };
		67F686E41FC8FAA200BB7AE8 /* CKGetterTask.h in Headers */ = {isa = PBXBuildFile; fileRef = 67F686E21FC8FAA200BB7AE8 /* CKGetterTask.h */; };
		67F686E81FC8FAB800BB7AE8 /* CKCertificateChainGetter.h in Headers */ = {isa = PBXBuildFile; fileRef = 67F686E61FC8FAB800BB7AE8 /* CKCertificateChainGetter.h */; };
		67F686EC1FC8FACD00BB7AE8 /* CKServerInfoGetter.h in Headers */ = {isa = PBXBuildFile; fileRef = 67F686EA1FC8FACD00BB7AE8 /* CKServerInfoGetter.h */; };
		A116000B1EEB086800D98E8F /* Storage.m in Sources */ = {isa = PBXBuildFile; fileRef = A116000A1EEB086800D98E8F /* Storage.m */; };
		A116000C1EEB086800D98E8F /* Storage.m in Sources */ = {isa = PBXBuildFile; fileRef = A116000A1EEB086800D98E8F /* Storage.m */; };
		A15622911EEA065600D61FB5 /* InitialNavigationController.m in Sources */ = {isa = PBXBuildFile; fileRef = A15622901EEA065600D61FB5 /* InitialNavigationController.m */; };
		A15CB48C1EB11DAC002EE845 /* DomainList.plist in Resources */ = {isa = PBXBuildFile; fileRef = A15CB48B1EB11DAC002EE845 /* DomainList.plist */; };
		A15D41BA1EB1797F0070FF87 /* CKCertificatePublicKey.h in Headers */ = {isa = PBXBuildFile; fileRef = A15D41B81EB1797F0070FF87 /* CKCertificatePublicKey.h */; settings = {ATTRIBUTES = (Public, ); }; };
		A15D41BB1EB1797F0070FF87 /* CKCertificatePublicKey.m in Sources */ = {isa = PBXBuildFile; fileRef = A15D41B91EB1797F0070FF87 /* CKCertificatePublicKey.m */; };
		A16ABDA31E844BF9007779BE /* TitleValueTableViewCell.m in Sources */ = {isa = PBXBuildFile; fileRef = A16ABDA21E844BF9007779BE /* TitleValueTableViewCell.m */; };
		A16ABDA51E844C8A007779BE /* TitleValueTableViewCell.m in Sources */ = {isa = PBXBuildFile; fileRef = A16ABDA21E844BF9007779BE /* TitleValueTableViewCell.m */; };
		A1BA8BE41E8EB2B30004FB0F /* SafariServices.framework in Frameworks */ = {isa = PBXBuildFile; fileRef = A1BA8BE31E8EB2B30004FB0F /* SafariServices.framework */; };
		A1BA8BE51E8EB2B90004FB0F /* SafariServices.framework in Frameworks */ = {isa = PBXBuildFile; fileRef = A1BA8BE31E8EB2B30004FB0F /* SafariServices.framework */; };
		A1BA8BE61E8EB3530004FB0F /* DNSResolver.m in Sources */ = {isa = PBXBuildFile; fileRef = 3C65C2D71E7482F300D88074 /* DNSResolver.m */; };
		A1BA8BE71E8EB5060004FB0F /* CertificateKit.framework in Frameworks */ = {isa = PBXBuildFile; fileRef = 3C65DADA1E836BE9004AD96D /* CertificateKit.framework */; };
/* End PBXBuildFile section */

/* Begin PBXContainerItemProxy section */
		3C43EF8B1D7A987F00AE65E9 /* PBXContainerItemProxy */ = {
			isa = PBXContainerItemProxy;
			containerPortal = 3CFAE6CE1CA8440400CD946B /* Project object */;
			proxyType = 1;
			remoteGlobalIDString = 3C43EF811D7A987F00AE65E9;
			remoteInfo = "Inspect Website";
		};
		3C65DADF1E836BE9004AD96D /* PBXContainerItemProxy */ = {
			isa = PBXContainerItemProxy;
			containerPortal = 3CFAE6CE1CA8440400CD946B /* Project object */;
			proxyType = 1;
			remoteGlobalIDString = 3C65DAD91E836BE9004AD96D;
			remoteInfo = CertificateKit;
		};
		3CF397461EB50E0900E8DBF4 /* PBXContainerItemProxy */ = {
			isa = PBXContainerItemProxy;
			containerPortal = 3CFAE6CE1CA8440400CD946B /* Project object */;
			proxyType = 1;
			remoteGlobalIDString = 3CFAE6D51CA8440400CD946B;
			remoteInfo = "TLS Inspector";
		};
/* End PBXContainerItemProxy section */

/* Begin PBXCopyFilesBuildPhase section */
		3C43EF911D7A987F00AE65E9 /* Embed App Extensions */ = {
			isa = PBXCopyFilesBuildPhase;
			buildActionMask = 2147483647;
			dstPath = "";
			dstSubfolderSpec = 13;
			files = (
				3C43EF8D1D7A987F00AE65E9 /* Inspect Website.appex in Embed App Extensions */,
			);
			name = "Embed App Extensions";
			runOnlyForDeploymentPostprocessing = 0;
		};
		3CB56A131D8494D300A7D303 /* Embed Frameworks */ = {
			isa = PBXCopyFilesBuildPhase;
			buildActionMask = 2147483647;
			dstPath = "";
			dstSubfolderSpec = 10;
			files = (
				3C65DAE21E836BE9004AD96D /* CertificateKit.framework in Embed Frameworks */,
			);
			name = "Embed Frameworks";
			runOnlyForDeploymentPostprocessing = 0;
		};
/* End PBXCopyFilesBuildPhase section */

/* Begin PBXFileReference section */
		3C04EE5D1CB4A23900F56B68 /* UIHelper.h */ = {isa = PBXFileReference; fileEncoding = 4; lastKnownFileType = sourcecode.c.h; path = UIHelper.h; sourceTree = "<group>"; };
		3C04EE5E1CB4A23900F56B68 /* UIHelper.m */ = {isa = PBXFileReference; fileEncoding = 4; lastKnownFileType = sourcecode.c.objc; path = UIHelper.m; sourceTree = "<group>"; };
		3C04EE631CB4B3F100F56B68 /* PrefixHeader.pch */ = {isa = PBXFileReference; fileEncoding = 4; lastKnownFileType = sourcecode.c.h; path = PrefixHeader.pch; sourceTree = "<group>"; };
		3C0C6F321E7CCB6400E6FCA2 /* UILang.h */ = {isa = PBXFileReference; fileEncoding = 4; lastKnownFileType = sourcecode.c.h; path = UILang.h; sourceTree = "<group>"; };
		3C0C6F331E7CCB6400E6FCA2 /* UILang.m */ = {isa = PBXFileReference; fileEncoding = 4; lastKnownFileType = sourcecode.c.objc; path = UILang.m; sourceTree = "<group>"; };
		3C1D28A3200959B800A606BB /* GradientView.h */ = {isa = PBXFileReference; lastKnownFileType = sourcecode.c.h; path = GradientView.h; sourceTree = "<group>"; };
		3C1D28A4200959B800A606BB /* GradientView.m */ = {isa = PBXFileReference; lastKnownFileType = sourcecode.c.objc; path = GradientView.m; sourceTree = "<group>"; };
		3C1D28AA2009677300A606BB /* CKNameObject.h */ = {isa = PBXFileReference; lastKnownFileType = sourcecode.c.h; path = CKNameObject.h; sourceTree = "<group>"; };
		3C1D28AB2009677300A606BB /* CKNameObject.m */ = {isa = PBXFileReference; lastKnownFileType = sourcecode.c.objc; path = CKNameObject.m; sourceTree = "<group>"; };
		3C28B1161E88201400715A5A /* defines.pch */ = {isa = PBXFileReference; fileEncoding = 4; lastKnownFileType = sourcecode.c.h; path = defines.pch; sourceTree = "<group>"; };
		3C28D0B2204209E8004C260F /* CKRevoked.h */ = {isa = PBXFileReference; lastKnownFileType = sourcecode.c.h; path = CKRevoked.h; sourceTree = "<group>"; };
		3C28D0B3204209E8004C260F /* CKRevoked.m */ = {isa = PBXFileReference; lastKnownFileType = sourcecode.c.objc; path = CKRevoked.m; sourceTree = "<group>"; };
		3C2A7A511F284DC700AA12B4 /* CKGetter.h */ = {isa = PBXFileReference; fileEncoding = 4; lastKnownFileType = sourcecode.c.h; path = CKGetter.h; sourceTree = "<group>"; };
		3C2A7A521F284DC700AA12B4 /* CKGetter.m */ = {isa = PBXFileReference; fileEncoding = 4; lastKnownFileType = sourcecode.c.objc; path = CKGetter.m; sourceTree = "<group>"; };
		3C2A7A551F28561300AA12B4 /* GetterTableViewController.h */ = {isa = PBXFileReference; fileEncoding = 4; lastKnownFileType = sourcecode.c.h; path = GetterTableViewController.h; sourceTree = "<group>"; };
		3C2A7A561F28561300AA12B4 /* GetterTableViewController.m */ = {isa = PBXFileReference; fileEncoding = 4; lastKnownFileType = sourcecode.c.objc; path = GetterTableViewController.m; sourceTree = "<group>"; };
		3C2A7A5A1F28589000AA12B4 /* FAImageView.h */ = {isa = PBXFileReference; fileEncoding = 4; lastKnownFileType = sourcecode.c.h; path = FAImageView.h; sourceTree = "<group>"; };
		3C2A7A5B1F28589000AA12B4 /* FAImageView.m */ = {isa = PBXFileReference; fileEncoding = 4; lastKnownFileType = sourcecode.c.objc; path = FAImageView.m; sourceTree = "<group>"; };
		3C2A7A5C1F28589000AA12B4 /* NSString+FontAwesome.h */ = {isa = PBXFileReference; fileEncoding = 4; lastKnownFileType = sourcecode.c.h; path = "NSString+FontAwesome.h"; sourceTree = "<group>"; };
		3C2A7A5D1F28589000AA12B4 /* NSString+FontAwesome.m */ = {isa = PBXFileReference; fileEncoding = 4; lastKnownFileType = sourcecode.c.objc; path = "NSString+FontAwesome.m"; sourceTree = "<group>"; };
		3C2A7A5E1F28589000AA12B4 /* UIFont+FontAwesome.h */ = {isa = PBXFileReference; fileEncoding = 4; lastKnownFileType = sourcecode.c.h; path = "UIFont+FontAwesome.h"; sourceTree = "<group>"; };
		3C2A7A5F1F28589000AA12B4 /* UIFont+FontAwesome.m */ = {isa = PBXFileReference; fileEncoding = 4; lastKnownFileType = sourcecode.c.objc; path = "UIFont+FontAwesome.m"; sourceTree = "<group>"; };
		3C2A7A601F28589000AA12B4 /* UIImage+FontAwesome.h */ = {isa = PBXFileReference; fileEncoding = 4; lastKnownFileType = sourcecode.c.h; path = "UIImage+FontAwesome.h"; sourceTree = "<group>"; };
		3C2A7A611F28589000AA12B4 /* UIImage+FontAwesome.m */ = {isa = PBXFileReference; fileEncoding = 4; lastKnownFileType = sourcecode.c.objc; path = "UIImage+FontAwesome.m"; sourceTree = "<group>"; };
		3C2A7A661F2858A100AA12B4 /* FontAwesome.ttf */ = {isa = PBXFileReference; lastKnownFileType = file; path = FontAwesome.ttf; sourceTree = "<group>"; };
		3C2B8B861F69877800A54769 /* IconTableViewCell.h */ = {isa = PBXFileReference; lastKnownFileType = sourcecode.c.h; path = IconTableViewCell.h; sourceTree = "<group>"; };
		3C2B8B871F69877800A54769 /* IconTableViewCell.m */ = {isa = PBXFileReference; lastKnownFileType = sourcecode.c.objc; path = IconTableViewCell.m; sourceTree = "<group>"; };
		3C3104EF1D83C4C30093909E /* Extension.storyboard */ = {isa = PBXFileReference; fileEncoding = 4; lastKnownFileType = file.storyboard; path = Extension.storyboard; sourceTree = "<group>"; };
		3C3104F21D83C5C70093909E /* InitialViewController.h */ = {isa = PBXFileReference; fileEncoding = 4; lastKnownFileType = sourcecode.c.h; path = InitialViewController.h; sourceTree = "<group>"; };
		3C3104F31D83C5C70093909E /* InitialViewController.m */ = {isa = PBXFileReference; fileEncoding = 4; lastKnownFileType = sourcecode.c.objc; path = InitialViewController.m; sourceTree = "<group>"; };
		3C36B3B220412564005C66E8 /* CKOCSPResponse.h */ = {isa = PBXFileReference; lastKnownFileType = sourcecode.c.h; path = CKOCSPResponse.h; sourceTree = "<group>"; };
		3C36B3B320412564005C66E8 /* CKOCSPResponse.m */ = {isa = PBXFileReference; lastKnownFileType = sourcecode.c.objc; path = CKOCSPResponse.m; sourceTree = "<group>"; };
		3C36B3B62041310E005C66E8 /* CKGetterOptions.h */ = {isa = PBXFileReference; lastKnownFileType = sourcecode.c.h; path = CKGetterOptions.h; sourceTree = "<group>"; };
		3C36B3B72041310E005C66E8 /* CKGetterOptions.m */ = {isa = PBXFileReference; lastKnownFileType = sourcecode.c.objc; path = CKGetterOptions.m; sourceTree = "<group>"; };
		3C43EF821D7A987F00AE65E9 /* Inspect Website.appex */ = {isa = PBXFileReference; explicitFileType = "wrapper.app-extension"; includeInIndex = 0; path = "Inspect Website.appex"; sourceTree = BUILT_PRODUCTS_DIR; };
		3C43EF8A1D7A987F00AE65E9 /* Info.plist */ = {isa = PBXFileReference; lastKnownFileType = text.plist.xml; path = Info.plist; sourceTree = "<group>"; };
		3C5096961E7CC9FC00AEAAB2 /* MBProgressHUD.h */ = {isa = PBXFileReference; fileEncoding = 4; lastKnownFileType = sourcecode.c.h; path = MBProgressHUD.h; sourceTree = "<group>"; };
		3C5096971E7CC9FC00AEAAB2 /* MBProgressHUD.m */ = {isa = PBXFileReference; fileEncoding = 4; lastKnownFileType = sourcecode.c.objc; path = MBProgressHUD.m; sourceTree = "<group>"; };
		3C50969B1E7CCA7600AEAAB2 /* AppLinks.h */ = {isa = PBXFileReference; fileEncoding = 4; lastKnownFileType = sourcecode.c.h; path = AppLinks.h; sourceTree = "<group>"; };
		3C50969C1E7CCA7600AEAAB2 /* AppLinks.m */ = {isa = PBXFileReference; fileEncoding = 4; lastKnownFileType = sourcecode.c.objc; path = AppLinks.m; sourceTree = "<group>"; };
		3C50969D1E7CCA7600AEAAB2 /* UIDevice+PlatformString.h */ = {isa = PBXFileReference; fileEncoding = 4; lastKnownFileType = sourcecode.c.h; path = "UIDevice+PlatformString.h"; sourceTree = "<group>"; };
		3C50969E1E7CCA7600AEAAB2 /* UIDevice+PlatformString.m */ = {isa = PBXFileReference; fileEncoding = 4; lastKnownFileType = sourcecode.c.objc; path = "UIDevice+PlatformString.m"; sourceTree = "<group>"; };
		3C5D129D1D05287F004B6E12 /* Launch Screen.storyboard */ = {isa = PBXFileReference; fileEncoding = 4; lastKnownFileType = file.storyboard; path = "Launch Screen.storyboard"; sourceTree = "<group>"; };
		3C5D129F1D0531BD004B6E12 /* AboutViewController.h */ = {isa = PBXFileReference; fileEncoding = 4; lastKnownFileType = sourcecode.c.h; path = AboutViewController.h; sourceTree = "<group>"; };
		3C5D12A01D0531BD004B6E12 /* AboutViewController.m */ = {isa = PBXFileReference; fileEncoding = 4; lastKnownFileType = sourcecode.c.objc; path = AboutViewController.m; sourceTree = "<group>"; };
		3C5FA7C01CA852DF00C79D2B /* CertificateListTableViewController.h */ = {isa = PBXFileReference; fileEncoding = 4; lastKnownFileType = sourcecode.c.h; path = CertificateListTableViewController.h; sourceTree = "<group>"; };
		3C5FA7C11CA852DF00C79D2B /* CertificateListTableViewController.m */ = {isa = PBXFileReference; fileEncoding = 4; lastKnownFileType = sourcecode.c.objc; path = CertificateListTableViewController.m; sourceTree = "<group>"; };
		3C65C2D61E7482F300D88074 /* DNSResolver.h */ = {isa = PBXFileReference; fileEncoding = 4; lastKnownFileType = sourcecode.c.h; path = DNSResolver.h; sourceTree = "<group>"; };
		3C65C2D71E7482F300D88074 /* DNSResolver.m */ = {isa = PBXFileReference; fileEncoding = 4; lastKnownFileType = sourcecode.c.objc; path = DNSResolver.m; sourceTree = "<group>"; };
		3C65DADA1E836BE9004AD96D /* CertificateKit.framework */ = {isa = PBXFileReference; explicitFileType = wrapper.framework; includeInIndex = 0; path = CertificateKit.framework; sourceTree = BUILT_PRODUCTS_DIR; };
		3C65DADC1E836BE9004AD96D /* CertificateKit.h */ = {isa = PBXFileReference; lastKnownFileType = sourcecode.c.h; path = CertificateKit.h; sourceTree = "<group>"; };
		3C65DADD1E836BE9004AD96D /* Info.plist */ = {isa = PBXFileReference; lastKnownFileType = text.plist.xml; path = Info.plist; sourceTree = "<group>"; };
		3C65DAE61E836C15004AD96D /* CKCertificate.h */ = {isa = PBXFileReference; fileEncoding = 4; lastKnownFileType = sourcecode.c.h; path = CKCertificate.h; sourceTree = "<group>"; };
		3C65DAE71E836C15004AD96D /* CKCertificate.m */ = {isa = PBXFileReference; fileEncoding = 4; lastKnownFileType = sourcecode.c.objc; path = CKCertificate.m; sourceTree = "<group>"; };
		3C65DAE81E836C15004AD96D /* CKCertificateChain.h */ = {isa = PBXFileReference; fileEncoding = 4; lastKnownFileType = sourcecode.c.h; path = CKCertificateChain.h; sourceTree = "<group>"; };
		3C65DAE91E836C15004AD96D /* CKCertificateChain.m */ = {isa = PBXFileReference; fileEncoding = 4; lastKnownFileType = sourcecode.c.objc; path = CKCertificateChain.m; sourceTree = "<group>"; };
		3C65DAEE1E836C15004AD96D /* NSDate+ASN1_TIME.h */ = {isa = PBXFileReference; fileEncoding = 4; lastKnownFileType = sourcecode.c.h; path = "NSDate+ASN1_TIME.h"; sourceTree = "<group>"; };
		3C65DAEF1E836C15004AD96D /* NSDate+ASN1_TIME.m */ = {isa = PBXFileReference; fileEncoding = 4; lastKnownFileType = sourcecode.c.objc; path = "NSDate+ASN1_TIME.m"; sourceTree = "<group>"; };
		3C65DAF01E836C15004AD96D /* openssl.framework */ = {isa = PBXFileReference; lastKnownFileType = wrapper.framework; path = openssl.framework; sourceTree = "<group>"; };
		3C70425020100CA900BE941A /* CKOCSPManager.h */ = {isa = PBXFileReference; lastKnownFileType = sourcecode.c.h; path = CKOCSPManager.h; sourceTree = "<group>"; };
		3C70425120100CA900BE941A /* CKOCSPManager.m */ = {isa = PBXFileReference; lastKnownFileType = sourcecode.c.objc; path = CKOCSPManager.m; sourceTree = "<group>"; };
		3C7C95071D7AA03500902E18 /* ActionTipTarget.h */ = {isa = PBXFileReference; fileEncoding = 4; lastKnownFileType = sourcecode.c.h; path = ActionTipTarget.h; sourceTree = "<group>"; };
		3C7C95081D7AA03500902E18 /* ActionTipTarget.m */ = {isa = PBXFileReference; fileEncoding = 4; lastKnownFileType = sourcecode.c.objc; path = ActionTipTarget.m; sourceTree = "<group>"; };
		3C7C950B1D7AA18700902E18 /* InspectWebsite_PrefixHeader.pch */ = {isa = PBXFileReference; fileEncoding = 4; lastKnownFileType = sourcecode.c.h; path = InspectWebsite_PrefixHeader.pch; sourceTree = "<group>"; };
		3C7DE6041EF700FE00DC2AD6 /* CKCertificateChain+EnumValues.h */ = {isa = PBXFileReference; fileEncoding = 4; lastKnownFileType = sourcecode.c.h; path = "CKCertificateChain+EnumValues.h"; sourceTree = "<group>"; };
		3C7DE6051EF700FE00DC2AD6 /* CKCertificateChain+EnumValues.m */ = {isa = PBXFileReference; fileEncoding = 4; lastKnownFileType = sourcecode.c.objc; path = "CKCertificateChain+EnumValues.m"; sourceTree = "<group>"; };
		3CBD8B911E7CE8D600F2A637 /* AppState.h */ = {isa = PBXFileReference; fileEncoding = 4; lastKnownFileType = sourcecode.c.h; path = AppState.h; sourceTree = "<group>"; };
		3CBD8B921E7CE8D600F2A637 /* AppState.m */ = {isa = PBXFileReference; fileEncoding = 4; lastKnownFileType = sourcecode.c.objc; path = AppState.m; sourceTree = "<group>"; };
		3CBD8B951E7CF0F900F2A637 /* SplitViewController.h */ = {isa = PBXFileReference; fileEncoding = 4; lastKnownFileType = sourcecode.c.h; path = SplitViewController.h; sourceTree = "<group>"; };
		3CBD8B961E7CF0F900F2A637 /* SplitViewController.m */ = {isa = PBXFileReference; fileEncoding = 4; lastKnownFileType = sourcecode.c.objc; path = SplitViewController.m; sourceTree = "<group>"; };
		3CC1E9321F035A3400ED9BAA /* curl.framework */ = {isa = PBXFileReference; lastKnownFileType = wrapper.framework; path = curl.framework; sourceTree = "<group>"; };
		3CC1E9341F035AFB00ED9BAA /* CKServerInfo.h */ = {isa = PBXFileReference; fileEncoding = 4; lastKnownFileType = sourcecode.c.h; path = CKServerInfo.h; sourceTree = "<group>"; };
		3CC1E9351F035AFB00ED9BAA /* CKServerInfo.m */ = {isa = PBXFileReference; fileEncoding = 4; lastKnownFileType = sourcecode.c.objc; path = CKServerInfo.m; sourceTree = "<group>"; };
		3CC6521D1DB06E1A001FB7E1 /* lang.h */ = {isa = PBXFileReference; fileEncoding = 4; lastKnownFileType = sourcecode.c.h; path = lang.h; sourceTree = "<group>"; };
		3CC6521E1DB06E1A001FB7E1 /* lang.m */ = {isa = PBXFileReference; fileEncoding = 4; lastKnownFileType = sourcecode.c.objc; path = lang.m; sourceTree = "<group>"; };
		3CC6523E1DB0710C001FB7E1 /* Main.storyboard */ = {isa = PBXFileReference; fileEncoding = 4; lastKnownFileType = file.storyboard; path = Main.storyboard; sourceTree = "<group>"; };
		3CC652421DB07166001FB7E1 /* en.plist */ = {isa = PBXFileReference; fileEncoding = 4; lastKnownFileType = text.plist.xml; path = en.plist; sourceTree = "<group>"; };
		3CE03EB01D88FE210081EF50 /* InspectorListTableViewController.h */ = {isa = PBXFileReference; fileEncoding = 4; lastKnownFileType = sourcecode.c.h; path = InspectorListTableViewController.h; sourceTree = "<group>"; };
		3CE03EB11D88FE210081EF50 /* InspectorListTableViewController.m */ = {isa = PBXFileReference; fileEncoding = 4; lastKnownFileType = sourcecode.c.objc; path = InspectorListTableViewController.m; sourceTree = "<group>"; };
		3CE5D2A71E199FE9009500E5 /* CertificateReminderManager.h */ = {isa = PBXFileReference; fileEncoding = 4; lastKnownFileType = sourcecode.c.h; path = CertificateReminderManager.h; sourceTree = "<group>"; };
		3CE5D2A81E199FE9009500E5 /* CertificateReminderManager.m */ = {isa = PBXFileReference; fileEncoding = 4; lastKnownFileType = sourcecode.c.objc; path = CertificateReminderManager.m; sourceTree = "<group>"; };
		3CEAA5061D83CCD10011A706 /* Assets.xcassets */ = {isa = PBXFileReference; lastKnownFileType = folder.assetcatalog; path = Assets.xcassets; sourceTree = "<group>"; };
		3CF29A051D2CBC9C00FD9603 /* RecentDomains.h */ = {isa = PBXFileReference; fileEncoding = 4; lastKnownFileType = sourcecode.c.h; path = RecentDomains.h; sourceTree = "<group>"; };
		3CF29A061D2CBC9C00FD9603 /* RecentDomains.m */ = {isa = PBXFileReference; fileEncoding = 4; lastKnownFileType = sourcecode.c.objc; path = RecentDomains.m; sourceTree = "<group>"; };
		3CF397411EB50E0900E8DBF4 /* CertificateKitTests.xctest */ = {isa = PBXFileReference; explicitFileType = wrapper.cfbundle; includeInIndex = 0; path = CertificateKitTests.xctest; sourceTree = BUILT_PRODUCTS_DIR; };
		3CF397431EB50E0900E8DBF4 /* CertificateKitTests.m */ = {isa = PBXFileReference; lastKnownFileType = sourcecode.c.objc; path = CertificateKitTests.m; sourceTree = "<group>"; };
		3CF397451EB50E0900E8DBF4 /* Info.plist */ = {isa = PBXFileReference; lastKnownFileType = text.plist.xml; path = Info.plist; sourceTree = "<group>"; };
		3CF677282046335D00A3B4C1 /* CKCRLManager.h */ = {isa = PBXFileReference; lastKnownFileType = sourcecode.c.h; path = CKCRLManager.h; sourceTree = "<group>"; };
		3CF677292046335D00A3B4C1 /* CKCRLManager.m */ = {isa = PBXFileReference; lastKnownFileType = sourcecode.c.objc; path = CKCRLManager.m; sourceTree = "<group>"; };
		3CF6772C2046338900A3B4C1 /* CKCRLResponse.h */ = {isa = PBXFileReference; lastKnownFileType = sourcecode.c.h; path = CKCRLResponse.h; sourceTree = "<group>"; };
		3CF6772D2046338900A3B4C1 /* CKCRLResponse.m */ = {isa = PBXFileReference; lastKnownFileType = sourcecode.c.objc; path = CKCRLResponse.m; sourceTree = "<group>"; };
		3CF67730204643CB00A3B4C1 /* UserOptions.h */ = {isa = PBXFileReference; lastKnownFileType = sourcecode.c.h; path = UserOptions.h; sourceTree = "<group>"; };
		3CF67731204643CB00A3B4C1 /* UserOptions.m */ = {isa = PBXFileReference; lastKnownFileType = sourcecode.c.objc; path = UserOptions.m; sourceTree = "<group>"; };
		3CF7E3431F789E9800EEEE21 /* NSAtomicNumber.h */ = {isa = PBXFileReference; lastKnownFileType = sourcecode.c.h; path = NSAtomicNumber.h; sourceTree = "<group>"; };
		3CF7E3441F789E9800EEEE21 /* NSAtomicNumber.m */ = {isa = PBXFileReference; lastKnownFileType = sourcecode.c.objc; path = NSAtomicNumber.m; sourceTree = "<group>"; };
		3CFAE6D61CA8440400CD946B /* TLS Inspector.app */ = {isa = PBXFileReference; explicitFileType = wrapper.application; includeInIndex = 0; path = "TLS Inspector.app"; sourceTree = BUILT_PRODUCTS_DIR; };
		3CFAE6DA1CA8440400CD946B /* main.m */ = {isa = PBXFileReference; lastKnownFileType = sourcecode.c.objc; path = main.m; sourceTree = "<group>"; };
		3CFAE6DC1CA8440400CD946B /* AppDelegate.h */ = {isa = PBXFileReference; lastKnownFileType = sourcecode.c.h; path = AppDelegate.h; sourceTree = "<group>"; };
		3CFAE6DD1CA8440400CD946B /* AppDelegate.m */ = {isa = PBXFileReference; lastKnownFileType = sourcecode.c.objc; path = AppDelegate.m; sourceTree = "<group>"; };
		3CFAE6E51CA8440400CD946B /* Assets.xcassets */ = {isa = PBXFileReference; lastKnownFileType = folder.assetcatalog; path = Assets.xcassets; sourceTree = "<group>"; };
		3CFAE6EA1CA8440400CD946B /* Info.plist */ = {isa = PBXFileReference; lastKnownFileType = text.plist.xml; path = Info.plist; sourceTree = "<group>"; };
		3CFAE6F01CA8463900CD946B /* InputTableViewController.h */ = {isa = PBXFileReference; fileEncoding = 4; lastKnownFileType = sourcecode.c.h; path = InputTableViewController.h; sourceTree = "<group>"; };
		3CFAE6F11CA8463900CD946B /* InputTableViewController.m */ = {isa = PBXFileReference; fileEncoding = 4; lastKnownFileType = sourcecode.c.objc; path = InputTableViewController.m; sourceTree = "<group>"; };
		3CFF7E6E20098FD900478E0A /* CertificateTableViewController.h */ = {isa = PBXFileReference; lastKnownFileType = sourcecode.c.h; path = CertificateTableViewController.h; sourceTree = "<group>"; };
		3CFF7E6F20098FD900478E0A /* CertificateTableViewController.m */ = {isa = PBXFileReference; lastKnownFileType = sourcecode.c.objc; path = CertificateTableViewController.m; sourceTree = "<group>"; };
		3CFF7E712009900F00478E0A /* CertificateTableRowItem.h */ = {isa = PBXFileReference; lastKnownFileType = sourcecode.c.h; path = CertificateTableRowItem.h; sourceTree = "<group>"; };
		3CFF7E722009900F00478E0A /* CertificateTableRowItem.m */ = {isa = PBXFileReference; lastKnownFileType = sourcecode.c.objc; path = CertificateTableRowItem.m; sourceTree = "<group>"; };
		3CFF7E742009907200478E0A /* CertificateTableRowSection.h */ = {isa = PBXFileReference; lastKnownFileType = sourcecode.c.h; path = CertificateTableRowSection.h; sourceTree = "<group>"; };
		3CFF7E752009907200478E0A /* CertificateTableRowSection.m */ = {isa = PBXFileReference; lastKnownFileType = sourcecode.c.objc; path = CertificateTableRowSection.m; sourceTree = "<group>"; };
		67D03D7C1F82EC7900981806 /* MoreTableViewController.h */ = {isa = PBXFileReference; lastKnownFileType = sourcecode.c.h; path = MoreTableViewController.h; sourceTree = "<group>"; };
		67D03D7D1F82EC7900981806 /* MoreTableViewController.m */ = {isa = PBXFileReference; lastKnownFileType = sourcecode.c.objc; path = MoreTableViewController.m; sourceTree = "<group>"; };
		67D03D7F1F82EF3700981806 /* OptionsTableViewController.h */ = {isa = PBXFileReference; lastKnownFileType = sourcecode.c.h; path = OptionsTableViewController.h; sourceTree = "<group>"; };
		67D03D801F82EF3700981806 /* OptionsTableViewController.m */ = {isa = PBXFileReference; lastKnownFileType = sourcecode.c.objc; path = OptionsTableViewController.m; sourceTree = "<group>"; };
		67F686E21FC8FAA200BB7AE8 /* CKGetterTask.h */ = {isa = PBXFileReference; lastKnownFileType = sourcecode.c.h; path = CKGetterTask.h; sourceTree = "<group>"; };
		67F686E31FC8FAA200BB7AE8 /* CKGetterTask.m */ = {isa = PBXFileReference; lastKnownFileType = sourcecode.c.objc; path = CKGetterTask.m; sourceTree = "<group>"; };
		67F686E61FC8FAB800BB7AE8 /* CKCertificateChainGetter.h */ = {isa = PBXFileReference; lastKnownFileType = sourcecode.c.h; path = CKCertificateChainGetter.h; sourceTree = "<group>"; };
		67F686E71FC8FAB800BB7AE8 /* CKCertificateChainGetter.m */ = {isa = PBXFileReference; lastKnownFileType = sourcecode.c.objc; path = CKCertificateChainGetter.m; sourceTree = "<group>"; };
		67F686EA1FC8FACD00BB7AE8 /* CKServerInfoGetter.h */ = {isa = PBXFileReference; lastKnownFileType = sourcecode.c.h; path = CKServerInfoGetter.h; sourceTree = "<group>"; };
		67F686EB1FC8FACD00BB7AE8 /* CKServerInfoGetter.m */ = {isa = PBXFileReference; lastKnownFileType = sourcecode.c.objc; path = CKServerInfoGetter.m; sourceTree = "<group>"; };
		A11600071EEB083500D98E8F /* TLS Inspector.entitlements */ = {isa = PBXFileReference; lastKnownFileType = text.plist.entitlements; path = "TLS Inspector.entitlements"; sourceTree = "<group>"; };
		A11600081EEB084F00D98E8F /* Inspect Website.entitlements */ = {isa = PBXFileReference; lastKnownFileType = text.plist.entitlements; path = "Inspect Website.entitlements"; sourceTree = "<group>"; };
		A11600091EEB086800D98E8F /* Storage.h */ = {isa = PBXFileReference; fileEncoding = 4; lastKnownFileType = sourcecode.c.h; path = Storage.h; sourceTree = "<group>"; };
		A116000A1EEB086800D98E8F /* Storage.m */ = {isa = PBXFileReference; fileEncoding = 4; lastKnownFileType = sourcecode.c.objc; path = Storage.m; sourceTree = "<group>"; };
		A156228F1EEA065600D61FB5 /* InitialNavigationController.h */ = {isa = PBXFileReference; fileEncoding = 4; lastKnownFileType = sourcecode.c.h; path = InitialNavigationController.h; sourceTree = "<group>"; };
		A15622901EEA065600D61FB5 /* InitialNavigationController.m */ = {isa = PBXFileReference; fileEncoding = 4; lastKnownFileType = sourcecode.c.objc; path = InitialNavigationController.m; sourceTree = "<group>"; };
		A15CB48B1EB11DAC002EE845 /* DomainList.plist */ = {isa = PBXFileReference; fileEncoding = 4; lastKnownFileType = text.plist.xml; path = DomainList.plist; sourceTree = "<group>"; };
		A15D41B81EB1797F0070FF87 /* CKCertificatePublicKey.h */ = {isa = PBXFileReference; fileEncoding = 4; lastKnownFileType = sourcecode.c.h; path = CKCertificatePublicKey.h; sourceTree = "<group>"; };
		A15D41B91EB1797F0070FF87 /* CKCertificatePublicKey.m */ = {isa = PBXFileReference; fileEncoding = 4; lastKnownFileType = sourcecode.c.objc; path = CKCertificatePublicKey.m; sourceTree = "<group>"; };
		A16ABDA11E844BF9007779BE /* TitleValueTableViewCell.h */ = {isa = PBXFileReference; fileEncoding = 4; lastKnownFileType = sourcecode.c.h; path = TitleValueTableViewCell.h; sourceTree = "<group>"; };
		A16ABDA21E844BF9007779BE /* TitleValueTableViewCell.m */ = {isa = PBXFileReference; fileEncoding = 4; lastKnownFileType = sourcecode.c.objc; path = TitleValueTableViewCell.m; sourceTree = "<group>"; };
		A1BA8BE31E8EB2B30004FB0F /* SafariServices.framework */ = {isa = PBXFileReference; lastKnownFileType = wrapper.framework; name = SafariServices.framework; path = System/Library/Frameworks/SafariServices.framework; sourceTree = SDKROOT; };
/* End PBXFileReference section */

/* Begin PBXFrameworksBuildPhase section */
		3C43EF7F1D7A987F00AE65E9 /* Frameworks */ = {
			isa = PBXFrameworksBuildPhase;
			buildActionMask = 2147483647;
			files = (
				A1BA8BE71E8EB5060004FB0F /* CertificateKit.framework in Frameworks */,
				A1BA8BE51E8EB2B90004FB0F /* SafariServices.framework in Frameworks */,
			);
			runOnlyForDeploymentPostprocessing = 0;
		};
		3C65DAD61E836BE9004AD96D /* Frameworks */ = {
			isa = PBXFrameworksBuildPhase;
			buildActionMask = 2147483647;
			files = (
				3CC1E9331F035A3400ED9BAA /* curl.framework in Frameworks */,
				3C65DAFB1E836C15004AD96D /* openssl.framework in Frameworks */,
			);
			runOnlyForDeploymentPostprocessing = 0;
		};
		3CF3973E1EB50E0900E8DBF4 /* Frameworks */ = {
			isa = PBXFrameworksBuildPhase;
			buildActionMask = 2147483647;
			files = (
				3CF3974B1EB50E2000E8DBF4 /* CertificateKit.framework in Frameworks */,
			);
			runOnlyForDeploymentPostprocessing = 0;
		};
		3CFAE6D31CA8440400CD946B /* Frameworks */ = {
			isa = PBXFrameworksBuildPhase;
			buildActionMask = 2147483647;
			files = (
				A1BA8BE41E8EB2B30004FB0F /* SafariServices.framework in Frameworks */,
				3C65DAE11E836BE9004AD96D /* CertificateKit.framework in Frameworks */,
			);
			runOnlyForDeploymentPostprocessing = 0;
		};
/* End PBXFrameworksBuildPhase section */

/* Begin PBXGroup section */
		3C28B1151E881D1300715A5A /* UI */ = {
			isa = PBXGroup;
			children = (
				A15CB48B1EB11DAC002EE845 /* DomainList.plist */,
				A16ABDA41E844BFD007779BE /* UI Elements */,
				3C04EE5D1CB4A23900F56B68 /* UIHelper.h */,
				3C04EE5E1CB4A23900F56B68 /* UIHelper.m */,
			);
			path = UI;
			sourceTree = "<group>";
		};
		3C2A7A591F28587E00AA12B4 /* FontAwesome+iOS */ = {
			isa = PBXGroup;
			children = (
				3C2A7A5A1F28589000AA12B4 /* FAImageView.h */,
				3C2A7A5B1F28589000AA12B4 /* FAImageView.m */,
				3C2A7A5C1F28589000AA12B4 /* NSString+FontAwesome.h */,
				3C2A7A5D1F28589000AA12B4 /* NSString+FontAwesome.m */,
				3C2A7A5E1F28589000AA12B4 /* UIFont+FontAwesome.h */,
				3C2A7A5F1F28589000AA12B4 /* UIFont+FontAwesome.m */,
				3C2A7A601F28589000AA12B4 /* UIImage+FontAwesome.h */,
				3C2A7A611F28589000AA12B4 /* UIImage+FontAwesome.m */,
			);
			path = "FontAwesome+iOS";
			sourceTree = "<group>";
		};
		3C43EF831D7A987F00AE65E9 /* Inspect Website */ = {
			isa = PBXGroup;
			children = (
				A11600081EEB084F00D98E8F /* Inspect Website.entitlements */,
				3CEAA5061D83CCD10011A706 /* Assets.xcassets */,
				3C3104EF1D83C4C30093909E /* Extension.storyboard */,
				3C43EF8A1D7A987F00AE65E9 /* Info.plist */,
				3C3104F21D83C5C70093909E /* InitialViewController.h */,
				3C3104F31D83C5C70093909E /* InitialViewController.m */,
				3C7C950B1D7AA18700902E18 /* InspectWebsite_PrefixHeader.pch */,
			);
			path = "Inspect Website";
			sourceTree = "<group>";
		};
		3C50968F1E7CC8A900AEAAB2 /* Frameworks */ = {
			isa = PBXGroup;
			children = (
				3C2A7A591F28587E00AA12B4 /* FontAwesome+iOS */,
				3C50969A1E7CCA6A00AEAAB2 /* App Links */,
				3C5096951E7CC9DC00AEAAB2 /* MBProgressHUD */,
			);
			path = Frameworks;
			sourceTree = "<group>";
		};
		3C5096951E7CC9DC00AEAAB2 /* MBProgressHUD */ = {
			isa = PBXGroup;
			children = (
				3C5096961E7CC9FC00AEAAB2 /* MBProgressHUD.h */,
				3C5096971E7CC9FC00AEAAB2 /* MBProgressHUD.m */,
			);
			path = MBProgressHUD;
			sourceTree = "<group>";
		};
		3C50969A1E7CCA6A00AEAAB2 /* App Links */ = {
			isa = PBXGroup;
			children = (
				3C50969B1E7CCA7600AEAAB2 /* AppLinks.h */,
				3C50969C1E7CCA7600AEAAB2 /* AppLinks.m */,
				3C50969D1E7CCA7600AEAAB2 /* UIDevice+PlatformString.h */,
				3C50969E1E7CCA7600AEAAB2 /* UIDevice+PlatformString.m */,
			);
			path = "App Links";
			sourceTree = "<group>";
		};
		3C65DADB1E836BE9004AD96D /* CertificateKit */ = {
			isa = PBXGroup;
			children = (
				3C6FE49D1EF4C0EF002021E3 /* Extensions */,
				67F686EF1FC8FAE400BB7AE8 /* Getters */,
				3C2A7A511F284DC700AA12B4 /* CKGetter.h */,
				3C2A7A521F284DC700AA12B4 /* CKGetter.m */,
				3C36B3B62041310E005C66E8 /* CKGetterOptions.h */,
				3C36B3B72041310E005C66E8 /* CKGetterOptions.m */,
				3CC1E9341F035AFB00ED9BAA /* CKServerInfo.h */,
				3CC1E9351F035AFB00ED9BAA /* CKServerInfo.m */,
				3C65DAE61E836C15004AD96D /* CKCertificate.h */,
				3C65DAE71E836C15004AD96D /* CKCertificate.m */,
				3C1D28AA2009677300A606BB /* CKNameObject.h */,
				3C1D28AB2009677300A606BB /* CKNameObject.m */,
				A15D41B81EB1797F0070FF87 /* CKCertificatePublicKey.h */,
				A15D41B91EB1797F0070FF87 /* CKCertificatePublicKey.m */,
				3C65DAE81E836C15004AD96D /* CKCertificateChain.h */,
				3C65DAE91E836C15004AD96D /* CKCertificateChain.m */,
				3C28D0B2204209E8004C260F /* CKRevoked.h */,
				3C28D0B3204209E8004C260F /* CKRevoked.m */,
				3C70425020100CA900BE941A /* CKOCSPManager.h */,
				3C70425120100CA900BE941A /* CKOCSPManager.m */,
				3C36B3B220412564005C66E8 /* CKOCSPResponse.h */,
				3C36B3B320412564005C66E8 /* CKOCSPResponse.m */,
				3CF677282046335D00A3B4C1 /* CKCRLManager.h */,
				3CF677292046335D00A3B4C1 /* CKCRLManager.m */,
				3CF6772C2046338900A3B4C1 /* CKCRLResponse.h */,
				3CF6772D2046338900A3B4C1 /* CKCRLResponse.m */,
				3C65DADC1E836BE9004AD96D /* CertificateKit.h */,
				3C65DADD1E836BE9004AD96D /* Info.plist */,
				3CC1E9321F035A3400ED9BAA /* curl.framework */,
				3C65DAF01E836C15004AD96D /* openssl.framework */,
			);
			path = CertificateKit;
			sourceTree = "<group>";
		};
		3C6FE49D1EF4C0EF002021E3 /* Extensions */ = {
			isa = PBXGroup;
			children = (
				3C7DE6041EF700FE00DC2AD6 /* CKCertificateChain+EnumValues.h */,
				3C7DE6051EF700FE00DC2AD6 /* CKCertificateChain+EnumValues.m */,
				3C65DAEE1E836C15004AD96D /* NSDate+ASN1_TIME.h */,
				3C65DAEF1E836C15004AD96D /* NSDate+ASN1_TIME.m */,
			);
			path = Extensions;
			sourceTree = "<group>";
		};
		3CC6521C1DB06DF2001FB7E1 /* Localization */ = {
			isa = PBXGroup;
			children = (
				3CC652411DB0714E001FB7E1 /* Strings */,
				3CC652201DB06E5F001FB7E1 /* UI Elements */,
				3CC6521D1DB06E1A001FB7E1 /* lang.h */,
				3CC6521E1DB06E1A001FB7E1 /* lang.m */,
			);
			path = Localization;
			sourceTree = "<group>";
		};
		3CC652201DB06E5F001FB7E1 /* UI Elements */ = {
			isa = PBXGroup;
			children = (
				3C1D28A3200959B800A606BB /* GradientView.h */,
				3C1D28A4200959B800A606BB /* GradientView.m */,
				3C0C6F321E7CCB6400E6FCA2 /* UILang.h */,
				3C0C6F331E7CCB6400E6FCA2 /* UILang.m */,
			);
			path = "UI Elements";
			sourceTree = "<group>";
		};
		3CC652411DB0714E001FB7E1 /* Strings */ = {
			isa = PBXGroup;
			children = (
				3CC652421DB07166001FB7E1 /* en.plist */,
			);
			path = Strings;
			sourceTree = "<group>";
		};
		3CE5D2AA1E199FEF009500E5 /* Classes */ = {
			isa = PBXGroup;
			children = (
				3CF67730204643CB00A3B4C1 /* UserOptions.h */,
				3CF67731204643CB00A3B4C1 /* UserOptions.m */,
				3CF7E3431F789E9800EEEE21 /* NSAtomicNumber.h */,
				3CF7E3441F789E9800EEEE21 /* NSAtomicNumber.m */,
				3CBD8B911E7CE8D600F2A637 /* AppState.h */,
				3CBD8B921E7CE8D600F2A637 /* AppState.m */,
				A11600091EEB086800D98E8F /* Storage.h */,
				A116000A1EEB086800D98E8F /* Storage.m */,
				3CE5D2A71E199FE9009500E5 /* CertificateReminderManager.h */,
				3CE5D2A81E199FE9009500E5 /* CertificateReminderManager.m */,
				3C65C2D61E7482F300D88074 /* DNSResolver.h */,
				3C65C2D71E7482F300D88074 /* DNSResolver.m */,
			);
			path = Classes;
			sourceTree = "<group>";
		};
		3CF397421EB50E0900E8DBF4 /* CertificateKitTests */ = {
			isa = PBXGroup;
			children = (
				3CF397431EB50E0900E8DBF4 /* CertificateKitTests.m */,
				3CF397451EB50E0900E8DBF4 /* Info.plist */,
			);
			path = CertificateKitTests;
			sourceTree = "<group>";
		};
		3CFAE6CD1CA8440400CD946B = {
			isa = PBXGroup;
			children = (
				3CFAE6D81CA8440400CD946B /* TLS Inspector */,
				3C43EF831D7A987F00AE65E9 /* Inspect Website */,
				3C65DADB1E836BE9004AD96D /* CertificateKit */,
				3CF397421EB50E0900E8DBF4 /* CertificateKitTests */,
				3CFAE6D71CA8440400CD946B /* Products */,
				A1BA8BE21E8EB2B30004FB0F /* Frameworks */,
			);
			sourceTree = "<group>";
		};
		3CFAE6D71CA8440400CD946B /* Products */ = {
			isa = PBXGroup;
			children = (
				3CFAE6D61CA8440400CD946B /* TLS Inspector.app */,
				3C43EF821D7A987F00AE65E9 /* Inspect Website.appex */,
				3C65DADA1E836BE9004AD96D /* CertificateKit.framework */,
				3CF397411EB50E0900E8DBF4 /* CertificateKitTests.xctest */,
			);
			name = Products;
			sourceTree = "<group>";
		};
		3CFAE6D81CA8440400CD946B /* TLS Inspector */ = {
			isa = PBXGroup;
			children = (
				A11600071EEB083500D98E8F /* TLS Inspector.entitlements */,
				3CE5D2AA1E199FEF009500E5 /* Classes */,
				3CC6521C1DB06DF2001FB7E1 /* Localization */,
				3CFAE6D91CA8440400CD946B /* Supporting Files */,
				3CFAE6F31CA8464200CD946B /* View Controllers */,
				3CFAE6DC1CA8440400CD946B /* AppDelegate.h */,
				3CFAE6DD1CA8440400CD946B /* AppDelegate.m */,
				3CFAE6E51CA8440400CD946B /* Assets.xcassets */,
				3CFAE6EA1CA8440400CD946B /* Info.plist */,
				3C5D129D1D05287F004B6E12 /* Launch Screen.storyboard */,
				3CC6523E1DB0710C001FB7E1 /* Main.storyboard */,
			);
			path = "TLS Inspector";
			sourceTree = "<group>";
		};
		3CFAE6D91CA8440400CD946B /* Supporting Files */ = {
			isa = PBXGroup;
			children = (
				3C50968F1E7CC8A900AEAAB2 /* Frameworks */,
				3C28B1151E881D1300715A5A /* UI */,
				3C7C95071D7AA03500902E18 /* ActionTipTarget.h */,
				3C7C95081D7AA03500902E18 /* ActionTipTarget.m */,
				3C04EE631CB4B3F100F56B68 /* PrefixHeader.pch */,
				3C28B1161E88201400715A5A /* defines.pch */,
				3CF29A051D2CBC9C00FD9603 /* RecentDomains.h */,
				3CF29A061D2CBC9C00FD9603 /* RecentDomains.m */,
				3C2A7A661F2858A100AA12B4 /* FontAwesome.ttf */,
				3CFAE6DA1CA8440400CD946B /* main.m */,
			);
			path = "Supporting Files";
			sourceTree = "<group>";
		};
		3CFAE6F31CA8464200CD946B /* View Controllers */ = {
			isa = PBXGroup;
			children = (
				67D03D821F82EF5500981806 /* More */,
				3C2A7A551F28561300AA12B4 /* GetterTableViewController.h */,
				3C2A7A561F28561300AA12B4 /* GetterTableViewController.m */,
				A156228F1EEA065600D61FB5 /* InitialNavigationController.h */,
				A15622901EEA065600D61FB5 /* InitialNavigationController.m */,
				3C5FA7C01CA852DF00C79D2B /* CertificateListTableViewController.h */,
				3C5FA7C11CA852DF00C79D2B /* CertificateListTableViewController.m */,
				3CFAE6F01CA8463900CD946B /* InputTableViewController.h */,
				3CFAE6F11CA8463900CD946B /* InputTableViewController.m */,
				3CE03EB01D88FE210081EF50 /* InspectorListTableViewController.h */,
				3CE03EB11D88FE210081EF50 /* InspectorListTableViewController.m */,
				3CFF7E6E20098FD900478E0A /* CertificateTableViewController.h */,
				3CFF7E6F20098FD900478E0A /* CertificateTableViewController.m */,
				3CBD8B951E7CF0F900F2A637 /* SplitViewController.h */,
				3CBD8B961E7CF0F900F2A637 /* SplitViewController.m */,
			);
			path = "View Controllers";
			sourceTree = "<group>";
		};
		67D03D821F82EF5500981806 /* More */ = {
			isa = PBXGroup;
			children = (
				67D03D7F1F82EF3700981806 /* OptionsTableViewController.h */,
				67D03D801F82EF3700981806 /* OptionsTableViewController.m */,
				67D03D7C1F82EC7900981806 /* MoreTableViewController.h */,
				67D03D7D1F82EC7900981806 /* MoreTableViewController.m */,
				3C5D129F1D0531BD004B6E12 /* AboutViewController.h */,
				3C5D12A01D0531BD004B6E12 /* AboutViewController.m */,
			);
			path = More;
			sourceTree = "<group>";
		};
		67F686EF1FC8FAE400BB7AE8 /* Getters */ = {
			isa = PBXGroup;
			children = (
				67F686EA1FC8FACD00BB7AE8 /* CKServerInfoGetter.h */,
				67F686EB1FC8FACD00BB7AE8 /* CKServerInfoGetter.m */,
				67F686E61FC8FAB800BB7AE8 /* CKCertificateChainGetter.h */,
				67F686E71FC8FAB800BB7AE8 /* CKCertificateChainGetter.m */,
				67F686E21FC8FAA200BB7AE8 /* CKGetterTask.h */,
				67F686E31FC8FAA200BB7AE8 /* CKGetterTask.m */,
			);
			path = Getters;
			sourceTree = "<group>";
		};
		A16ABDA41E844BFD007779BE /* UI Elements */ = {
			isa = PBXGroup;
			children = (
				3CFF7E742009907200478E0A /* CertificateTableRowSection.h */,
				3CFF7E752009907200478E0A /* CertificateTableRowSection.m */,
				3CFF7E712009900F00478E0A /* CertificateTableRowItem.h */,
				3CFF7E722009900F00478E0A /* CertificateTableRowItem.m */,
				A16ABDA11E844BF9007779BE /* TitleValueTableViewCell.h */,
				A16ABDA21E844BF9007779BE /* TitleValueTableViewCell.m */,
				3C2B8B861F69877800A54769 /* IconTableViewCell.h */,
				3C2B8B871F69877800A54769 /* IconTableViewCell.m */,
			);
			path = "UI Elements";
			sourceTree = "<group>";
		};
		A1BA8BE21E8EB2B30004FB0F /* Frameworks */ = {
			isa = PBXGroup;
			children = (
				A1BA8BE31E8EB2B30004FB0F /* SafariServices.framework */,
			);
			name = Frameworks;
			sourceTree = "<group>";
		};
/* End PBXGroup section */

/* Begin PBXHeadersBuildPhase section */
		3C65DAD71E836BE9004AD96D /* Headers */ = {
			isa = PBXHeadersBuildPhase;
			buildActionMask = 2147483647;
			files = (
				67F686E41FC8FAA200BB7AE8 /* CKGetterTask.h in Headers */,
				3CF6772A2046335D00A3B4C1 /* CKCRLManager.h in Headers */,
				3C65DAF31E836C15004AD96D /* CKCertificateChain.h in Headers */,
				3C65DAF91E836C15004AD96D /* NSDate+ASN1_TIME.h in Headers */,
				67F686E81FC8FAB800BB7AE8 /* CKCertificateChainGetter.h in Headers */,
				3CF6772E2046338900A3B4C1 /* CKCRLResponse.h in Headers */,
				3C36B3B420412564005C66E8 /* CKOCSPResponse.h in Headers */,
				3C65DADE1E836BE9004AD96D /* CertificateKit.h in Headers */,
				A15D41BA1EB1797F0070FF87 /* CKCertificatePublicKey.h in Headers */,
				3C36B3B82041310E005C66E8 /* CKGetterOptions.h in Headers */,
				67F686EC1FC8FACD00BB7AE8 /* CKServerInfoGetter.h in Headers */,
				3C1D28AC2009677300A606BB /* CKNameObject.h in Headers */,
				3C65DAF11E836C15004AD96D /* CKCertificate.h in Headers */,
				3C7DE6061EF700FE00DC2AD6 /* CKCertificateChain+EnumValues.h in Headers */,
				3C70425220100CA900BE941A /* CKOCSPManager.h in Headers */,
				3CC1E9361F035AFB00ED9BAA /* CKServerInfo.h in Headers */,
				3C2A7A531F284DC700AA12B4 /* CKGetter.h in Headers */,
				3C28D0B4204209E8004C260F /* CKRevoked.h in Headers */,
			);
			runOnlyForDeploymentPostprocessing = 0;
		};
/* End PBXHeadersBuildPhase section */

/* Begin PBXNativeTarget section */
		3C43EF811D7A987F00AE65E9 /* Inspect Website */ = {
			isa = PBXNativeTarget;
			buildConfigurationList = 3C43EF901D7A987F00AE65E9 /* Build configuration list for PBXNativeTarget "Inspect Website" */;
			buildPhases = (
				3C43EF7E1D7A987F00AE65E9 /* Sources */,
				3C43EF7F1D7A987F00AE65E9 /* Frameworks */,
				3C43EF801D7A987F00AE65E9 /* Resources */,
				3CA0F0201D84D5F700AA9307 /* Remove Frameworks */,
			);
			buildRules = (
			);
			dependencies = (
			);
			name = "Inspect Website";
			productName = "Inspect Website";
			productReference = 3C43EF821D7A987F00AE65E9 /* Inspect Website.appex */;
			productType = "com.apple.product-type.app-extension";
		};
		3C65DAD91E836BE9004AD96D /* CertificateKit */ = {
			isa = PBXNativeTarget;
			buildConfigurationList = 3C65DAE31E836BE9004AD96D /* Build configuration list for PBXNativeTarget "CertificateKit" */;
			buildPhases = (
				3C65DAD51E836BE9004AD96D /* Sources */,
				3C65DAD61E836BE9004AD96D /* Frameworks */,
				3C65DAD71E836BE9004AD96D /* Headers */,
				3C65DAD81E836BE9004AD96D /* Resources */,
			);
			buildRules = (
			);
			dependencies = (
			);
			name = CertificateKit;
			productName = CertificateKit;
			productReference = 3C65DADA1E836BE9004AD96D /* CertificateKit.framework */;
			productType = "com.apple.product-type.framework";
		};
		3CF397401EB50E0900E8DBF4 /* CertificateKitTests */ = {
			isa = PBXNativeTarget;
			buildConfigurationList = 3CF397481EB50E0900E8DBF4 /* Build configuration list for PBXNativeTarget "CertificateKitTests" */;
			buildPhases = (
				3CF3973D1EB50E0900E8DBF4 /* Sources */,
				3CF3973E1EB50E0900E8DBF4 /* Frameworks */,
				3CF3973F1EB50E0900E8DBF4 /* Resources */,
			);
			buildRules = (
			);
			dependencies = (
				3CF397471EB50E0900E8DBF4 /* PBXTargetDependency */,
			);
			name = CertificateKitTests;
			productName = CertificateKitTests;
			productReference = 3CF397411EB50E0900E8DBF4 /* CertificateKitTests.xctest */;
			productType = "com.apple.product-type.bundle.unit-test";
		};
		3CFAE6D51CA8440400CD946B /* TLS Inspector */ = {
			isa = PBXNativeTarget;
			buildConfigurationList = 3CFAE6ED1CA8440400CD946B /* Build configuration list for PBXNativeTarget "TLS Inspector" */;
			buildPhases = (
				3CCADFE61E3EB05A0087B1DD /* Export */,
				3CFAE6D21CA8440400CD946B /* Sources */,
				3CFAE6D31CA8440400CD946B /* Frameworks */,
				3CFAE6D41CA8440400CD946B /* Resources */,
				3C43EF911D7A987F00AE65E9 /* Embed App Extensions */,
				3CB56A131D8494D300A7D303 /* Embed Frameworks */,
			);
			buildRules = (
			);
			dependencies = (
				3C43EF8C1D7A987F00AE65E9 /* PBXTargetDependency */,
				3C65DAE01E836BE9004AD96D /* PBXTargetDependency */,
			);
			name = "TLS Inspector";
			productName = "TLS Inspector";
			productReference = 3CFAE6D61CA8440400CD946B /* TLS Inspector.app */;
			productType = "com.apple.product-type.application";
		};
/* End PBXNativeTarget section */

/* Begin PBXProject section */
		3CFAE6CE1CA8440400CD946B /* Project object */ = {
			isa = PBXProject;
			attributes = {
				LastUpgradeCheck = 0900;
				ORGANIZATIONNAME = "Ian Spence";
				TargetAttributes = {
					3C43EF811D7A987F00AE65E9 = {
						CreatedOnToolsVersion = 8.0;
						DevelopmentTeam = WCW84NC7Y8;
						ProvisioningStyle = Automatic;
						SystemCapabilities = {
							com.apple.ApplicationGroups.iOS = {
								enabled = 1;
							};
						};
					};
					3C65DAD91E836BE9004AD96D = {
						CreatedOnToolsVersion = 8.2.1;
						ProvisioningStyle = Manual;
					};
					3CF397401EB50E0900E8DBF4 = {
						CreatedOnToolsVersion = 8.3.2;
						ProvisioningStyle = Manual;
						TestTargetID = 3CFAE6D51CA8440400CD946B;
					};
					3CFAE6D51CA8440400CD946B = {
						CreatedOnToolsVersion = 7.3;
						DevelopmentTeam = WCW84NC7Y8;
						LastSwiftMigration = 0800;
						ProvisioningStyle = Automatic;
						SystemCapabilities = {
							com.apple.ApplicationGroups.iOS = {
								enabled = 1;
							};
						};
					};
				};
			};
			buildConfigurationList = 3CFAE6D11CA8440400CD946B /* Build configuration list for PBXProject "TLS Inspector" */;
			compatibilityVersion = "Xcode 3.2";
			developmentRegion = English;
			hasScannedForEncodings = 0;
			knownRegions = (
				en,
				Base,
			);
			mainGroup = 3CFAE6CD1CA8440400CD946B;
			productRefGroup = 3CFAE6D71CA8440400CD946B /* Products */;
			projectDirPath = "";
			projectRoot = "";
			targets = (
				3CFAE6D51CA8440400CD946B /* TLS Inspector */,
				3C43EF811D7A987F00AE65E9 /* Inspect Website */,
				3C65DAD91E836BE9004AD96D /* CertificateKit */,
				3CF397401EB50E0900E8DBF4 /* CertificateKitTests */,
			);
		};
/* End PBXProject section */

/* Begin PBXResourcesBuildPhase section */
		3C43EF801D7A987F00AE65E9 /* Resources */ = {
			isa = PBXResourcesBuildPhase;
			buildActionMask = 2147483647;
			files = (
				3C7B9F7D1F68F52A00C99092 /* FontAwesome.ttf in Resources */,
				3CC652441DB071DF001FB7E1 /* en.plist in Resources */,
				3CC652401DB0711F001FB7E1 /* Main.storyboard in Resources */,
				3C3104EE1D83C4A40093909E /* Launch Screen.storyboard in Resources */,
				3C3104F01D83C4C30093909E /* Extension.storyboard in Resources */,
				3CEAA5071D83CCD10011A706 /* Assets.xcassets in Resources */,
			);
			runOnlyForDeploymentPostprocessing = 0;
		};
		3C65DAD81E836BE9004AD96D /* Resources */ = {
			isa = PBXResourcesBuildPhase;
			buildActionMask = 2147483647;
			files = (
			);
			runOnlyForDeploymentPostprocessing = 0;
		};
		3CF3973F1EB50E0900E8DBF4 /* Resources */ = {
			isa = PBXResourcesBuildPhase;
			buildActionMask = 2147483647;
			files = (
				3CF3974C1EB510FE00E8DBF4 /* DomainList.plist in Resources */,
			);
			runOnlyForDeploymentPostprocessing = 0;
		};
		3CFAE6D41CA8440400CD946B /* Resources */ = {
			isa = PBXResourcesBuildPhase;
			buildActionMask = 2147483647;
			files = (
				3C2A7A671F285C5F00AA12B4 /* FontAwesome.ttf in Resources */,
				3CFAE6E61CA8440400CD946B /* Assets.xcassets in Resources */,
				3C5D129E1D05287F004B6E12 /* Launch Screen.storyboard in Resources */,
				3CC652431DB07166001FB7E1 /* en.plist in Resources */,
				3CC6523F1DB0710C001FB7E1 /* Main.storyboard in Resources */,
				A15CB48C1EB11DAC002EE845 /* DomainList.plist in Resources */,
			);
			runOnlyForDeploymentPostprocessing = 0;
		};
/* End PBXResourcesBuildPhase section */

/* Begin PBXShellScriptBuildPhase section */
		3CA0F0201D84D5F700AA9307 /* Remove Frameworks */ = {
			isa = PBXShellScriptBuildPhase;
			buildActionMask = 2147483647;
			files = (
			);
			inputPaths = (
			);
			name = "Remove Frameworks";
			outputPaths = (
			);
			runOnlyForDeploymentPostprocessing = 0;
			shellPath = /bin/sh;
			shellScript = "cd \"${CONFIGURATION_BUILD_DIR}/${UNLOCALIZED_RESOURCES_FOLDER_PATH}/\"\nif [[ -d \"Frameworks\" ]]; then\nrm -fr Frameworks\nfi";
		};
		3CCADFE61E3EB05A0087B1DD /* Export */ = {
			isa = PBXShellScriptBuildPhase;
			buildActionMask = 2147483647;
			files = (
			);
			inputPaths = (
			);
			name = Export;
			outputPaths = (
			);
			runOnlyForDeploymentPostprocessing = 0;
			shellPath = /bin/sh;
			shellScript = "DEFINES_HEADER=\"TLS Inspector/Supporting Files/defines.pch\"\n\necho \"// THIS FILE IS AUTOMATICALLY GENERATED DURING COMPILE\" > $DEFINES_HEADER\necho \"// Any changes to this file will be lost!\" >> $DEFINES_HEADER\necho \"// Edit the \\\"Export\\\" Build Phase to update this file\" >> $DEFINES_HEADER\necho \"#define GIT_BRANCH @\\\"\"$(git symbolic-ref --short HEAD)\"\\\"\" >> $DEFINES_HEADER\necho \"#define GIT_REVISION @\\\"\"$(git --no-pager show --oneline --quiet --format=%h)\"\\\"\" >> $DEFINES_HEADER\necho \"#define GIT_AUTHOR @\\\"\"$(git --no-pager show -s --format='%an <%ae>' HEAD)\"\\\"\" >> $DEFINES_HEADER\necho \"#define GIT_MESSAGE @\\\"\"$(git --no-pager show -s --format='%B' HEAD | head -n 1)\"\\\"\" >> $DEFINES_HEADER\necho \"#define GIT_VERSION @\\\"\"$(git --version)\"\\\"\" >> $DEFINES_HEADER\necho \"#define GIT_PATH @\\\"\"$(which git)\"\\\"\" >> $DEFINES_HEADER\necho \"#define OS_HOSTNAME @\\\"\"$(hostname)\"\\\"\" >> $DEFINES_HEADER\necho \"#define OS_KERNEL_VERSION @\\\"\"$(uname -v)\"\\\"\" >> $DEFINES_HEADER\necho \"#define COMPILE_TIME @\\\"\"$(date)\"\\\"\" >> $DEFINES_HEADER\necho \"#define GIT_TAG @\\\"\"$(git describe --tags)\"\\\"\" >> $DEFINES_HEADER\n";
		};
/* End PBXShellScriptBuildPhase section */

/* Begin PBXSourcesBuildPhase section */
		3C43EF7E1D7A987F00AE65E9 /* Sources */ = {
			isa = PBXSourcesBuildPhase;
			buildActionMask = 2147483647;
			files = (
				3CF7E33B1F78900900EEEE21 /* FAImageView.m in Sources */,
				3CF7E33C1F78900900EEEE21 /* NSString+FontAwesome.m in Sources */,
				3CF7E33D1F78900900EEEE21 /* UIFont+FontAwesome.m in Sources */,
				A1BA8BE61E8EB3530004FB0F /* DNSResolver.m in Sources */,
				A16ABDA51E844C8A007779BE /* TitleValueTableViewCell.m in Sources */,
				3CF67733204643CB00A3B4C1 /* UserOptions.m in Sources */,
				3C2A7A581F28561700AA12B4 /* GetterTableViewController.m in Sources */,
				3CE5D2AB1E19A4A6009500E5 /* CertificateReminderManager.m in Sources */,
				3CBD8B941E7CE8D600F2A637 /* AppState.m in Sources */,
				3C5096991E7CCA1900AEAAB2 /* MBProgressHUD.m in Sources */,
				3CC6523D1DB07035001FB7E1 /* lang.m in Sources */,
				3CFF7E772009958A00478E0A /* CertificateTableViewController.m in Sources */,
				3CF7E3461F789E9800EEEE21 /* NSAtomicNumber.m in Sources */,
				3C3104E91D83C02E0093909E /* CertificateListTableViewController.m in Sources */,
				3CFF7E782009962C00478E0A /* CertificateTableRowSection.m in Sources */,
				3C2B8B891F69877C00A54769 /* IconTableViewCell.m in Sources */,
				3CBD8B981E7CF0F900F2A637 /* SplitViewController.m in Sources */,
				3C7C950A1D7AA07100902E18 /* ActionTipTarget.m in Sources */,
				3C7C95061D7A9F4100902E18 /* UIHelper.m in Sources */,
				3C0C6F351E7CCB6400E6FCA2 /* UILang.m in Sources */,
				3C5096A11E7CCA7A00AEAAB2 /* UIDevice+PlatformString.m in Sources */,
				3C5096A21E7CCA7C00AEAAB2 /* AppLinks.m in Sources */,
				3CFF7E792009962F00478E0A /* CertificateTableRowItem.m in Sources */,
				3CE03EB31D88FE210081EF50 /* InspectorListTableViewController.m in Sources */,
				3C3104F41D83C5C70093909E /* InitialViewController.m in Sources */,
				A116000C1EEB086800D98E8F /* Storage.m in Sources */,
			);
			runOnlyForDeploymentPostprocessing = 0;
		};
		3C65DAD51E836BE9004AD96D /* Sources */ = {
			isa = PBXSourcesBuildPhase;
			buildActionMask = 2147483647;
			files = (
				3C65DAF21E836C15004AD96D /* CKCertificate.m in Sources */,
				3CB4F158200451CD00A9CF51 /* CKCertificateChainGetter.m in Sources */,
				3C36B3B520412564005C66E8 /* CKOCSPResponse.m in Sources */,
				3CF6772B2046335D00A3B4C1 /* CKCRLManager.m in Sources */,
				3CF6772F2046338900A3B4C1 /* CKCRLResponse.m in Sources */,
				3CC1E9371F035AFB00ED9BAA /* CKServerInfo.m in Sources */,
				3C65DAF41E836C15004AD96D /* CKCertificateChain.m in Sources */,
				3C70425320100CA900BE941A /* CKOCSPManager.m in Sources */,
				3C2A7A541F284DC700AA12B4 /* CKGetter.m in Sources */,
				3C7DE6071EF700FE00DC2AD6 /* CKCertificateChain+EnumValues.m in Sources */,
				A15D41BB1EB1797F0070FF87 /* CKCertificatePublicKey.m in Sources */,
				3CB4F159200451D000A9CF51 /* CKGetterTask.m in Sources */,
				3C65DAFA1E836C15004AD96D /* NSDate+ASN1_TIME.m in Sources */,
				3CB4F157200451C800A9CF51 /* CKServerInfoGetter.m in Sources */,
				3C28D0B5204209E8004C260F /* CKRevoked.m in Sources */,
				3C1D28AD2009677300A606BB /* CKNameObject.m in Sources */,
				3C36B3B92041310E005C66E8 /* CKGetterOptions.m in Sources */,
			);
			runOnlyForDeploymentPostprocessing = 0;
		};
		3CF3973D1EB50E0900E8DBF4 /* Sources */ = {
			isa = PBXSourcesBuildPhase;
			buildActionMask = 2147483647;
			files = (
				3CF397441EB50E0900E8DBF4 /* CertificateKitTests.m in Sources */,
			);
			runOnlyForDeploymentPostprocessing = 0;
		};
		3CFAE6D21CA8440400CD946B /* Sources */ = {
			isa = PBXSourcesBuildPhase;
			buildActionMask = 2147483647;
			files = (
				3C0C6F341E7CCB6400E6FCA2 /* UILang.m in Sources */,
				A16ABDA31E844BF9007779BE /* TitleValueTableViewCell.m in Sources */,
				3C2A7A621F28589000AA12B4 /* FAImageView.m in Sources */,
				3CBD8B931E7CE8D600F2A637 /* AppState.m in Sources */,
				3CC6521F1DB06E1A001FB7E1 /* lang.m in Sources */,
				3C5D12A11D0531BD004B6E12 /* AboutViewController.m in Sources */,
				3C2A7A631F28589000AA12B4 /* NSString+FontAwesome.m in Sources */,
				3CFAE6DE1CA8440400CD946B /* AppDelegate.m in Sources */,
				3C50969F1E7CCA7600AEAAB2 /* AppLinks.m in Sources */,
				3C7C95091D7AA03500902E18 /* ActionTipTarget.m in Sources */,
				67D03D811F82EF3700981806 /* OptionsTableViewController.m in Sources */,
				67D03D7E1F82EC7900981806 /* MoreTableViewController.m in Sources */,
				3CF7E3451F789E9800EEEE21 /* NSAtomicNumber.m in Sources */,
				A15622911EEA065600D61FB5 /* InitialNavigationController.m in Sources */,
				3CFF7E7020098FD900478E0A /* CertificateTableViewController.m in Sources */,
				3CBD8B971E7CF0F900F2A637 /* SplitViewController.m in Sources */,
				3CFF7E732009900F00478E0A /* CertificateTableRowItem.m in Sources */,
				3C5096981E7CC9FC00AEAAB2 /* MBProgressHUD.m in Sources */,
				3CF29A071D2CBC9C00FD9603 /* RecentDomains.m in Sources */,
				3C5096A01E7CCA7600AEAAB2 /* UIDevice+PlatformString.m in Sources */,
				3CE5D2A91E199FE9009500E5 /* CertificateReminderManager.m in Sources */,
				A116000B1EEB086800D98E8F /* Storage.m in Sources */,
				3CFAE6F21CA8463900CD946B /* InputTableViewController.m in Sources */,
				3C2A7A571F28561300AA12B4 /* GetterTableViewController.m in Sources */,
				3C1D28A5200959B800A606BB /* GradientView.m in Sources */,
				3CF67732204643CB00A3B4C1 /* UserOptions.m in Sources */,
				3CFAE6DB1CA8440400CD946B /* main.m in Sources */,
				3C2A7A651F28589000AA12B4 /* UIImage+FontAwesome.m in Sources */,
				3CFF7E762009907200478E0A /* CertificateTableRowSection.m in Sources */,
				3C04EE5F1CB4A23900F56B68 /* UIHelper.m in Sources */,
				3C65C2D81E7482F300D88074 /* DNSResolver.m in Sources */,
				3C2B8B881F69877800A54769 /* IconTableViewCell.m in Sources */,
				3C5FA7C21CA852DF00C79D2B /* CertificateListTableViewController.m in Sources */,
				3CE03EB21D88FE210081EF50 /* InspectorListTableViewController.m in Sources */,
				3C2A7A641F28589000AA12B4 /* UIFont+FontAwesome.m in Sources */,
			);
			runOnlyForDeploymentPostprocessing = 0;
		};
/* End PBXSourcesBuildPhase section */

/* Begin PBXTargetDependency section */
		3C43EF8C1D7A987F00AE65E9 /* PBXTargetDependency */ = {
			isa = PBXTargetDependency;
			target = 3C43EF811D7A987F00AE65E9 /* Inspect Website */;
			targetProxy = 3C43EF8B1D7A987F00AE65E9 /* PBXContainerItemProxy */;
		};
		3C65DAE01E836BE9004AD96D /* PBXTargetDependency */ = {
			isa = PBXTargetDependency;
			target = 3C65DAD91E836BE9004AD96D /* CertificateKit */;
			targetProxy = 3C65DADF1E836BE9004AD96D /* PBXContainerItemProxy */;
		};
		3CF397471EB50E0900E8DBF4 /* PBXTargetDependency */ = {
			isa = PBXTargetDependency;
			target = 3CFAE6D51CA8440400CD946B /* TLS Inspector */;
			targetProxy = 3CF397461EB50E0900E8DBF4 /* PBXContainerItemProxy */;
		};
/* End PBXTargetDependency section */

/* Begin XCBuildConfiguration section */
		3C43EF8E1D7A987F00AE65E9 /* Debug */ = {
			isa = XCBuildConfiguration;
			buildSettings = {
				ASSETCATALOG_COMPILER_APPICON_NAME = AppIcon;
				CLANG_WARN_DOCUMENTATION_COMMENTS = YES;
				CLANG_WARN_SUSPICIOUS_MOVES = YES;
				CODE_SIGN_ENTITLEMENTS = "Inspect Website/Inspect Website.entitlements";
				"CODE_SIGN_IDENTITY[sdk=iphoneos*]" = "iPhone Developer";
				CODE_SIGN_STYLE = Automatic;
				DEVELOPMENT_TEAM = WCW84NC7Y8;
				GCC_PRECOMPILE_PREFIX_HEADER = YES;
				GCC_PREFIX_HEADER = "$(SRCROOT)/Inspect Website/InspectWebsite_PrefixHeader.pch";
				HEADER_SEARCH_PATHS = "$(PROJECT_DIR)/TLS\\ Inspector/Supporting\\ Files/Frameworks/**";
				INFOPLIST_FILE = "Inspect Website/Info.plist";
				IPHONEOS_DEPLOYMENT_TARGET = 9.3;
				LD_RUNPATH_SEARCH_PATHS = "$(inherited) @executable_path/Frameworks @executable_path/../../Frameworks";
				OTHER_CFLAGS = (
					"$(inherited)",
					"-isystem",
					"\"${PODS_ROOT}/Headers/Public\"",
					"-isystem",
					"\"${PODS_ROOT}/Headers/Public/OpenSSL-Universal\"",
					"-DEXTENSION",
				);
				PRODUCT_BUNDLE_IDENTIFIER = "com.ecnepsnai.Certificate-Inspector.Inspect-Website";
				PRODUCT_NAME = "$(TARGET_NAME)";
				PROVISIONING_PROFILE_SPECIFIER = "";
				SKIP_INSTALL = YES;
				TARGETED_DEVICE_FAMILY = "1,2";
			};
			name = Debug;
		};
		3C43EF8F1D7A987F00AE65E9 /* Release */ = {
			isa = XCBuildConfiguration;
			buildSettings = {
				ASSETCATALOG_COMPILER_APPICON_NAME = AppIcon;
				CLANG_WARN_DOCUMENTATION_COMMENTS = YES;
				CLANG_WARN_SUSPICIOUS_MOVES = YES;
				CODE_SIGN_ENTITLEMENTS = "Inspect Website/Inspect Website.entitlements";
				"CODE_SIGN_IDENTITY[sdk=iphoneos*]" = "iPhone Developer";
				CODE_SIGN_STYLE = Automatic;
				DEVELOPMENT_TEAM = WCW84NC7Y8;
				GCC_PRECOMPILE_PREFIX_HEADER = YES;
				GCC_PREFIX_HEADER = "$(SRCROOT)/Inspect Website/InspectWebsite_PrefixHeader.pch";
				HEADER_SEARCH_PATHS = "$(PROJECT_DIR)/TLS\\ Inspector/Supporting\\ Files/Frameworks/**";
				INFOPLIST_FILE = "Inspect Website/Info.plist";
				IPHONEOS_DEPLOYMENT_TARGET = 9.3;
				LD_RUNPATH_SEARCH_PATHS = "$(inherited) @executable_path/Frameworks @executable_path/../../Frameworks";
				OTHER_CFLAGS = (
					"$(inherited)",
					"-isystem",
					"\"${PODS_ROOT}/Headers/Public\"",
					"-isystem",
					"\"${PODS_ROOT}/Headers/Public/OpenSSL-Universal\"",
					"-DEXTENSION",
				);
				PRODUCT_BUNDLE_IDENTIFIER = "com.ecnepsnai.Certificate-Inspector.Inspect-Website";
				PRODUCT_NAME = "$(TARGET_NAME)";
				PROVISIONING_PROFILE_SPECIFIER = "";
				SKIP_INSTALL = YES;
				TARGETED_DEVICE_FAMILY = "1,2";
			};
			name = Release;
		};
		3C65DAE41E836BE9004AD96D /* Debug */ = {
			isa = XCBuildConfiguration;
			buildSettings = {
				CLANG_WARN_DOCUMENTATION_COMMENTS = YES;
				CODE_SIGN_STYLE = Manual;
				CURRENT_PROJECT_VERSION = 1;
				DEFINES_MODULE = YES;
				DEVELOPMENT_TEAM = "";
				DYLIB_COMPATIBILITY_VERSION = 1;
				DYLIB_CURRENT_VERSION = 1;
				DYLIB_INSTALL_NAME_BASE = "@rpath";
				FRAMEWORK_SEARCH_PATHS = (
					"$(inherited)",
					"$(PROJECT_DIR)/CertificateKit",
				);
				INFOPLIST_FILE = CertificateKit/Info.plist;
				INSTALL_PATH = "$(LOCAL_LIBRARY_DIR)/Frameworks";
				IPHONEOS_DEPLOYMENT_TARGET = 9.3;
				LD_RUNPATH_SEARCH_PATHS = "$(inherited) @executable_path/Frameworks @loader_path/Frameworks";
				OTHER_LDFLAGS = "-lz";
				PRODUCT_BUNDLE_IDENTIFIER = com.tlsinspector.CertificateKit;
				PRODUCT_NAME = "$(TARGET_NAME)";
				PROVISIONING_PROFILE_SPECIFIER = "";
				SKIP_INSTALL = YES;
				TARGETED_DEVICE_FAMILY = "1,2";
				VERSIONING_SYSTEM = "apple-generic";
				VERSION_INFO_PREFIX = "";
			};
			name = Debug;
		};
		3C65DAE51E836BE9004AD96D /* Release */ = {
			isa = XCBuildConfiguration;
			buildSettings = {
				CLANG_WARN_DOCUMENTATION_COMMENTS = YES;
				CODE_SIGN_STYLE = Manual;
				CURRENT_PROJECT_VERSION = 1;
				DEFINES_MODULE = YES;
				DEVELOPMENT_TEAM = "";
				DYLIB_COMPATIBILITY_VERSION = 1;
				DYLIB_CURRENT_VERSION = 1;
				DYLIB_INSTALL_NAME_BASE = "@rpath";
				FRAMEWORK_SEARCH_PATHS = (
					"$(inherited)",
					"$(PROJECT_DIR)/CertificateKit",
				);
				INFOPLIST_FILE = CertificateKit/Info.plist;
				INSTALL_PATH = "$(LOCAL_LIBRARY_DIR)/Frameworks";
				IPHONEOS_DEPLOYMENT_TARGET = 9.3;
				LD_RUNPATH_SEARCH_PATHS = "$(inherited) @executable_path/Frameworks @loader_path/Frameworks";
				OTHER_LDFLAGS = "-lz";
				PRODUCT_BUNDLE_IDENTIFIER = com.tlsinspector.CertificateKit;
				PRODUCT_NAME = "$(TARGET_NAME)";
				PROVISIONING_PROFILE_SPECIFIER = "";
				SKIP_INSTALL = YES;
				TARGETED_DEVICE_FAMILY = "1,2";
				VERSIONING_SYSTEM = "apple-generic";
				VERSION_INFO_PREFIX = "";
			};
			name = Release;
		};
		3CF397491EB50E0900E8DBF4 /* Debug */ = {
			isa = XCBuildConfiguration;
			buildSettings = {
				BUNDLE_LOADER = "$(TEST_HOST)";
				CLANG_ANALYZER_NUMBER_OBJECT_CONVERSION = YES_AGGRESSIVE;
				CLANG_WARN_DOCUMENTATION_COMMENTS = YES;
				CODE_SIGN_STYLE = Manual;
				DEVELOPMENT_TEAM = "";
				INFOPLIST_FILE = CertificateKitTests/Info.plist;
				IPHONEOS_DEPLOYMENT_TARGET = 10.3;
				LD_RUNPATH_SEARCH_PATHS = "$(inherited) @executable_path/Frameworks @loader_path/Frameworks";
				PRODUCT_BUNDLE_IDENTIFIER = ecn.CertificateKitTests;
				PRODUCT_NAME = "$(TARGET_NAME)";
				PROVISIONING_PROFILE_SPECIFIER = "";
				TEST_HOST = "$(BUILT_PRODUCTS_DIR)/TLS Inspector.app/TLS Inspector";
			};
			name = Debug;
		};
		3CF3974A1EB50E0900E8DBF4 /* Release */ = {
			isa = XCBuildConfiguration;
			buildSettings = {
				BUNDLE_LOADER = "$(TEST_HOST)";
				CLANG_ANALYZER_NUMBER_OBJECT_CONVERSION = YES_AGGRESSIVE;
				CLANG_WARN_DOCUMENTATION_COMMENTS = YES;
				CODE_SIGN_STYLE = Manual;
				DEVELOPMENT_TEAM = "";
				INFOPLIST_FILE = CertificateKitTests/Info.plist;
				IPHONEOS_DEPLOYMENT_TARGET = 10.3;
				LD_RUNPATH_SEARCH_PATHS = "$(inherited) @executable_path/Frameworks @loader_path/Frameworks";
				PRODUCT_BUNDLE_IDENTIFIER = ecn.CertificateKitTests;
				PRODUCT_NAME = "$(TARGET_NAME)";
				PROVISIONING_PROFILE_SPECIFIER = "";
				TEST_HOST = "$(BUILT_PRODUCTS_DIR)/TLS Inspector.app/TLS Inspector";
			};
			name = Release;
		};
		3CFAE6EB1CA8440400CD946B /* Debug */ = {
			isa = XCBuildConfiguration;
			buildSettings = {
				ALWAYS_SEARCH_USER_PATHS = NO;
				CLANG_ANALYZER_NONNULL = YES;
				CLANG_CXX_LANGUAGE_STANDARD = "gnu++0x";
				CLANG_CXX_LIBRARY = "libc++";
				CLANG_ENABLE_MODULES = YES;
				CLANG_ENABLE_OBJC_ARC = YES;
				CLANG_WARN_BLOCK_CAPTURE_AUTORELEASING = YES;
				CLANG_WARN_BOOL_CONVERSION = YES;
				CLANG_WARN_COMMA = YES;
				CLANG_WARN_CONSTANT_CONVERSION = YES;
				CLANG_WARN_DIRECT_OBJC_ISA_USAGE = YES_ERROR;
				CLANG_WARN_EMPTY_BODY = YES;
				CLANG_WARN_ENUM_CONVERSION = YES;
				CLANG_WARN_INFINITE_RECURSION = YES;
				CLANG_WARN_INT_CONVERSION = YES;
				CLANG_WARN_NON_LITERAL_NULL_CONVERSION = YES;
				CLANG_WARN_OBJC_LITERAL_CONVERSION = YES;
				CLANG_WARN_OBJC_ROOT_CLASS = YES_ERROR;
				CLANG_WARN_RANGE_LOOP_ANALYSIS = YES;
				CLANG_WARN_STRICT_PROTOTYPES = YES;
				CLANG_WARN_SUSPICIOUS_MOVE = YES;
				CLANG_WARN_UNREACHABLE_CODE = YES;
				CLANG_WARN__DUPLICATE_METHOD_MATCH = YES;
				COPY_PHASE_STRIP = NO;
				DEBUG_INFORMATION_FORMAT = dwarf;
				ENABLE_STRICT_OBJC_MSGSEND = YES;
				ENABLE_TESTABILITY = YES;
				GCC_C_LANGUAGE_STANDARD = gnu99;
				GCC_DYNAMIC_NO_PIC = NO;
				GCC_NO_COMMON_BLOCKS = YES;
				GCC_OPTIMIZATION_LEVEL = 0;
				GCC_PREPROCESSOR_DEFINITIONS = (
					"DEBUG=1",
					"$(inherited)",
				);
				GCC_TREAT_INCOMPATIBLE_POINTER_TYPE_WARNINGS_AS_ERRORS = YES;
				GCC_TREAT_WARNINGS_AS_ERRORS = YES;
				GCC_WARN_64_TO_32_BIT_CONVERSION = YES;
				GCC_WARN_ABOUT_MISSING_NEWLINE = YES;
				GCC_WARN_ABOUT_RETURN_TYPE = YES_ERROR;
				GCC_WARN_UNDECLARED_SELECTOR = YES;
				GCC_WARN_UNINITIALIZED_AUTOS = YES_AGGRESSIVE;
				GCC_WARN_UNUSED_FUNCTION = YES;
				GCC_WARN_UNUSED_VARIABLE = YES;
				IPHONEOS_DEPLOYMENT_TARGET = 9.3;
				MTL_ENABLE_DEBUG_INFO = YES;
				ONLY_ACTIVE_ARCH = YES;
				SDKROOT = iphoneos;
			};
			name = Debug;
		};
		3CFAE6EC1CA8440400CD946B /* Release */ = {
			isa = XCBuildConfiguration;
			buildSettings = {
				ALWAYS_SEARCH_USER_PATHS = NO;
				CLANG_ANALYZER_NONNULL = YES;
				CLANG_CXX_LANGUAGE_STANDARD = "gnu++0x";
				CLANG_CXX_LIBRARY = "libc++";
				CLANG_ENABLE_MODULES = YES;
				CLANG_ENABLE_OBJC_ARC = YES;
				CLANG_WARN_BLOCK_CAPTURE_AUTORELEASING = YES;
				CLANG_WARN_BOOL_CONVERSION = YES;
				CLANG_WARN_COMMA = YES;
				CLANG_WARN_CONSTANT_CONVERSION = YES;
				CLANG_WARN_DIRECT_OBJC_ISA_USAGE = YES_ERROR;
				CLANG_WARN_EMPTY_BODY = YES;
				CLANG_WARN_ENUM_CONVERSION = YES;
				CLANG_WARN_INFINITE_RECURSION = YES;
				CLANG_WARN_INT_CONVERSION = YES;
				CLANG_WARN_NON_LITERAL_NULL_CONVERSION = YES;
				CLANG_WARN_OBJC_LITERAL_CONVERSION = YES;
				CLANG_WARN_OBJC_ROOT_CLASS = YES_ERROR;
				CLANG_WARN_RANGE_LOOP_ANALYSIS = YES;
				CLANG_WARN_STRICT_PROTOTYPES = YES;
				CLANG_WARN_SUSPICIOUS_MOVE = YES;
				CLANG_WARN_UNREACHABLE_CODE = YES;
				CLANG_WARN__DUPLICATE_METHOD_MATCH = YES;
				COPY_PHASE_STRIP = NO;
				DEBUG_INFORMATION_FORMAT = "dwarf-with-dsym";
				ENABLE_NS_ASSERTIONS = NO;
				ENABLE_STRICT_OBJC_MSGSEND = YES;
				GCC_C_LANGUAGE_STANDARD = gnu99;
				GCC_NO_COMMON_BLOCKS = YES;
				GCC_TREAT_INCOMPATIBLE_POINTER_TYPE_WARNINGS_AS_ERRORS = YES;
				GCC_TREAT_WARNINGS_AS_ERRORS = YES;
				GCC_WARN_64_TO_32_BIT_CONVERSION = YES;
				GCC_WARN_ABOUT_MISSING_NEWLINE = YES;
				GCC_WARN_ABOUT_RETURN_TYPE = YES_ERROR;
				GCC_WARN_UNDECLARED_SELECTOR = YES;
				GCC_WARN_UNINITIALIZED_AUTOS = YES_AGGRESSIVE;
				GCC_WARN_UNUSED_FUNCTION = YES;
				GCC_WARN_UNUSED_VARIABLE = YES;
				IPHONEOS_DEPLOYMENT_TARGET = 9.3;
				MTL_ENABLE_DEBUG_INFO = NO;
				SDKROOT = iphoneos;
				VALIDATE_PRODUCT = YES;
			};
			name = Release;
		};
		3CFAE6EE1CA8440400CD946B /* Debug */ = {
			isa = XCBuildConfiguration;
			buildSettings = {
				ASSETCATALOG_COMPILER_APPICON_NAME = AppIcon;
				CLANG_ENABLE_MODULES = YES;
				CODE_SIGN_ENTITLEMENTS = "TLS Inspector/TLS Inspector.entitlements";
				"CODE_SIGN_IDENTITY[sdk=iphoneos*]" = "iPhone Developer";
				CODE_SIGN_STYLE = Automatic;
				DEVELOPMENT_TEAM = WCW84NC7Y8;
				GCC_PREFIX_HEADER = "TLS Inspector/Supporting Files/PrefixHeader.pch";
				HEADER_SEARCH_PATHS = "$(PROJECT_DIR)/TLS\\ Inspector/Supporting\\ Files/Frameworks/**";
				INFOPLIST_FILE = "TLS Inspector/Info.plist";
				IPHONEOS_DEPLOYMENT_TARGET = 9.3;
				LD_RUNPATH_SEARCH_PATHS = "$(inherited) @executable_path/Frameworks";
				OTHER_CFLAGS = (
					"$(inherited)",
					"-iquote",
					"\"$PODS_CONFIGURATION_BUILD_DIR/SSKeychain/SSKeychain.framework/Headers\"",
					"-isystem",
					"\"${PODS_ROOT}/Headers/Public\"",
					"-isystem",
					"\"${PODS_ROOT}/Headers/Public/OpenSSL-Universal\"",
					"-DMAIN_APP",
				);
				PRODUCT_BUNDLE_IDENTIFIER = "com.ecnepsnai.Certificate-Inspector";
				PRODUCT_NAME = "TLS Inspector";
				PROVISIONING_PROFILE_SPECIFIER = "";
				TARGETED_DEVICE_FAMILY = "1,2";
			};
			name = Debug;
		};
		3CFAE6EF1CA8440400CD946B /* Release */ = {
			isa = XCBuildConfiguration;
			buildSettings = {
				ASSETCATALOG_COMPILER_APPICON_NAME = AppIcon;
				CLANG_ENABLE_MODULES = YES;
				CODE_SIGN_ENTITLEMENTS = "TLS Inspector/TLS Inspector.entitlements";
				"CODE_SIGN_IDENTITY[sdk=iphoneos*]" = "iPhone Developer";
				CODE_SIGN_STYLE = Automatic;
				DEVELOPMENT_TEAM = WCW84NC7Y8;
				GCC_OPTIMIZATION_LEVEL = fast;
				GCC_PREFIX_HEADER = "TLS Inspector/Supporting Files/PrefixHeader.pch";
				HEADER_SEARCH_PATHS = "$(PROJECT_DIR)/TLS\\ Inspector/Supporting\\ Files/Frameworks/**";
				INFOPLIST_FILE = "TLS Inspector/Info.plist";
				IPHONEOS_DEPLOYMENT_TARGET = 9.3;
				LD_RUNPATH_SEARCH_PATHS = "$(inherited) @executable_path/Frameworks";
				OTHER_CFLAGS = (
					"$(inherited)",
					"-iquote",
					"\"$PODS_CONFIGURATION_BUILD_DIR/SSKeychain/SSKeychain.framework/Headers\"",
					"-isystem",
					"\"${PODS_ROOT}/Headers/Public\"",
					"-isystem",
					"\"${PODS_ROOT}/Headers/Public/OpenSSL-Universal\"",
					"-DMAIN_APP",
				);
				PRODUCT_BUNDLE_IDENTIFIER = "com.ecnepsnai.Certificate-Inspector";
				PRODUCT_NAME = "TLS Inspector";
				PROVISIONING_PROFILE_SPECIFIER = "";
				TARGETED_DEVICE_FAMILY = "1,2";
			};
			name = Release;
		};
/* End XCBuildConfiguration section */

/* Begin XCConfigurationList section */
		3C43EF901D7A987F00AE65E9 /* Build configuration list for PBXNativeTarget "Inspect Website" */ = {
			isa = XCConfigurationList;
			buildConfigurations = (
				3C43EF8E1D7A987F00AE65E9 /* Debug */,
				3C43EF8F1D7A987F00AE65E9 /* Release */,
			);
			defaultConfigurationIsVisible = 0;
			defaultConfigurationName = Release;
		};
		3C65DAE31E836BE9004AD96D /* Build configuration list for PBXNativeTarget "CertificateKit" */ = {
			isa = XCConfigurationList;
			buildConfigurations = (
				3C65DAE41E836BE9004AD96D /* Debug */,
				3C65DAE51E836BE9004AD96D /* Release */,
			);
			defaultConfigurationIsVisible = 0;
			defaultConfigurationName = Release;
		};
		3CF397481EB50E0900E8DBF4 /* Build configuration list for PBXNativeTarget "CertificateKitTests" */ = {
			isa = XCConfigurationList;
			buildConfigurations = (
				3CF397491EB50E0900E8DBF4 /* Debug */,
				3CF3974A1EB50E0900E8DBF4 /* Release */,
			);
			defaultConfigurationIsVisible = 0;
			defaultConfigurationName = Release;
		};
		3CFAE6D11CA8440400CD946B /* Build configuration list for PBXProject "TLS Inspector" */ = {
			isa = XCConfigurationList;
			buildConfigurations = (
				3CFAE6EB1CA8440400CD946B /* Debug */,
				3CFAE6EC1CA8440400CD946B /* Release */,
			);
			defaultConfigurationIsVisible = 0;
			defaultConfigurationName = Release;
		};
		3CFAE6ED1CA8440400CD946B /* Build configuration list for PBXNativeTarget "TLS Inspector" */ = {
			isa = XCConfigurationList;
			buildConfigurations = (
				3CFAE6EE1CA8440400CD946B /* Debug */,
				3CFAE6EF1CA8440400CD946B /* Release */,
			);
			defaultConfigurationIsVisible = 0;
			defaultConfigurationName = Release;
		};
/* End XCConfigurationList section */
	};
	rootObject = 3CFAE6CE1CA8440400CD946B /* Project object */;
}
