{
  "originHash" : "fcd220f269a3a50684920bf85795611bf7427fcb15d1630e2423a97e8f10ad3a",
  "pins" : [
    {
      "identity" : "dnskit",
      "kind" : "remoteSourceControl",
      "location" : "https://github.com/dns-inspector/dnskit",
      "state" : {
        "revision" : "572ea4b3f003c2804f083d509c5e2cf9cd649cdb"
      }
    },
    {
      "identity" : "idnarules-swift",
      "kind" : "remoteSourceControl",
      "location" : "https://github.com/dns-inspector/IDNARules-Swift.git",
      "state" : {
        "revision" : "7f47c398379e46f324bb82f803829026c48763d0"
      }
    }
  ],
  "version" : 3
}
