// !$*UTF8*$!
{
	archiveVersion = 1;
	classes = {
	};
	objectVersion = 46;
	objects = {

/* Begin PBXBuildFile section */
		3C04EE5F1CB4A23900F56B68 /* UIHelper.m in Sources */ = {isa = PBXBuildFile; fileRef = 3C04EE5E1CB4A23900F56B68 /* UIHelper.m */; };
		3C04EE621CB4AE5800F56B68 /* ValueViewController.m in Sources */ = {isa = PBXBuildFile; fileRef = 3C04EE611CB4AE5800F56B68 /* ValueViewController.m */; };
		3C0937351D84C94C002DF50B /* CHCertificate.h in Headers */ = {isa = PBXBuildFile; fileRef = 3C0937331D84C94C002DF50B /* CHCertificate.h */; settings = {ATTRIBUTES = (Public, ); }; };
		3C0937381D84C94C002DF50B /* CHCertificate.framework in Frameworks */ = {isa = PBXBuildFile; fileRef = 3C0937311D84C94C002DF50B /* CHCertificate.framework */; };
		3C0937391D84C94C002DF50B /* CHCertificate.framework in Embed Frameworks */ = {isa = PBXBuildFile; fileRef = 3C0937311D84C94C002DF50B /* CHCertificate.framework */; settings = {ATTRIBUTES = (CodeSignOnCopy, RemoveHeadersOnCopy, ); }; };
		3C09373D1D84C958002DF50B /* CHCertificate.framework in Frameworks */ = {isa = PBXBuildFile; fileRef = 3C0937311D84C94C002DF50B /* CHCertificate.framework */; };
		3C09373F1D84C99E002DF50B /* CHCertificate.m in Sources */ = {isa = PBXBuildFile; fileRef = 3C09373E1D84C99E002DF50B /* CHCertificate.m */; };
		3C3104E91D83C02E0093909E /* CertificateListTableViewController.m in Sources */ = {isa = PBXBuildFile; fileRef = 3C5FA7C11CA852DF00C79D2B /* CertificateListTableViewController.m */; };
		3C3104ED1D83C3D20093909E /* Localizable.strings in Resources */ = {isa = PBXBuildFile; fileRef = 3C39D7551CAC98EB007E07BC /* Localizable.strings */; };
		3C3104EE1D83C4A40093909E /* Launch Screen.storyboard in Resources */ = {isa = PBXBuildFile; fileRef = 3C5D129D1D05287F004B6E12 /* Launch Screen.storyboard */; };
		3C3104F01D83C4C30093909E /* Extension.storyboard in Resources */ = {isa = PBXBuildFile; fileRef = 3C3104EF1D83C4C30093909E /* Extension.storyboard */; };
		3C3104F11D83C5340093909E /* Main.storyboard in Resources */ = {isa = PBXBuildFile; fileRef = 3CFAE6E21CA8440400CD946B /* Main.storyboard */; };
		3C3104F41D83C5C70093909E /* InitialViewController.m in Sources */ = {isa = PBXBuildFile; fileRef = 3C3104F31D83C5C70093909E /* InitialViewController.m */; };
		3C39D7531CAC98EB007E07BC /* Localizable.strings in Resources */ = {isa = PBXBuildFile; fileRef = 3C39D7551CAC98EB007E07BC /* Localizable.strings */; };
		3C43EF8D1D7A987F00AE65E9 /* Inspect Website.appex in Embed App Extensions */ = {isa = PBXBuildFile; fileRef = 3C43EF821D7A987F00AE65E9 /* Inspect Website.appex */; settings = {ATTRIBUTES = (RemoveHeadersOnCopy, ); }; };
		3C44D5C11D053B1700799383 /* TrustedFingerprints.m in Sources */ = {isa = PBXBuildFile; fileRef = 3C44D5C01D053B1700799383 /* TrustedFingerprints.m */; };
		3C5D129E1D05287F004B6E12 /* Launch Screen.storyboard in Resources */ = {isa = PBXBuildFile; fileRef = 3C5D129D1D05287F004B6E12 /* Launch Screen.storyboard */; };
		3C5D12A11D0531BD004B6E12 /* AboutViewController.m in Sources */ = {isa = PBXBuildFile; fileRef = 3C5D12A01D0531BD004B6E12 /* AboutViewController.m */; };
		3C5FA7C21CA852DF00C79D2B /* CertificateListTableViewController.m in Sources */ = {isa = PBXBuildFile; fileRef = 3C5FA7C11CA852DF00C79D2B /* CertificateListTableViewController.m */; };
		3C7C95061D7A9F4100902E18 /* UIHelper.m in Sources */ = {isa = PBXBuildFile; fileRef = 3C04EE5E1CB4A23900F56B68 /* UIHelper.m */; };
		3C7C95091D7AA03500902E18 /* ActionTipTarget.m in Sources */ = {isa = PBXBuildFile; fileRef = 3C7C95081D7AA03500902E18 /* ActionTipTarget.m */; };
		3C7C950A1D7AA07100902E18 /* ActionTipTarget.m in Sources */ = {isa = PBXBuildFile; fileRef = 3C7C95081D7AA03500902E18 /* ActionTipTarget.m */; };
		3CEAA5021D83C8180011A706 /* ValueViewController.m in Sources */ = {isa = PBXBuildFile; fileRef = 3C04EE611CB4AE5800F56B68 /* ValueViewController.m */; };
		3CEAA5031D83C8180011A706 /* InspectorTableViewController.m in Sources */ = {isa = PBXBuildFile; fileRef = 3CFAE6F51CA8466300CD946B /* InspectorTableViewController.m */; };
		3CEAA5071D83CCD10011A706 /* Assets.xcassets in Resources */ = {isa = PBXBuildFile; fileRef = 3CEAA5061D83CCD10011A706 /* Assets.xcassets */; };
		3CF29A071D2CBC9C00FD9603 /* RecentDomains.m in Sources */ = {isa = PBXBuildFile; fileRef = 3CF29A061D2CBC9C00FD9603 /* RecentDomains.m */; };
		3CFAE6DB1CA8440400CD946B /* main.m in Sources */ = {isa = PBXBuildFile; fileRef = 3CFAE6DA1CA8440400CD946B /* main.m */; };
		3CFAE6DE1CA8440400CD946B /* AppDelegate.m in Sources */ = {isa = PBXBuildFile; fileRef = 3CFAE6DD1CA8440400CD946B /* AppDelegate.m */; };
		3CFAE6E41CA8440400CD946B /* Main.storyboard in Resources */ = {isa = PBXBuildFile; fileRef = 3CFAE6E21CA8440400CD946B /* Main.storyboard */; };
		3CFAE6E61CA8440400CD946B /* Assets.xcassets in Resources */ = {isa = PBXBuildFile; fileRef = 3CFAE6E51CA8440400CD946B /* Assets.xcassets */; };
		3CFAE6F21CA8463900CD946B /* InputTableViewController.m in Sources */ = {isa = PBXBuildFile; fileRef = 3CFAE6F11CA8463900CD946B /* InputTableViewController.m */; };
		3CFAE6F61CA8466300CD946B /* InspectorTableViewController.m in Sources */ = {isa = PBXBuildFile; fileRef = 3CFAE6F51CA8466300CD946B /* InspectorTableViewController.m */; };
		66C7AF235042CCA4BF1E3342 /* Pods_Cert_Inspector.framework in Frameworks */ = {isa = PBXBuildFile; fileRef = 7CC5ACA0D9E2E2E4E331F611 /* Pods_Cert_Inspector.framework */; };
		785B588F0576CA13537BE2E3 /* Pods_CHCertificate.framework in Frameworks */ = {isa = PBXBuildFile; fileRef = 7D583AA3C66988CF40443355 /* Pods_CHCertificate.framework */; };
		B859FC5831450BCC55334D53 /* Pods_Inspect_Website.framework in Frameworks */ = {isa = PBXBuildFile; fileRef = DBA5C80F73F71304D986EB2E /* Pods_Inspect_Website.framework */; };
/* End PBXBuildFile section */

/* Begin PBXContainerItemProxy section */
		3C0937361D84C94C002DF50B /* PBXContainerItemProxy */ = {
			isa = PBXContainerItemProxy;
			containerPortal = 3CFAE6CE1CA8440400CD946B /* Project object */;
			proxyType = 1;
			remoteGlobalIDString = 3C0937301D84C94C002DF50B;
			remoteInfo = CHCertificate;
		};
		3C43EF8B1D7A987F00AE65E9 /* PBXContainerItemProxy */ = {
			isa = PBXContainerItemProxy;
			containerPortal = 3CFAE6CE1CA8440400CD946B /* Project object */;
			proxyType = 1;
			remoteGlobalIDString = 3C43EF811D7A987F00AE65E9;
			remoteInfo = "Inspect Website";
		};
/* End PBXContainerItemProxy section */

/* Begin PBXCopyFilesBuildPhase section */
		3C43EF911D7A987F00AE65E9 /* Embed App Extensions */ = {
			isa = PBXCopyFilesBuildPhase;
			buildActionMask = 2147483647;
			dstPath = "";
			dstSubfolderSpec = 13;
			files = (
				3C43EF8D1D7A987F00AE65E9 /* Inspect Website.appex in Embed App Extensions */,
			);
			name = "Embed App Extensions";
			runOnlyForDeploymentPostprocessing = 0;
		};
		3CB56A131D8494D300A7D303 /* Embed Frameworks */ = {
			isa = PBXCopyFilesBuildPhase;
			buildActionMask = 2147483647;
			dstPath = "";
			dstSubfolderSpec = 10;
			files = (
				3C0937391D84C94C002DF50B /* CHCertificate.framework in Embed Frameworks */,
			);
			name = "Embed Frameworks";
			runOnlyForDeploymentPostprocessing = 0;
		};
/* End PBXCopyFilesBuildPhase section */

/* Begin PBXFileReference section */
		3C04EE5D1CB4A23900F56B68 /* UIHelper.h */ = {isa = PBXFileReference; fileEncoding = 4; lastKnownFileType = sourcecode.c.h; path = UIHelper.h; sourceTree = "<group>"; };
		3C04EE5E1CB4A23900F56B68 /* UIHelper.m */ = {isa = PBXFileReference; fileEncoding = 4; lastKnownFileType = sourcecode.c.objc; path = UIHelper.m; sourceTree = "<group>"; };
		3C04EE601CB4AE5800F56B68 /* ValueViewController.h */ = {isa = PBXFileReference; fileEncoding = 4; lastKnownFileType = sourcecode.c.h; name = ValueViewController.h; path = "View Controllers/ValueViewController.h"; sourceTree = "<group>"; };
		3C04EE611CB4AE5800F56B68 /* ValueViewController.m */ = {isa = PBXFileReference; fileEncoding = 4; lastKnownFileType = sourcecode.c.objc; name = ValueViewController.m; path = "View Controllers/ValueViewController.m"; sourceTree = "<group>"; };
		3C04EE631CB4B3F100F56B68 /* PrefixHeader.pch */ = {isa = PBXFileReference; fileEncoding = 4; lastKnownFileType = sourcecode.c.h; path = PrefixHeader.pch; sourceTree = "<group>"; };
		3C04EE651CB4BB1600F56B68 /* en */ = {isa = PBXFileReference; lastKnownFileType = text.plist.strings; name = en; path = en.lproj/Main.strings; sourceTree = "<group>"; };
		3C0937311D84C94C002DF50B /* CHCertificate.framework */ = {isa = PBXFileReference; explicitFileType = wrapper.framework; includeInIndex = 0; path = CHCertificate.framework; sourceTree = BUILT_PRODUCTS_DIR; };
		3C0937331D84C94C002DF50B /* CHCertificate.h */ = {isa = PBXFileReference; lastKnownFileType = sourcecode.c.h; path = CHCertificate.h; sourceTree = "<group>"; };
		3C0937341D84C94C002DF50B /* Info.plist */ = {isa = PBXFileReference; lastKnownFileType = text.plist.xml; path = Info.plist; sourceTree = "<group>"; };
		3C09373E1D84C99E002DF50B /* CHCertificate.m */ = {isa = PBXFileReference; fileEncoding = 4; lastKnownFileType = sourcecode.c.objc; path = CHCertificate.m; sourceTree = "<group>"; };
		3C3104EF1D83C4C30093909E /* Extension.storyboard */ = {isa = PBXFileReference; fileEncoding = 4; lastKnownFileType = file.storyboard; path = Extension.storyboard; sourceTree = "<group>"; };
		3C3104F21D83C5C70093909E /* InitialViewController.h */ = {isa = PBXFileReference; fileEncoding = 4; lastKnownFileType = sourcecode.c.h; path = InitialViewController.h; sourceTree = "<group>"; };
		3C3104F31D83C5C70093909E /* InitialViewController.m */ = {isa = PBXFileReference; fileEncoding = 4; lastKnownFileType = sourcecode.c.objc; path = InitialViewController.m; sourceTree = "<group>"; };
		3C39D7541CAC98EB007E07BC /* en */ = {isa = PBXFileReference; lastKnownFileType = text.plist.strings; name = en; path = en.lproj/Localizable.strings; sourceTree = "<group>"; };
		3C43EF821D7A987F00AE65E9 /* Inspect Website.appex */ = {isa = PBXFileReference; explicitFileType = "wrapper.app-extension"; includeInIndex = 0; path = "Inspect Website.appex"; sourceTree = BUILT_PRODUCTS_DIR; };
		3C43EF8A1D7A987F00AE65E9 /* Info.plist */ = {isa = PBXFileReference; lastKnownFileType = text.plist.xml; path = Info.plist; sourceTree = "<group>"; };
		3C44D5BF1D053B1700799383 /* TrustedFingerprints.h */ = {isa = PBXFileReference; fileEncoding = 4; lastKnownFileType = sourcecode.c.h; path = TrustedFingerprints.h; sourceTree = "<group>"; };
		3C44D5C01D053B1700799383 /* TrustedFingerprints.m */ = {isa = PBXFileReference; fileEncoding = 4; lastKnownFileType = sourcecode.c.objc; path = TrustedFingerprints.m; sourceTree = "<group>"; };
		3C5D129D1D05287F004B6E12 /* Launch Screen.storyboard */ = {isa = PBXFileReference; fileEncoding = 4; lastKnownFileType = file.storyboard; path = "Launch Screen.storyboard"; sourceTree = "<group>"; };
		3C5D129F1D0531BD004B6E12 /* AboutViewController.h */ = {isa = PBXFileReference; fileEncoding = 4; lastKnownFileType = sourcecode.c.h; name = AboutViewController.h; path = "View Controllers/AboutViewController.h"; sourceTree = "<group>"; };
		3C5D12A01D0531BD004B6E12 /* AboutViewController.m */ = {isa = PBXFileReference; fileEncoding = 4; lastKnownFileType = sourcecode.c.objc; name = AboutViewController.m; path = "View Controllers/AboutViewController.m"; sourceTree = "<group>"; };
		3C5FA7C01CA852DF00C79D2B /* CertificateListTableViewController.h */ = {isa = PBXFileReference; fileEncoding = 4; lastKnownFileType = sourcecode.c.h; name = CertificateListTableViewController.h; path = "View Controllers/CertificateListTableViewController.h"; sourceTree = "<group>"; };
		3C5FA7C11CA852DF00C79D2B /* CertificateListTableViewController.m */ = {isa = PBXFileReference; fileEncoding = 4; lastKnownFileType = sourcecode.c.objc; name = CertificateListTableViewController.m; path = "View Controllers/CertificateListTableViewController.m"; sourceTree = "<group>"; };
		3C7C95071D7AA03500902E18 /* ActionTipTarget.h */ = {isa = PBXFileReference; fileEncoding = 4; lastKnownFileType = sourcecode.c.h; path = ActionTipTarget.h; sourceTree = "<group>"; };
		3C7C95081D7AA03500902E18 /* ActionTipTarget.m */ = {isa = PBXFileReference; fileEncoding = 4; lastKnownFileType = sourcecode.c.objc; path = ActionTipTarget.m; sourceTree = "<group>"; };
		3C7C950B1D7AA18700902E18 /* InspectWebsite_PrefixHeader.pch */ = {isa = PBXFileReference; fileEncoding = 4; lastKnownFileType = sourcecode.c.h; path = InspectWebsite_PrefixHeader.pch; sourceTree = "<group>"; };
		3CDD52D592D30D74C49C0F7D /* Pods-CHXCertificate.debug.xcconfig */ = {isa = PBXFileReference; includeInIndex = 1; lastKnownFileType = text.xcconfig; name = "Pods-CHXCertificate.debug.xcconfig"; path = "Pods/Target Support Files/Pods-CHXCertificate/Pods-CHXCertificate.debug.xcconfig"; sourceTree = "<group>"; };
		3CEAA5061D83CCD10011A706 /* Assets.xcassets */ = {isa = PBXFileReference; lastKnownFileType = folder.assetcatalog; path = Assets.xcassets; sourceTree = "<group>"; };
		3CF29A051D2CBC9C00FD9603 /* RecentDomains.h */ = {isa = PBXFileReference; fileEncoding = 4; lastKnownFileType = sourcecode.c.h; path = RecentDomains.h; sourceTree = "<group>"; };
		3CF29A061D2CBC9C00FD9603 /* RecentDomains.m */ = {isa = PBXFileReference; fileEncoding = 4; lastKnownFileType = sourcecode.c.objc; path = RecentDomains.m; sourceTree = "<group>"; };
		3CFAE6D61CA8440400CD946B /* Cert Inspector.app */ = {isa = PBXFileReference; explicitFileType = wrapper.application; includeInIndex = 0; path = "Cert Inspector.app"; sourceTree = BUILT_PRODUCTS_DIR; };
		3CFAE6DA1CA8440400CD946B /* main.m */ = {isa = PBXFileReference; lastKnownFileType = sourcecode.c.objc; path = main.m; sourceTree = "<group>"; };
		3CFAE6DC1CA8440400CD946B /* AppDelegate.h */ = {isa = PBXFileReference; lastKnownFileType = sourcecode.c.h; path = AppDelegate.h; sourceTree = "<group>"; };
		3CFAE6DD1CA8440400CD946B /* AppDelegate.m */ = {isa = PBXFileReference; lastKnownFileType = sourcecode.c.objc; path = AppDelegate.m; sourceTree = "<group>"; };
		3CFAE6E31CA8440400CD946B /* Base */ = {isa = PBXFileReference; lastKnownFileType = file.storyboard; name = Base; path = Base.lproj/Main.storyboard; sourceTree = "<group>"; };
		3CFAE6E51CA8440400CD946B /* Assets.xcassets */ = {isa = PBXFileReference; lastKnownFileType = folder.assetcatalog; path = Assets.xcassets; sourceTree = "<group>"; };
		3CFAE6EA1CA8440400CD946B /* Info.plist */ = {isa = PBXFileReference; lastKnownFileType = text.plist.xml; path = Info.plist; sourceTree = "<group>"; };
		3CFAE6F01CA8463900CD946B /* InputTableViewController.h */ = {isa = PBXFileReference; fileEncoding = 4; lastKnownFileType = sourcecode.c.h; name = InputTableViewController.h; path = "View Controllers/InputTableViewController.h"; sourceTree = "<group>"; };
		3CFAE6F11CA8463900CD946B /* InputTableViewController.m */ = {isa = PBXFileReference; fileEncoding = 4; lastKnownFileType = sourcecode.c.objc; name = InputTableViewController.m; path = "View Controllers/InputTableViewController.m"; sourceTree = "<group>"; };
		3CFAE6F41CA8466300CD946B /* InspectorTableViewController.h */ = {isa = PBXFileReference; fileEncoding = 4; lastKnownFileType = sourcecode.c.h; name = InspectorTableViewController.h; path = "View Controllers/InspectorTableViewController.h"; sourceTree = "<group>"; };
		3CFAE6F51CA8466300CD946B /* InspectorTableViewController.m */ = {isa = PBXFileReference; fileEncoding = 4; lastKnownFileType = sourcecode.c.objc; name = InspectorTableViewController.m; path = "View Controllers/InspectorTableViewController.m"; sourceTree = "<group>"; };
		47D1840C7308B30799652256 /* Pods-CHXCertifcate.debug.xcconfig */ = {isa = PBXFileReference; includeInIndex = 1; lastKnownFileType = text.xcconfig; name = "Pods-CHXCertifcate.debug.xcconfig"; path = "Pods/Target Support Files/Pods-CHXCertifcate/Pods-CHXCertifcate.debug.xcconfig"; sourceTree = "<group>"; };
		4BA4FBE93AAFDB4CE786A330 /* Pods-Inspect Website.release.xcconfig */ = {isa = PBXFileReference; includeInIndex = 1; lastKnownFileType = text.xcconfig; name = "Pods-Inspect Website.release.xcconfig"; path = "Pods/Target Support Files/Pods-Inspect Website/Pods-Inspect Website.release.xcconfig"; sourceTree = "<group>"; };
		507199DDF4AEB7E9BB1DDB97 /* Pods-Cert Inspector.debug.xcconfig */ = {isa = PBXFileReference; includeInIndex = 1; lastKnownFileType = text.xcconfig; name = "Pods-Cert Inspector.debug.xcconfig"; path = "Pods/Target Support Files/Pods-Cert Inspector/Pods-Cert Inspector.debug.xcconfig"; sourceTree = "<group>"; };
		65197ABA970BECB880EE21C4 /* Pods-CHXCertifcate.release.xcconfig */ = {isa = PBXFileReference; includeInIndex = 1; lastKnownFileType = text.xcconfig; name = "Pods-CHXCertifcate.release.xcconfig"; path = "Pods/Target Support Files/Pods-CHXCertifcate/Pods-CHXCertifcate.release.xcconfig"; sourceTree = "<group>"; };
		794AA7DD74040FB12A3CBF0A /* Pods-CHCertificate.debug.xcconfig */ = {isa = PBXFileReference; includeInIndex = 1; lastKnownFileType = text.xcconfig; name = "Pods-CHCertificate.debug.xcconfig"; path = "Pods/Target Support Files/Pods-CHCertificate/Pods-CHCertificate.debug.xcconfig"; sourceTree = "<group>"; };
		7CC5ACA0D9E2E2E4E331F611 /* Pods_Cert_Inspector.framework */ = {isa = PBXFileReference; explicitFileType = wrapper.framework; includeInIndex = 0; path = Pods_Cert_Inspector.framework; sourceTree = BUILT_PRODUCTS_DIR; };
		7D583AA3C66988CF40443355 /* Pods_CHCertificate.framework */ = {isa = PBXFileReference; explicitFileType = wrapper.framework; includeInIndex = 0; path = Pods_CHCertificate.framework; sourceTree = BUILT_PRODUCTS_DIR; };
		9188DD8F002653BFB69923E9 /* Pods_CHXCertificate.framework */ = {isa = PBXFileReference; explicitFileType = wrapper.framework; includeInIndex = 0; path = Pods_CHXCertificate.framework; sourceTree = BUILT_PRODUCTS_DIR; };
		AA184A51F1AA1ACB66D3C30D /* Pods-Inspect Website.debug.xcconfig */ = {isa = PBXFileReference; includeInIndex = 1; lastKnownFileType = text.xcconfig; name = "Pods-Inspect Website.debug.xcconfig"; path = "Pods/Target Support Files/Pods-Inspect Website/Pods-Inspect Website.debug.xcconfig"; sourceTree = "<group>"; };
		BC3E62E0AA001B1545EE1677 /* Pods-CHCertificate.release.xcconfig */ = {isa = PBXFileReference; includeInIndex = 1; lastKnownFileType = text.xcconfig; name = "Pods-CHCertificate.release.xcconfig"; path = "Pods/Target Support Files/Pods-CHCertificate/Pods-CHCertificate.release.xcconfig"; sourceTree = "<group>"; };
		C21FD7A0BDEFE85FD3C835F6 /* Pods-CHXCertificate.release.xcconfig */ = {isa = PBXFileReference; includeInIndex = 1; lastKnownFileType = text.xcconfig; name = "Pods-CHXCertificate.release.xcconfig"; path = "Pods/Target Support Files/Pods-CHXCertificate/Pods-CHXCertificate.release.xcconfig"; sourceTree = "<group>"; };
		CBF28D33D30B90C712D57220 /* Pods_CHXCertifcate.framework */ = {isa = PBXFileReference; explicitFileType = wrapper.framework; includeInIndex = 0; path = Pods_CHXCertifcate.framework; sourceTree = BUILT_PRODUCTS_DIR; };
		DBA5C80F73F71304D986EB2E /* Pods_Inspect_Website.framework */ = {isa = PBXFileReference; explicitFileType = wrapper.framework; includeInIndex = 0; path = Pods_Inspect_Website.framework; sourceTree = BUILT_PRODUCTS_DIR; };
		FFC84F9E96D4B63DCDA28497 /* Pods-Cert Inspector.release.xcconfig */ = {isa = PBXFileReference; includeInIndex = 1; lastKnownFileType = text.xcconfig; name = "Pods-Cert Inspector.release.xcconfig"; path = "Pods/Target Support Files/Pods-Cert Inspector/Pods-Cert Inspector.release.xcconfig"; sourceTree = "<group>"; };
/* End PBXFileReference section */

/* Begin PBXFrameworksBuildPhase section */
		3C09372D1D84C94C002DF50B /* Frameworks */ = {
			isa = PBXFrameworksBuildPhase;
			buildActionMask = 2147483647;
			files = (
				785B588F0576CA13537BE2E3 /* Pods_CHCertificate.framework in Frameworks */,
			);
			runOnlyForDeploymentPostprocessing = 0;
		};
		3C43EF7F1D7A987F00AE65E9 /* Frameworks */ = {
			isa = PBXFrameworksBuildPhase;
			buildActionMask = 2147483647;
			files = (
				3C09373D1D84C958002DF50B /* CHCertificate.framework in Frameworks */,
				B859FC5831450BCC55334D53 /* Pods_Inspect_Website.framework in Frameworks */,
			);
			runOnlyForDeploymentPostprocessing = 0;
		};
		3CFAE6D31CA8440400CD946B /* Frameworks */ = {
			isa = PBXFrameworksBuildPhase;
			buildActionMask = 2147483647;
			files = (
				66C7AF235042CCA4BF1E3342 /* Pods_Cert_Inspector.framework in Frameworks */,
				3C0937381D84C94C002DF50B /* CHCertificate.framework in Frameworks */,
			);
			runOnlyForDeploymentPostprocessing = 0;
		};
/* End PBXFrameworksBuildPhase section */

/* Begin PBXGroup section */
		21AEFC781B5B0A0FC4C01297 /* Frameworks */ = {
			isa = PBXGroup;
			children = (
				7CC5ACA0D9E2E2E4E331F611 /* Pods_Cert_Inspector.framework */,
				DBA5C80F73F71304D986EB2E /* Pods_Inspect_Website.framework */,
				CBF28D33D30B90C712D57220 /* Pods_CHXCertifcate.framework */,
				9188DD8F002653BFB69923E9 /* Pods_CHXCertificate.framework */,
				7D583AA3C66988CF40443355 /* Pods_CHCertificate.framework */,
			);
			name = Frameworks;
			sourceTree = "<group>";
		};
		3C0937321D84C94C002DF50B /* CHCertificate */ = {
			isa = PBXGroup;
			children = (
				3C0937331D84C94C002DF50B /* CHCertificate.h */,
				3C09373E1D84C99E002DF50B /* CHCertificate.m */,
				3C0937341D84C94C002DF50B /* Info.plist */,
			);
			path = CHCertificate;
			sourceTree = "<group>";
		};
		3C43EF831D7A987F00AE65E9 /* Inspect Website */ = {
			isa = PBXGroup;
			children = (
				3C3104EF1D83C4C30093909E /* Extension.storyboard */,
				3C7C950B1D7AA18700902E18 /* InspectWebsite_PrefixHeader.pch */,
				3CEAA5061D83CCD10011A706 /* Assets.xcassets */,
				3C43EF8A1D7A987F00AE65E9 /* Info.plist */,
				3C3104F21D83C5C70093909E /* InitialViewController.h */,
				3C3104F31D83C5C70093909E /* InitialViewController.m */,
			);
			path = "Inspect Website";
			sourceTree = "<group>";
		};
		3CFAE6CD1CA8440400CD946B = {
			isa = PBXGroup;
			children = (
				3CFAE6D81CA8440400CD946B /* Certificate Inspector */,
				3C43EF831D7A987F00AE65E9 /* Inspect Website */,
				3C0937321D84C94C002DF50B /* CHCertificate */,
				3CFAE6D71CA8440400CD946B /* Products */,
				5389857E70C02DAF5C4C67AF /* Pods */,
				21AEFC781B5B0A0FC4C01297 /* Frameworks */,
			);
			sourceTree = "<group>";
		};
		3CFAE6D71CA8440400CD946B /* Products */ = {
			isa = PBXGroup;
			children = (
				3CFAE6D61CA8440400CD946B /* Cert Inspector.app */,
				3C43EF821D7A987F00AE65E9 /* Inspect Website.appex */,
				3C0937311D84C94C002DF50B /* CHCertificate.framework */,
			);
			name = Products;
			sourceTree = "<group>";
		};
		3CFAE6D81CA8440400CD946B /* Certificate Inspector */ = {
			isa = PBXGroup;
			children = (
				3CFAE6DC1CA8440400CD946B /* AppDelegate.h */,
				3CFAE6DD1CA8440400CD946B /* AppDelegate.m */,
				3CFAE6E21CA8440400CD946B /* Main.storyboard */,
				3C5D129D1D05287F004B6E12 /* Launch Screen.storyboard */,
				3CFAE6E51CA8440400CD946B /* Assets.xcassets */,
				3CFAE6EA1CA8440400CD946B /* Info.plist */,
				3CFAE6F31CA8464200CD946B /* View Controllers */,
				3CFAE6D91CA8440400CD946B /* Supporting Files */,
			);
			path = "Certificate Inspector";
			sourceTree = "<group>";
		};
		3CFAE6D91CA8440400CD946B /* Supporting Files */ = {
			isa = PBXGroup;
			children = (
				3CF29A051D2CBC9C00FD9603 /* RecentDomains.h */,
				3CF29A061D2CBC9C00FD9603 /* RecentDomains.m */,
				3C44D5BF1D053B1700799383 /* TrustedFingerprints.h */,
				3C44D5C01D053B1700799383 /* TrustedFingerprints.m */,
				3C04EE631CB4B3F100F56B68 /* PrefixHeader.pch */,
				3C04EE5D1CB4A23900F56B68 /* UIHelper.h */,
				3C04EE5E1CB4A23900F56B68 /* UIHelper.m */,
				3CFAE6DA1CA8440400CD946B /* main.m */,
				3C39D7551CAC98EB007E07BC /* Localizable.strings */,
				3C7C95071D7AA03500902E18 /* ActionTipTarget.h */,
				3C7C95081D7AA03500902E18 /* ActionTipTarget.m */,
			);
			name = "Supporting Files";
			sourceTree = "<group>";
		};
		3CFAE6F31CA8464200CD946B /* View Controllers */ = {
			isa = PBXGroup;
			children = (
				3C5D129F1D0531BD004B6E12 /* AboutViewController.h */,
				3C5D12A01D0531BD004B6E12 /* AboutViewController.m */,
				3C04EE601CB4AE5800F56B68 /* ValueViewController.h */,
				3C04EE611CB4AE5800F56B68 /* ValueViewController.m */,
				3C5FA7C01CA852DF00C79D2B /* CertificateListTableViewController.h */,
				3C5FA7C11CA852DF00C79D2B /* CertificateListTableViewController.m */,
				3CFAE6F41CA8466300CD946B /* InspectorTableViewController.h */,
				3CFAE6F51CA8466300CD946B /* InspectorTableViewController.m */,
				3CFAE6F01CA8463900CD946B /* InputTableViewController.h */,
				3CFAE6F11CA8463900CD946B /* InputTableViewController.m */,
			);
			name = "View Controllers";
			sourceTree = "<group>";
		};
		5389857E70C02DAF5C4C67AF /* Pods */ = {
			isa = PBXGroup;
			children = (
				507199DDF4AEB7E9BB1DDB97 /* Pods-Cert Inspector.debug.xcconfig */,
				FFC84F9E96D4B63DCDA28497 /* Pods-Cert Inspector.release.xcconfig */,
				AA184A51F1AA1ACB66D3C30D /* Pods-Inspect Website.debug.xcconfig */,
				4BA4FBE93AAFDB4CE786A330 /* Pods-Inspect Website.release.xcconfig */,
				47D1840C7308B30799652256 /* Pods-CHXCertifcate.debug.xcconfig */,
				65197ABA970BECB880EE21C4 /* Pods-CHXCertifcate.release.xcconfig */,
				3CDD52D592D30D74C49C0F7D /* Pods-CHXCertificate.debug.xcconfig */,
				C21FD7A0BDEFE85FD3C835F6 /* Pods-CHXCertificate.release.xcconfig */,
				794AA7DD74040FB12A3CBF0A /* Pods-CHCertificate.debug.xcconfig */,
				BC3E62E0AA001B1545EE1677 /* Pods-CHCertificate.release.xcconfig */,
			);
			name = Pods;
			sourceTree = "<group>";
		};
/* End PBXGroup section */

/* Begin PBXHeadersBuildPhase section */
		3C09372E1D84C94C002DF50B /* Headers */ = {
			isa = PBXHeadersBuildPhase;
			buildActionMask = 2147483647;
			files = (
				3C0937351D84C94C002DF50B /* CHCertificate.h in Headers */,
			);
			runOnlyForDeploymentPostprocessing = 0;
		};
/* End PBXHeadersBuildPhase section */

/* Begin PBXNativeTarget section */
		3C0937301D84C94C002DF50B /* CHCertificate */ = {
			isa = PBXNativeTarget;
			buildConfigurationList = 3C09373A1D84C94D002DF50B /* Build configuration list for PBXNativeTarget "CHCertificate" */;
			buildPhases = (
				DD4DB29254EC767D6EC2064D /* [CP] Check Pods Manifest.lock */,
				3C09372C1D84C94C002DF50B /* Sources */,
				3C09372D1D84C94C002DF50B /* Frameworks */,
				3C09372E1D84C94C002DF50B /* Headers */,
				3C09372F1D84C94C002DF50B /* Resources */,
				985075AA37DF7E714BF16752 /* [CP] Copy Pods Resources */,
			);
			buildRules = (
			);
			dependencies = (
			);
			name = CHCertificate;
			productName = CHCertificate;
			productReference = 3C0937311D84C94C002DF50B /* CHCertificate.framework */;
			productType = "com.apple.product-type.framework";
		};
		3C43EF811D7A987F00AE65E9 /* Inspect Website */ = {
			isa = PBXNativeTarget;
			buildConfigurationList = 3C43EF901D7A987F00AE65E9 /* Build configuration list for PBXNativeTarget "Inspect Website" */;
			buildPhases = (
				695C3D8DDD53AC9D112592B9 /* [CP] Check Pods Manifest.lock */,
				3C43EF7E1D7A987F00AE65E9 /* Sources */,
				3C43EF7F1D7A987F00AE65E9 /* Frameworks */,
				3C43EF801D7A987F00AE65E9 /* Resources */,
				4A9EC185537643A1CE5E6B7D /* [CP] Embed Pods Frameworks */,
				388E73A1B996C27980A60B12 /* [CP] Copy Pods Resources */,
			);
			buildRules = (
			);
			dependencies = (
			);
			name = "Inspect Website";
			productName = "Inspect Website";
			productReference = 3C43EF821D7A987F00AE65E9 /* Inspect Website.appex */;
			productType = "com.apple.product-type.app-extension";
		};
		3CFAE6D51CA8440400CD946B /* Cert Inspector */ = {
			isa = PBXNativeTarget;
			buildConfigurationList = 3CFAE6ED1CA8440400CD946B /* Build configuration list for PBXNativeTarget "Cert Inspector" */;
			buildPhases = (
				4F872D8CF143697ECE0A81EB /* [CP] Check Pods Manifest.lock */,
				3CFAE6D21CA8440400CD946B /* Sources */,
				3CFAE6D31CA8440400CD946B /* Frameworks */,
				3CFAE6D41CA8440400CD946B /* Resources */,
				675F85108306FC60C902650E /* [CP] Embed Pods Frameworks */,
				37D5863E4196A4DE358FCB9B /* [CP] Copy Pods Resources */,
				3C43EF911D7A987F00AE65E9 /* Embed App Extensions */,
				3CB56A131D8494D300A7D303 /* Embed Frameworks */,
			);
			buildRules = (
			);
			dependencies = (
				3C43EF8C1D7A987F00AE65E9 /* PBXTargetDependency */,
				3C0937371D84C94C002DF50B /* PBXTargetDependency */,
			);
			name = "Cert Inspector";
			productName = "Certificate Inspector";
			productReference = 3CFAE6D61CA8440400CD946B /* Cert Inspector.app */;
			productType = "com.apple.product-type.application";
		};
/* End PBXNativeTarget section */

/* Begin PBXProject section */
		3CFAE6CE1CA8440400CD946B /* Project object */ = {
			isa = PBXProject;
			attributes = {
				LastUpgradeCheck = 0800;
				ORGANIZATIONNAME = "Ian Spence";
				TargetAttributes = {
					3C0937301D84C94C002DF50B = {
						CreatedOnToolsVersion = 8.0;
						DevelopmentTeam = WCW84NC7Y8;
						ProvisioningStyle = Automatic;
					};
					3C43EF811D7A987F00AE65E9 = {
						CreatedOnToolsVersion = 8.0;
						DevelopmentTeam = WCW84NC7Y8;
						ProvisioningStyle = Automatic;
					};
					3CFAE6D51CA8440400CD946B = {
						CreatedOnToolsVersion = 7.3;
						DevelopmentTeam = WCW84NC7Y8;
					};
				};
			};
			buildConfigurationList = 3CFAE6D11CA8440400CD946B /* Build configuration list for PBXProject "Cert Inspector" */;
			compatibilityVersion = "Xcode 3.2";
			developmentRegion = English;
			hasScannedForEncodings = 0;
			knownRegions = (
				en,
				Base,
			);
			mainGroup = 3CFAE6CD1CA8440400CD946B;
			productRefGroup = 3CFAE6D71CA8440400CD946B /* Products */;
			projectDirPath = "";
			projectRoot = "";
			targets = (
				3CFAE6D51CA8440400CD946B /* Cert Inspector */,
				3C43EF811D7A987F00AE65E9 /* Inspect Website */,
				3C0937301D84C94C002DF50B /* CHCertificate */,
			);
		};
/* End PBXProject section */

/* Begin PBXResourcesBuildPhase section */
		3C09372F1D84C94C002DF50B /* Resources */ = {
			isa = PBXResourcesBuildPhase;
			buildActionMask = 2147483647;
			files = (
			);
			runOnlyForDeploymentPostprocessing = 0;
		};
		3C43EF801D7A987F00AE65E9 /* Resources */ = {
			isa = PBXResourcesBuildPhase;
			buildActionMask = 2147483647;
			files = (
				3C3104F11D83C5340093909E /* Main.storyboard in Resources */,
				3C3104EE1D83C4A40093909E /* Launch Screen.storyboard in Resources */,
				3C3104F01D83C4C30093909E /* Extension.storyboard in Resources */,
				3C3104ED1D83C3D20093909E /* Localizable.strings in Resources */,
				3CEAA5071D83CCD10011A706 /* Assets.xcassets in Resources */,
			);
			runOnlyForDeploymentPostprocessing = 0;
		};
		3CFAE6D41CA8440400CD946B /* Resources */ = {
			isa = PBXResourcesBuildPhase;
			buildActionMask = 2147483647;
			files = (
				3C39D7531CAC98EB007E07BC /* Localizable.strings in Resources */,
				3CFAE6E61CA8440400CD946B /* Assets.xcassets in Resources */,
				3C5D129E1D05287F004B6E12 /* Launch Screen.storyboard in Resources */,
				3CFAE6E41CA8440400CD946B /* Main.storyboard in Resources */,
			);
			runOnlyForDeploymentPostprocessing = 0;
		};
/* End PBXResourcesBuildPhase section */

/* Begin PBXShellScriptBuildPhase section */
		37D5863E4196A4DE358FCB9B /* [CP] Copy Pods Resources */ = {
			isa = PBXShellScriptBuildPhase;
			buildActionMask = 2147483647;
			files = (
			);
			inputPaths = (
			);
			name = "[CP] Copy Pods Resources";
			outputPaths = (
			);
			runOnlyForDeploymentPostprocessing = 0;
			shellPath = /bin/sh;
			shellScript = "\"${SRCROOT}/Pods/Target Support Files/Pods-Cert Inspector/Pods-Cert Inspector-resources.sh\"\n";
			showEnvVarsInLog = 0;
		};
		388E73A1B996C27980A60B12 /* [CP] Copy Pods Resources */ = {
			isa = PBXShellScriptBuildPhase;
			buildActionMask = 2147483647;
			files = (
			);
			inputPaths = (
			);
			name = "[CP] Copy Pods Resources";
			outputPaths = (
			);
			runOnlyForDeploymentPostprocessing = 0;
			shellPath = /bin/sh;
			shellScript = "\"${SRCROOT}/Pods/Target Support Files/Pods-Inspect Website/Pods-Inspect Website-resources.sh\"\n";
			showEnvVarsInLog = 0;
		};
		4A9EC185537643A1CE5E6B7D /* [CP] Embed Pods Frameworks */ = {
			isa = PBXShellScriptBuildPhase;
			buildActionMask = 2147483647;
			files = (
			);
			inputPaths = (
			);
			name = "[CP] Embed Pods Frameworks";
			outputPaths = (
			);
			runOnlyForDeploymentPostprocessing = 0;
			shellPath = /bin/sh;
			shellScript = "\"${SRCROOT}/Pods/Target Support Files/Pods-Inspect Website/Pods-Inspect Website-frameworks.sh\"\n";
			showEnvVarsInLog = 0;
		};
		4F872D8CF143697ECE0A81EB /* [CP] Check Pods Manifest.lock */ = {
			isa = PBXShellScriptBuildPhase;
			buildActionMask = 2147483647;
			files = (
			);
			inputPaths = (
			);
			name = "[CP] Check Pods Manifest.lock";
			outputPaths = (
			);
			runOnlyForDeploymentPostprocessing = 0;
			shellPath = /bin/sh;
			shellScript = "diff \"${PODS_ROOT}/../Podfile.lock\" \"${PODS_ROOT}/Manifest.lock\" > /dev/null\nif [[ $? != 0 ]] ; then\n    cat << EOM\nerror: The sandbox is not in sync with the Podfile.lock. Run 'pod install' or update your CocoaPods installation.\nEOM\n    exit 1\nfi\n";
			showEnvVarsInLog = 0;
		};
		675F85108306FC60C902650E /* [CP] Embed Pods Frameworks */ = {
			isa = PBXShellScriptBuildPhase;
			buildActionMask = 2147483647;
			files = (
			);
			inputPaths = (
			);
			name = "[CP] Embed Pods Frameworks";
			outputPaths = (
			);
			runOnlyForDeploymentPostprocessing = 0;
			shellPath = /bin/sh;
			shellScript = "\"${SRCROOT}/Pods/Target Support Files/Pods-Cert Inspector/Pods-Cert Inspector-frameworks.sh\"\n";
			showEnvVarsInLog = 0;
		};
		695C3D8DDD53AC9D112592B9 /* [CP] Check Pods Manifest.lock */ = {
			isa = PBXShellScriptBuildPhase;
			buildActionMask = 2147483647;
			files = (
			);
			inputPaths = (
			);
			name = "[CP] Check Pods Manifest.lock";
			outputPaths = (
			);
			runOnlyForDeploymentPostprocessing = 0;
			shellPath = /bin/sh;
			shellScript = "diff \"${PODS_ROOT}/../Podfile.lock\" \"${PODS_ROOT}/Manifest.lock\" > /dev/null\nif [[ $? != 0 ]] ; then\n    cat << EOM\nerror: The sandbox is not in sync with the Podfile.lock. Run 'pod install' or update your CocoaPods installation.\nEOM\n    exit 1\nfi\n";
			showEnvVarsInLog = 0;
		};
		985075AA37DF7E714BF16752 /* [CP] Copy Pods Resources */ = {
			isa = PBXShellScriptBuildPhase;
			buildActionMask = 2147483647;
			files = (
			);
			inputPaths = (
			);
			name = "[CP] Copy Pods Resources";
			outputPaths = (
			);
			runOnlyForDeploymentPostprocessing = 0;
			shellPath = /bin/sh;
			shellScript = "\"${SRCROOT}/Pods/Target Support Files/Pods-CHCertificate/Pods-CHCertificate-resources.sh\"\n";
			showEnvVarsInLog = 0;
		};
		DD4DB29254EC767D6EC2064D /* [CP] Check Pods Manifest.lock */ = {
			isa = PBXShellScriptBuildPhase;
			buildActionMask = 2147483647;
			files = (
			);
			inputPaths = (
			);
			name = "[CP] Check Pods Manifest.lock";
			outputPaths = (
			);
			runOnlyForDeploymentPostprocessing = 0;
			shellPath = /bin/sh;
			shellScript = "diff \"${PODS_ROOT}/../Podfile.lock\" \"${PODS_ROOT}/Manifest.lock\" > /dev/null\nif [[ $? != 0 ]] ; then\n    cat << EOM\nerror: The sandbox is not in sync with the Podfile.lock. Run 'pod install' or update your CocoaPods installation.\nEOM\n    exit 1\nfi\n";
			showEnvVarsInLog = 0;
		};
/* End PBXShellScriptBuildPhase section */

/* Begin PBXSourcesBuildPhase section */
		3C09372C1D84C94C002DF50B /* Sources */ = {
			isa = PBXSourcesBuildPhase;
			buildActionMask = 2147483647;
			files = (
				3C09373F1D84C99E002DF50B /* CHCertificate.m in Sources */,
			);
			runOnlyForDeploymentPostprocessing = 0;
		};
		3C43EF7E1D7A987F00AE65E9 /* Sources */ = {
			isa = PBXSourcesBuildPhase;
			buildActionMask = 2147483647;
			files = (
				3CEAA5021D83C8180011A706 /* ValueViewController.m in Sources */,
				3CEAA5031D83C8180011A706 /* InspectorTableViewController.m in Sources */,
				3C3104E91D83C02E0093909E /* CertificateListTableViewController.m in Sources */,
				3C7C950A1D7AA07100902E18 /* ActionTipTarget.m in Sources */,
				3C7C95061D7A9F4100902E18 /* UIHelper.m in Sources */,
				3C3104F41D83C5C70093909E /* InitialViewController.m in Sources */,
			);
			runOnlyForDeploymentPostprocessing = 0;
		};
		3CFAE6D21CA8440400CD946B /* Sources */ = {
			isa = PBXSourcesBuildPhase;
			buildActionMask = 2147483647;
			files = (
				3C5D12A11D0531BD004B6E12 /* AboutViewController.m in Sources */,
				3CFAE6DE1CA8440400CD946B /* AppDelegate.m in Sources */,
				3C7C95091D7AA03500902E18 /* ActionTipTarget.m in Sources */,
				3CF29A071D2CBC9C00FD9603 /* RecentDomains.m in Sources */,
				3CFAE6F21CA8463900CD946B /* InputTableViewController.m in Sources */,
				3C44D5C11D053B1700799383 /* TrustedFingerprints.m in Sources */,
				3CFAE6DB1CA8440400CD946B /* main.m in Sources */,
				3C04EE621CB4AE5800F56B68 /* ValueViewController.m in Sources */,
				3CFAE6F61CA8466300CD946B /* InspectorTableViewController.m in Sources */,
				3C04EE5F1CB4A23900F56B68 /* UIHelper.m in Sources */,
				3C5FA7C21CA852DF00C79D2B /* CertificateListTableViewController.m in Sources */,
			);
			runOnlyForDeploymentPostprocessing = 0;
		};
/* End PBXSourcesBuildPhase section */

/* Begin PBXTargetDependency section */
		3C0937371D84C94C002DF50B /* PBXTargetDependency */ = {
			isa = PBXTargetDependency;
			target = 3C0937301D84C94C002DF50B /* CHCertificate */;
			targetProxy = 3C0937361D84C94C002DF50B /* PBXContainerItemProxy */;
		};
		3C43EF8C1D7A987F00AE65E9 /* PBXTargetDependency */ = {
			isa = PBXTargetDependency;
			target = 3C43EF811D7A987F00AE65E9 /* Inspect Website */;
			targetProxy = 3C43EF8B1D7A987F00AE65E9 /* PBXContainerItemProxy */;
		};
/* End PBXTargetDependency section */

/* Begin PBXVariantGroup section */
		3C39D7551CAC98EB007E07BC /* Localizable.strings */ = {
			isa = PBXVariantGroup;
			children = (
				3C39D7541CAC98EB007E07BC /* en */,
			);
			name = Localizable.strings;
			sourceTree = "<group>";
		};
		3CFAE6E21CA8440400CD946B /* Main.storyboard */ = {
			isa = PBXVariantGroup;
			children = (
				3CFAE6E31CA8440400CD946B /* Base */,
				3C04EE651CB4BB1600F56B68 /* en */,
			);
			name = Main.storyboard;
			sourceTree = "<group>";
		};
/* End PBXVariantGroup section */

/* Begin XCBuildConfiguration section */
		3C09373B1D84C94D002DF50B /* Debug */ = {
			isa = XCBuildConfiguration;
			baseConfigurationReference = 794AA7DD74040FB12A3CBF0A /* Pods-CHCertificate.debug.xcconfig */;
			buildSettings = {
				APPLICATION_EXTENSION_API_ONLY = YES;
				CLANG_WARN_DOCUMENTATION_COMMENTS = YES;
				CLANG_WARN_SUSPICIOUS_MOVES = YES;
				CODE_SIGN_IDENTITY = "iPhone Developer";
				"CODE_SIGN_IDENTITY[sdk=iphoneos*]" = "iPhone Developer";
				CURRENT_PROJECT_VERSION = 1;
				DEFINES_MODULE = YES;
				DEVELOPMENT_TEAM = WCW84NC7Y8;
				DYLIB_COMPATIBILITY_VERSION = 1;
				DYLIB_CURRENT_VERSION = 1;
				DYLIB_INSTALL_NAME_BASE = "@rpath";
				INFOPLIST_FILE = CHCertificate/Info.plist;
				INSTALL_PATH = "$(LOCAL_LIBRARY_DIR)/Frameworks";
				IPHONEOS_DEPLOYMENT_TARGET = 9.3;
				LD_RUNPATH_SEARCH_PATHS = "$(inherited) @executable_path/Frameworks @loader_path/Frameworks";
				PRODUCT_BUNDLE_IDENTIFIER = com.ecnepsnai.CHCertificate;
				PRODUCT_NAME = "$(TARGET_NAME)";
				SKIP_INSTALL = YES;
				TARGETED_DEVICE_FAMILY = "1,2";
				VERSIONING_SYSTEM = "apple-generic";
				VERSION_INFO_PREFIX = "";
			};
			name = Debug;
		};
		3C09373C1D84C94D002DF50B /* Release */ = {
			isa = XCBuildConfiguration;
			baseConfigurationReference = BC3E62E0AA001B1545EE1677 /* Pods-CHCertificate.release.xcconfig */;
			buildSettings = {
				APPLICATION_EXTENSION_API_ONLY = YES;
				CLANG_WARN_DOCUMENTATION_COMMENTS = YES;
				CLANG_WARN_SUSPICIOUS_MOVES = YES;
				CODE_SIGN_IDENTITY = "iPhone Developer";
				CURRENT_PROJECT_VERSION = 1;
				DEFINES_MODULE = YES;
				DEVELOPMENT_TEAM = WCW84NC7Y8;
				DYLIB_COMPATIBILITY_VERSION = 1;
				DYLIB_CURRENT_VERSION = 1;
				DYLIB_INSTALL_NAME_BASE = "@rpath";
				INFOPLIST_FILE = CHCertificate/Info.plist;
				INSTALL_PATH = "$(LOCAL_LIBRARY_DIR)/Frameworks";
				IPHONEOS_DEPLOYMENT_TARGET = 9.3;
				LD_RUNPATH_SEARCH_PATHS = "$(inherited) @executable_path/Frameworks @loader_path/Frameworks";
				PRODUCT_BUNDLE_IDENTIFIER = com.ecnepsnai.CHCertificate;
				PRODUCT_NAME = "$(TARGET_NAME)";
				SKIP_INSTALL = YES;
				TARGETED_DEVICE_FAMILY = "1,2";
				VERSIONING_SYSTEM = "apple-generic";
				VERSION_INFO_PREFIX = "";
			};
			name = Release;
		};
		3C43EF8E1D7A987F00AE65E9 /* Debug */ = {
			isa = XCBuildConfiguration;
			baseConfigurationReference = AA184A51F1AA1ACB66D3C30D /* Pods-Inspect Website.debug.xcconfig */;
			buildSettings = {
				ASSETCATALOG_COMPILER_APPICON_NAME = AppIcon;
				CLANG_WARN_DOCUMENTATION_COMMENTS = YES;
				CLANG_WARN_SUSPICIOUS_MOVES = YES;
				CODE_SIGN_IDENTITY = "iPhone Developer";
				DEVELOPMENT_TEAM = WCW84NC7Y8;
				GCC_PRECOMPILE_PREFIX_HEADER = YES;
				GCC_PREFIX_HEADER = "$(SRCROOT)/Inspect Website/InspectWebsite_PrefixHeader.pch";
				INFOPLIST_FILE = "Inspect Website/Info.plist";
				IPHONEOS_DEPLOYMENT_TARGET = 9.3;
				LD_RUNPATH_SEARCH_PATHS = "$(inherited) @executable_path/Frameworks @executable_path/../../Frameworks";
				OTHER_CFLAGS = (
					"$(inherited)",
					"-isystem",
					"\"${PODS_ROOT}/Headers/Public\"",
					"-isystem",
					"\"${PODS_ROOT}/Headers/Public/OpenSSL-Universal\"",
					"-DEXTENSION",
				);
				PRODUCT_BUNDLE_IDENTIFIER = "com.ecnepsnai.Certificate-Inspector.Inspect-Website";
				PRODUCT_NAME = "$(TARGET_NAME)";
				SKIP_INSTALL = YES;
				TARGETED_DEVICE_FAMILY = "1,2";
			};
			name = Debug;
		};
		3C43EF8F1D7A987F00AE65E9 /* Release */ = {
			isa = XCBuildConfiguration;
			baseConfigurationReference = 4BA4FBE93AAFDB4CE786A330 /* Pods-Inspect Website.release.xcconfig */;
			buildSettings = {
				ASSETCATALOG_COMPILER_APPICON_NAME = AppIcon;
				CLANG_WARN_DOCUMENTATION_COMMENTS = YES;
				CLANG_WARN_SUSPICIOUS_MOVES = YES;
				CODE_SIGN_IDENTITY = "iPhone Developer";
				DEVELOPMENT_TEAM = WCW84NC7Y8;
				GCC_PRECOMPILE_PREFIX_HEADER = YES;
				GCC_PREFIX_HEADER = "$(SRCROOT)/Inspect Website/InspectWebsite_PrefixHeader.pch";
				INFOPLIST_FILE = "Inspect Website/Info.plist";
				IPHONEOS_DEPLOYMENT_TARGET = 9.3;
				LD_RUNPATH_SEARCH_PATHS = "$(inherited) @executable_path/Frameworks @executable_path/../../Frameworks";
				OTHER_CFLAGS = (
					"$(inherited)",
					"-isystem",
					"\"${PODS_ROOT}/Headers/Public\"",
					"-isystem",
					"\"${PODS_ROOT}/Headers/Public/OpenSSL-Universal\"",
					"-DEXTENSION",
				);
				PRODUCT_BUNDLE_IDENTIFIER = "com.ecnepsnai.Certificate-Inspector.Inspect-Website";
				PRODUCT_NAME = "$(TARGET_NAME)";
				SKIP_INSTALL = YES;
				TARGETED_DEVICE_FAMILY = "1,2";
			};
			name = Release;
		};
		3CFAE6EB1CA8440400CD946B /* Debug */ = {
			isa = XCBuildConfiguration;
			buildSettings = {
				ALWAYS_SEARCH_USER_PATHS = NO;
				CLANG_ANALYZER_NONNULL = YES;
				CLANG_CXX_LANGUAGE_STANDARD = "gnu++0x";
				CLANG_CXX_LIBRARY = "libc++";
				CLANG_ENABLE_MODULES = YES;
				CLANG_ENABLE_OBJC_ARC = YES;
				CLANG_WARN_BOOL_CONVERSION = YES;
				CLANG_WARN_CONSTANT_CONVERSION = YES;
				CLANG_WARN_DIRECT_OBJC_ISA_USAGE = YES_ERROR;
				CLANG_WARN_EMPTY_BODY = YES;
				CLANG_WARN_ENUM_CONVERSION = YES;
				CLANG_WARN_INFINITE_RECURSION = YES;
				CLANG_WARN_INT_CONVERSION = YES;
				CLANG_WARN_OBJC_ROOT_CLASS = YES_ERROR;
				CLANG_WARN_SUSPICIOUS_MOVE = YES;
				CLANG_WARN_UNREACHABLE_CODE = YES;
				CLANG_WARN__DUPLICATE_METHOD_MATCH = YES;
				"CODE_SIGN_IDENTITY[sdk=iphoneos*]" = "iPhone Developer";
				COPY_PHASE_STRIP = NO;
				DEBUG_INFORMATION_FORMAT = dwarf;
				ENABLE_STRICT_OBJC_MSGSEND = YES;
				ENABLE_TESTABILITY = YES;
				GCC_C_LANGUAGE_STANDARD = gnu99;
				GCC_DYNAMIC_NO_PIC = NO;
				GCC_NO_COMMON_BLOCKS = YES;
				GCC_OPTIMIZATION_LEVEL = 0;
				GCC_PREPROCESSOR_DEFINITIONS = (
					"DEBUG=1",
					"$(inherited)",
				);
				GCC_WARN_64_TO_32_BIT_CONVERSION = YES;
				GCC_WARN_ABOUT_RETURN_TYPE = YES_ERROR;
				GCC_WARN_UNDECLARED_SELECTOR = YES;
				GCC_WARN_UNINITIALIZED_AUTOS = YES_AGGRESSIVE;
				GCC_WARN_UNUSED_FUNCTION = YES;
				GCC_WARN_UNUSED_VARIABLE = YES;
				IPHONEOS_DEPLOYMENT_TARGET = 9.3;
				MTL_ENABLE_DEBUG_INFO = YES;
				ONLY_ACTIVE_ARCH = YES;
				SDKROOT = iphoneos;
			};
			name = Debug;
		};
		3CFAE6EC1CA8440400CD946B /* Release */ = {
			isa = XCBuildConfiguration;
			buildSettings = {
				ALWAYS_SEARCH_USER_PATHS = NO;
				CLANG_ANALYZER_NONNULL = YES;
				CLANG_CXX_LANGUAGE_STANDARD = "gnu++0x";
				CLANG_CXX_LIBRARY = "libc++";
				CLANG_ENABLE_MODULES = YES;
				CLANG_ENABLE_OBJC_ARC = YES;
				CLANG_WARN_BOOL_CONVERSION = YES;
				CLANG_WARN_CONSTANT_CONVERSION = YES;
				CLANG_WARN_DIRECT_OBJC_ISA_USAGE = YES_ERROR;
				CLANG_WARN_EMPTY_BODY = YES;
				CLANG_WARN_ENUM_CONVERSION = YES;
				CLANG_WARN_INFINITE_RECURSION = YES;
				CLANG_WARN_INT_CONVERSION = YES;
				CLANG_WARN_OBJC_ROOT_CLASS = YES_ERROR;
				CLANG_WARN_SUSPICIOUS_MOVE = YES;
				CLANG_WARN_UNREACHABLE_CODE = YES;
				CLANG_WARN__DUPLICATE_METHOD_MATCH = YES;
				"CODE_SIGN_IDENTITY[sdk=iphoneos*]" = "iPhone Developer";
				COPY_PHASE_STRIP = NO;
				DEBUG_INFORMATION_FORMAT = "dwarf-with-dsym";
				ENABLE_NS_ASSERTIONS = NO;
				ENABLE_STRICT_OBJC_MSGSEND = YES;
				GCC_C_LANGUAGE_STANDARD = gnu99;
				GCC_NO_COMMON_BLOCKS = YES;
				GCC_WARN_64_TO_32_BIT_CONVERSION = YES;
				GCC_WARN_ABOUT_RETURN_TYPE = YES_ERROR;
				GCC_WARN_UNDECLARED_SELECTOR = YES;
				GCC_WARN_UNINITIALIZED_AUTOS = YES_AGGRESSIVE;
				GCC_WARN_UNUSED_FUNCTION = YES;
				GCC_WARN_UNUSED_VARIABLE = YES;
				IPHONEOS_DEPLOYMENT_TARGET = 9.3;
				MTL_ENABLE_DEBUG_INFO = NO;
				SDKROOT = iphoneos;
				VALIDATE_PRODUCT = YES;
			};
			name = Release;
		};
		3CFAE6EE1CA8440400CD946B /* Debug */ = {
			isa = XCBuildConfiguration;
			baseConfigurationReference = 507199DDF4AEB7E9BB1DDB97 /* Pods-Cert Inspector.debug.xcconfig */;
			buildSettings = {
				ASSETCATALOG_COMPILER_APPICON_NAME = AppIcon;
				ASSETCATALOG_COMPILER_LAUNCHIMAGE_NAME = LaunchImage;
				CODE_SIGN_IDENTITY = "iPhone Developer";
				GCC_PREFIX_HEADER = "Certificate Inspector/PrefixHeader.pch";
				INFOPLIST_FILE = "Certificate Inspector/Info.plist";
				IPHONEOS_DEPLOYMENT_TARGET = 9.3;
				LD_RUNPATH_SEARCH_PATHS = "$(inherited) @executable_path/Frameworks";
				OTHER_CFLAGS = (
					"$(inherited)",
					"-iquote",
					"\"$PODS_CONFIGURATION_BUILD_DIR/SSKeychain/SSKeychain.framework/Headers\"",
					"-isystem",
					"\"${PODS_ROOT}/Headers/Public\"",
					"-isystem",
					"\"${PODS_ROOT}/Headers/Public/OpenSSL-Universal\"",
					"-DMAIN_APP",
				);
				PRODUCT_BUNDLE_IDENTIFIER = "com.ecnepsnai.Certificate-Inspector";
				PRODUCT_NAME = "Cert Inspector";
				TARGETED_DEVICE_FAMILY = "1,2";
			};
			name = Debug;
		};
		3CFAE6EF1CA8440400CD946B /* Release */ = {
			isa = XCBuildConfiguration;
			baseConfigurationReference = FFC84F9E96D4B63DCDA28497 /* Pods-Cert Inspector.release.xcconfig */;
			buildSettings = {
				ASSETCATALOG_COMPILER_APPICON_NAME = AppIcon;
				ASSETCATALOG_COMPILER_LAUNCHIMAGE_NAME = LaunchImage;
				CODE_SIGN_IDENTITY = "iPhone Developer";
				GCC_OPTIMIZATION_LEVEL = fast;
				GCC_PREFIX_HEADER = "Certificate Inspector/PrefixHeader.pch";
				INFOPLIST_FILE = "Certificate Inspector/Info.plist";
				IPHONEOS_DEPLOYMENT_TARGET = 9.3;
				LD_RUNPATH_SEARCH_PATHS = "$(inherited) @executable_path/Frameworks";
				OTHER_CFLAGS = (
					"$(inherited)",
					"-iquote",
					"\"$PODS_CONFIGURATION_BUILD_DIR/SSKeychain/SSKeychain.framework/Headers\"",
					"-isystem",
					"\"${PODS_ROOT}/Headers/Public\"",
					"-isystem",
					"\"${PODS_ROOT}/Headers/Public/OpenSSL-Universal\"",
					"-DMAIN_APP",
				);
				PRODUCT_BUNDLE_IDENTIFIER = "com.ecnepsnai.Certificate-Inspector";
				PRODUCT_NAME = "Cert Inspector";
				TARGETED_DEVICE_FAMILY = "1,2";
			};
			name = Release;
		};
/* End XCBuildConfiguration section */

/* Begin XCConfigurationList section */
		3C09373A1D84C94D002DF50B /* Build configuration list for PBXNativeTarget "CHCertificate" */ = {
			isa = XCConfigurationList;
			buildConfigurations = (
				3C09373B1D84C94D002DF50B /* Debug */,
				3C09373C1D84C94D002DF50B /* Release */,
			);
			defaultConfigurationIsVisible = 0;
			defaultConfigurationName = Release;
		};
		3C43EF901D7A987F00AE65E9 /* Build configuration list for PBXNativeTarget "Inspect Website" */ = {
			isa = XCConfigurationList;
			buildConfigurations = (
				3C43EF8E1D7A987F00AE65E9 /* Debug */,
				3C43EF8F1D7A987F00AE65E9 /* Release */,
			);
			defaultConfigurationIsVisible = 0;
			defaultConfigurationName = Release;
		};
		3CFAE6D11CA8440400CD946B /* Build configuration list for PBXProject "Cert Inspector" */ = {
			isa = XCConfigurationList;
			buildConfigurations = (
				3CFAE6EB1CA8440400CD946B /* Debug */,
				3CFAE6EC1CA8440400CD946B /* Release */,
			);
			defaultConfigurationIsVisible = 0;
			defaultConfigurationName = Release;
		};
		3CFAE6ED1CA8440400CD946B /* Build configuration list for PBXNativeTarget "Cert Inspector" */ = {
			isa = XCConfigurationList;
			buildConfigurations = (
				3CFAE6EE1CA8440400CD946B /* Debug */,
				3CFAE6EF1CA8440400CD946B /* Release */,
			);
			defaultConfigurationIsVisible = 0;
			defaultConfigurationName = Release;
		};
/* End XCConfigurationList section */
	};
	rootObject = 3CFAE6CE1CA8440400CD946B /* Project object */;
}
